
Microsoft Visual Studio Solution File, Format Version 12.00
# Visual Studio Version 16
VisualStudioVersion = 16.0.29326.143
MinimumVisualStudioVersion = 10.0.40219.1
Project("{FAE04EC0-301F-11D3-BF4B-00C04F79EFBC}") = "StackNavigation.UWP", "StackNavigation\StackNavigation.UWP\StackNavigation.UWP.csproj", "{BB5CC89F-04C4-4646-84CE-C39C3C5F9034}"
EndProject
Project("{FAE04EC0-301F-11D3-BF4B-00C04F79EFBC}") = "StackNavigation.Android", "StackNavigation\StackNavigation.Android\StackNavigation.Android.csproj", "{9C79F329-0866-40D6-BC4D-048907F172A9}"
EndProject
Project("{FAE04EC0-301F-11D3-BF4B-00C04F79EFBC}") = "StackNavigation.iOS", "StackNavigation\StackNavigation.iOS\StackNavigation.iOS.csproj", "{7650C23B-2698-4E78-90ED-0DD1BF064518}"
EndProject
Project("{FAE04EC0-301F-11D3-BF4B-00C04F79EFBC}") = "StackNavigation", "StackNavigation\StackNavigation\StackNavigation.csproj", "{518150A6-E1DF-48AC-BCEC-6FEEDA850F11}"
EndProject
Global
	GlobalSection(SolutionConfigurationPlatforms) = preSolution
		Debug|Any CPU = Debug|Any CPU
		Debug|ARM = Debug|ARM
		Debug|iPhone = Debug|iPhone
		Debug|iPhoneSimulator = Debug|iPhoneSimulator
		Debug|x64 = Debug|x64
		Debug|x86 = Debug|x86
		Release|Any CPU = Release|Any CPU
		Release|ARM = Release|ARM
		Release|iPhone = Release|iPhone
		Release|iPhoneSimulator = Release|iPhoneSimulator
		Release|x64 = Release|x64
		Release|x86 = Release|x86
	EndGlobalSection
	GlobalSection(ProjectConfigurationPlatforms) = postSolution
		{BB5CC89F-04C4-4646-84CE-C39C3C5F9034}.Debug|Any CPU.ActiveCfg = Debug|x86
		{BB5CC89F-04C4-4646-84CE-C39C3C5F9034}.Debug|Any CPU.Build.0 = Debug|x86
		{BB5CC89F-04C4-4646-84CE-C39C3C5F9034}.Debug|Any CPU.Deploy.0 = Debug|x86
		{BB5CC89F-04C4-4646-84CE-C39C3C5F9034}.Debug|ARM.ActiveCfg = Debug|ARM
		{BB5CC89F-04C4-4646-84CE-C39C3C5F9034}.Debug|ARM.Build.0 = Debug|ARM
		{BB5CC89F-04C4-4646-84CE-C39C3C5F9034}.Debug|ARM.Deploy.0 = Debug|ARM
		{BB5CC89F-04C4-4646-84CE-C39C3C5F9034}.Debug|iPhone.ActiveCfg = Debug|x86
		{BB5CC89F-04C4-4646-84CE-C39C3C5F9034}.Debug|iPhone.Build.0 = Debug|x86
		{BB5CC89F-04C4-4646-84CE-C39C3C5F9034}.Debug|iPhone.Deploy.0 = Debug|x86
		{BB5CC89F-04C4-4646-84CE-C39C3C5F9034}.Debug|iPhoneSimulator.ActiveCfg = Debug|x86
		{BB5CC89F-04C4-4646-84CE-C39C3C5F9034}.Debug|iPhoneSimulator.Build.0 = Debug|x86
		{BB5CC89F-04C4-4646-84CE-C39C3C5F9034}.Debug|iPhoneSimulator.Deploy.0 = Debug|x86
		{BB5CC89F-04C4-4646-84CE-C39C3C5F9034}.Debug|x64.ActiveCfg = Debug|x64
		{BB5CC89F-04C4-4646-84CE-C39C3C5F9034}.Debug|x64.Build.0 = Debug|x64
		{BB5CC89F-04C4-4646-84CE-C39C3C5F9034}.Debug|x64.Deploy.0 = Debug|x64
		{BB5CC89F-04C4-4646-84CE-C39C3C5F9034}.Debug|x86.ActiveCfg = Debug|x86
		{BB5CC89F-04C4-4646-84CE-C39C3C5F9034}.Debug|x86.Build.0 = Debug|x86
		{BB5CC89F-04C4-4646-84CE-C39C3C5F9034}.Debug|x86.Deploy.0 = Debug|x86
		{BB5CC89F-04C4-4646-84CE-C39C3C5F9034}.Release|Any CPU.ActiveCfg = Release|x86
		{BB5CC89F-04C4-4646-84CE-C39C3C5F9034}.Release|Any CPU.Build.0 = Release|x86
		{BB5CC89F-04C4-4646-84CE-C39C3C5F9034}.Release|Any CPU.Deploy.0 = Release|x86
		{BB5CC89F-04C4-4646-84CE-C39C3C5F9034}.Release|ARM.ActiveCfg = Release|ARM
		{BB5CC89F-04C4-4646-84CE-C39C3C5F9034}.Release|ARM.Build.0 = Release|ARM
		{BB5CC89F-04C4-4646-84CE-C39C3C5F9034}.Release|ARM.Deploy.0 = Release|ARM
		{BB5CC89F-04C4-4646-84CE-C39C3C5F9034}.Release|iPhone.ActiveCfg = Release|x86
		{BB5CC89F-04C4-4646-84CE-C39C3C5F9034}.Release|iPhone.Build.0 = Release|x86
		{BB5CC89F-04C4-4646-84CE-C39C3C5F9034}.Release|iPhone.Deploy.0 = Release|x86
		{BB5CC89F-04C4-4646-84CE-C39C3C5F9034}.Release|iPhoneSimulator.ActiveCfg = Release|x86
		{BB5CC89F-04C4-4646-84CE-C39C3C5F9034}.Release|iPhoneSimulator.Build.0 = Release|x86
		{BB5CC89F-04C4-4646-84CE-C39C3C5F9034}.Release|iPhoneSimulator.Deploy.0 = Release|x86
		{BB5CC89F-04C4-4646-84CE-C39C3C5F9034}.Release|x64.ActiveCfg = Release|x64
		{BB5CC89F-04C4-4646-84CE-C39C3C5F9034}.Release|x64.Build.0 = Release|x64
		{BB5CC89F-04C4-4646-84CE-C39C3C5F9034}.Release|x64.Deploy.0 = Release|x64
		{BB5CC89F-04C4-4646-84CE-C39C3C5F9034}.Release|x86.ActiveCfg = Release|x86
		{BB5CC89F-04C4-4646-84CE-C39C3C5F9034}.Release|x86.Build.0 = Release|x86
		{BB5CC89F-04C4-4646-84CE-C39C3C5F9034}.Release|x86.Deploy.0 = Release|x86
		{9C79F329-0866-40D6-BC4D-048907F172A9}.Debug|Any CPU.ActiveCfg = Debug|Any CPU
		{9C79F329-0866-40D6-BC4D-048907F172A9}.Debug|Any CPU.Build.0 = Debug|Any CPU
		{9C79F329-0866-40D6-BC4D-048907F172A9}.Debug|Any CPU.Deploy.0 = Debug|Any CPU
		{9C79F329-0866-40D6-BC4D-048907F172A9}.Debug|ARM.ActiveCfg = Debug|Any CPU
		{9C79F329-0866-40D6-BC4D-048907F172A9}.Debug|ARM.Build.0 = Debug|Any CPU
		{9C79F329-0866-40D6-BC4D-048907F172A9}.Debug|ARM.Deploy.0 = Debug|Any CPU
		{9C79F329-0866-40D6-BC4D-048907F172A9}.Debug|iPhone.ActiveCfg = Debug|Any CPU
		{9C79F329-0866-40D6-BC4D-048907F172A9}.Debug|iPhone.Build.0 = Debug|Any CPU
		{9C79F329-0866-40D6-BC4D-048907F172A9}.Debug|iPhone.Deploy.0 = Debug|Any CPU
		{9C79F329-0866-40D6-BC4D-048907F172A9}.Debug|iPhoneSimulator.ActiveCfg = Debug|Any CPU
		{9C79F329-0866-40D6-BC4D-048907F172A9}.Debug|iPhoneSimulator.Build.0 = Debug|Any CPU
		{9C79F329-0866-40D6-BC4D-048907F172A9}.Debug|iPhoneSimulator.Deploy.0 = Debug|Any CPU
		{9C79F329-0866-40D6-BC4D-048907F172A9}.Debug|x64.ActiveCfg = Debug|Any CPU
		{9C79F329-0866-40D6-BC4D-048907F172A9}.Debug|x64.Build.0 = Debug|Any CPU
		{9C79F329-0866-40D6-BC4D-048907F172A9}.Debug|x64.Deploy.0 = Debug|Any CPU
		{9C79F329-0866-40D6-BC4D-048907F172A9}.Debug|x86.ActiveCfg = Debug|Any CPU
		{9C79F329-0866-40D6-BC4D-048907F172A9}.Debug|x86.Build.0 = Debug|Any CPU
		{9C79F329-0866-40D6-BC4D-048907F172A9}.Debug|x86.Deploy.0 = Debug|Any CPU
		{9C79F329-0866-40D6-BC4D-048907F172A9}.Release|Any CPU.ActiveCfg = Release|Any CPU
		{9C79F329-0866-40D6-BC4D-048907F172A9}.Release|Any CPU.Build.0 = Release|Any CPU
		{9C79F329-0866-40D6-BC4D-048907F172A9}.Release|Any CPU.Deploy.0 = Release|Any CPU
		{9C79F329-0866-40D6-BC4D-048907F172A9}.Release|ARM.ActiveCfg = Release|Any CPU
		{9C79F329-0866-40D6-BC4D-048907F172A9}.Release|ARM.Build.0 = Release|Any CPU
		{9C79F329-0866-40D6-BC4D-048907F172A9}.Release|ARM.Deploy.0 = Release|Any CPU
		{9C79F329-0866-40D6-BC4D-048907F172A9}.Release|iPhone.ActiveCfg = Release|Any CPU
		{9C79F329-0866-40D6-BC4D-048907F172A9}.Release|iPhone.Build.0 = Release|Any CPU
		{9C79F329-0866-40D6-BC4D-048907F172A9}.Release|iPhone.Deploy.0 = Release|Any CPU
		{9C79F329-0866-40D6-BC4D-048907F172A9}.Release|iPhoneSimulator.ActiveCfg = Release|Any CPU
		{9C79F329-0866-40D6-BC4D-048907F172A9}.Release|iPhoneSimulator.Build.0 = Release|Any CPU
		{9C79F329-0866-40D6-BC4D-048907F172A9}.Release|iPhoneSimulator.Deploy.0 = Release|Any CPU
		{9C79F329-0866-40D6-BC4D-048907F172A9}.Release|x64.ActiveCfg = Release|Any CPU
		{9C79F329-0866-40D6-BC4D-048907F172A9}.Release|x64.Build.0 = Release|Any CPU
		{9C79F329-0866-40D6-BC4D-048907F172A9}.Release|x64.Deploy.0 = Release|Any CPU
		{9C79F329-0866-40D6-BC4D-048907F172A9}.Release|x86.ActiveCfg = Release|Any CPU
		{9C79F329-0866-40D6-BC4D-048907F172A9}.Release|x86.Build.0 = Release|Any CPU
		{9C79F329-0866-40D6-BC4D-048907F172A9}.Release|x86.Deploy.0 = Release|Any CPU
		{7650C23B-2698-4E78-90ED-0DD1BF064518}.Debug|Any CPU.ActiveCfg = Debug|iPhone
		{7650C23B-2698-4E78-90ED-0DD1BF064518}.Debug|Any CPU.Build.0 = Debug|iPhone
		{7650C23B-2698-4E78-90ED-0DD1BF064518}.Debug|Any CPU.Deploy.0 = Debug|iPhone
		{7650C23B-2698-4E78-90ED-0DD1BF064518}.Debug|ARM.ActiveCfg = Debug|iPhoneSimulator
		{7650C23B-2698-4E78-90ED-0DD1BF064518}.Debug|ARM.Build.0 = Debug|iPhoneSimulator
		{7650C23B-2698-4E78-90ED-0DD1BF064518}.Debug|ARM.Deploy.0 = Debug|iPhoneSimulator
		{7650C23B-2698-4E78-90ED-0DD1BF064518}.Debug|iPhone.ActiveCfg = Debug|iPhone
		{7650C23B-2698-4E78-90ED-0DD1BF064518}.Debug|iPhone.Build.0 = Debug|iPhone
		{7650C23B-2698-4E78-90ED-0DD1BF064518}.Debug|iPhone.Deploy.0 = Debug|iPhone
		{7650C23B-2698-4E78-90ED-0DD1BF064518}.Debug|iPhoneSimulator.ActiveCfg = Debug|iPhoneSimulator
		{7650C23B-2698-4E78-90ED-0DD1BF064518}.Debug|iPhoneSimulator.Build.0 = Debug|iPhoneSimulator
		{7650C23B-2698-4E78-90ED-0DD1BF064518}.Debug|iPhoneSimulator.Deploy.0 = Debug|iPhoneSimulator
		{7650C23B-2698-4E78-90ED-0DD1BF064518}.Debug|x64.ActiveCfg = Debug|iPhone
		{7650C23B-2698-4E78-90ED-0DD1BF064518}.Debug|x64.Build.0 = Debug|iPhone
		{7650C23B-2698-4E78-90ED-0DD1BF064518}.Debug|x64.Deploy.0 = Debug|iPhone
		{7650C23B-2698-4E78-90ED-0DD1BF064518}.Debug|x86.ActiveCfg = Debug|iPhone
		{7650C23B-2698-4E78-90ED-0DD1BF064518}.Debug|x86.Build.0 = Debug|iPhone
		{7650C23B-2698-4E78-90ED-0DD1BF064518}.Debug|x86.Deploy.0 = Debug|iPhone
		{7650C23B-2698-4E78-90ED-0DD1BF064518}.Release|Any CPU.ActiveCfg = Release|iPhone
		{7650C23B-2698-4E78-90ED-0DD1BF064518}.Release|Any CPU.Build.0 = Release|iPhone
		{7650C23B-2698-4E78-90ED-0DD1BF064518}.Release|Any CPU.Deploy.0 = Release|iPhone
		{7650C23B-2698-4E78-90ED-0DD1BF064518}.Release|ARM.ActiveCfg = Release|iPhone
		{7650C23B-2698-4E78-90ED-0DD1BF064518}.Release|ARM.Build.0 = Release|iPhone
		{7650C23B-2698-4E78-90ED-0DD1BF064518}.Release|ARM.Deploy.0 = Release|iPhone
		{7650C23B-2698-4E78-90ED-0DD1BF064518}.Release|iPhone.ActiveCfg = Release|iPhone
		{7650C23B-2698-4E78-90ED-0DD1BF064518}.Release|iPhone.Build.0 = Release|iPhone
		{7650C23B-2698-4E78-90ED-0DD1BF064518}.Release|iPhone.Deploy.0 = Release|iPhone
		{7650C23B-2698-4E78-90ED-0DD1BF064518}.Release|iPhoneSimulator.ActiveCfg = Release|iPhoneSimulator
		{7650C23B-2698-4E78-90ED-0DD1BF064518}.Release|iPhoneSimulator.Build.0 = Release|iPhoneSimulator
		{7650C23B-2698-4E78-90ED-0DD1BF064518}.Release|iPhoneSimulator.Deploy.0 = Release|iPhoneSimulator
		{7650C23B-2698-4E78-90ED-0DD1BF064518}.Release|x64.ActiveCfg = Release|iPhone
		{7650C23B-2698-4E78-90ED-0DD1BF064518}.Release|x64.Build.0 = Release|iPhone
		{7650C23B-2698-4E78-90ED-0DD1BF064518}.Release|x64.Deploy.0 = Release|iPhone
		{7650C23B-2698-4E78-90ED-0DD1BF064518}.Release|x86.ActiveCfg = Release|iPhone
		{7650C23B-2698-4E78-90ED-0DD1BF064518}.Release|x86.Build.0 = Release|iPhone
		{7650C23B-2698-4E78-90ED-0DD1BF064518}.Release|x86.Deploy.0 = Release|iPhone
		{518150A6-E1DF-48AC-BCEC-6FEEDA850F11}.Debug|Any CPU.ActiveCfg = Debug|Any CPU
		{518150A6-E1DF-48AC-BCEC-6FEEDA850F11}.Debug|Any CPU.Build.0 = Debug|Any CPU
		{518150A6-E1DF-48AC-BCEC-6FEEDA850F11}.Debug|Any CPU.Deploy.0 = Debug|Any CPU
		{518150A6-E1DF-48AC-BCEC-6FEEDA850F11}.Debug|ARM.ActiveCfg = Debug|Any CPU
		{518150A6-E1DF-48AC-BCEC-6FEEDA850F11}.Debug|ARM.Build.0 = Debug|Any CPU
		{518150A6-E1DF-48AC-BCEC-6FEEDA850F11}.Debug|ARM.Deploy.0 = Debug|Any CPU
		{518150A6-E1DF-48AC-BCEC-6FEEDA850F11}.Debug|iPhone.ActiveCfg = Debug|Any CPU
		{518150A6-E1DF-48AC-BCEC-6FEEDA850F11}.Debug|iPhone.Build.0 = Debug|Any CPU
		{518150A6-E1DF-48AC-BCEC-6FEEDA850F11}.Debug|iPhone.Deploy.0 = Debug|Any CPU
		{518150A6-E1DF-48AC-BCEC-6FEEDA850F11}.Debug|iPhoneSimulator.ActiveCfg = Debug|Any CPU
		{518150A6-E1DF-48AC-BCEC-6FEEDA850F11}.Debug|iPhoneSimulator.Build.0 = Debug|Any CPU
		{518150A6-E1DF-48AC-BCEC-6FEEDA850F11}.Debug|iPhoneSimulator.Deploy.0 = Debug|Any CPU
		{518150A6-E1DF-48AC-BCEC-6FEEDA850F11}.Debug|x64.ActiveCfg = Debug|Any CPU
		{518150A6-E1DF-48AC-BCEC-6FEEDA850F11}.Debug|x64.Build.0 = Debug|Any CPU
		{518150A6-E1DF-48AC-BCEC-6FEEDA850F11}.Debug|x64.Deploy.0 = Debug|Any CPU
		{518150A6-E1DF-48AC-BCEC-6FEEDA850F11}.Debug|x86.ActiveCfg = Debug|Any CPU
		{518150A6-E1DF-48AC-BCEC-6FEEDA850F11}.Debug|x86.Build.0 = Debug|Any CPU
		{518150A6-E1DF-48AC-BCEC-6FEEDA850F11}.Debug|x86.Deploy.0 = Debug|Any CPU
		{518150A6-E1DF-48AC-BCEC-6FEEDA850F11}.Release|Any CPU.ActiveCfg = Release|Any CPU
		{518150A6-E1DF-48AC-BCEC-6FEEDA850F11}.Release|Any CPU.Build.0 = Release|Any CPU
		{518150A6-E1DF-48AC-BCEC-6FEEDA850F11}.Release|Any CPU.Deploy.0 = Release|Any CPU
		{518150A6-E1DF-48AC-BCEC-6FEEDA850F11}.Release|ARM.ActiveCfg = Release|Any CPU
		{518150A6-E1DF-48AC-BCEC-6FEEDA850F11}.Release|ARM.Build.0 = Release|Any CPU
		{518150A6-E1DF-48AC-BCEC-6FEEDA850F11}.Release|ARM.Deploy.0 = Release|Any CPU
		{518150A6-E1DF-48AC-BCEC-6FEEDA850F11}.Release|iPhone.ActiveCfg = Release|Any CPU
		{518150A6-E1DF-48AC-BCEC-6FEEDA850F11}.Release|iPhone.Build.0 = Release|Any CPU
		{518150A6-E1DF-48AC-BCEC-6FEEDA850F11}.Release|iPhone.Deploy.0 = Release|Any CPU
		{518150A6-E1DF-48AC-BCEC-6FEEDA850F11}.Release|iPhoneSimulator.ActiveCfg = Release|Any CPU
		{518150A6-E1DF-48AC-BCEC-6FEEDA850F11}.Release|iPhoneSimulator.Build.0 = Release|Any CPU
		{518150A6-E1DF-48AC-BCEC-6FEEDA850F11}.Release|iPhoneSimulator.Deploy.0 = Release|Any CPU
		{518150A6-E1DF-48AC-BCEC-6FEEDA850F11}.Release|x64.ActiveCfg = Release|Any CPU
		{518150A6-E1DF-48AC-BCEC-6FEEDA850F11}.Release|x64.Build.0 = Release|Any CPU
		{518150A6-E1DF-48AC-BCEC-6FEEDA850F11}.Release|x64.Deploy.0 = Release|Any CPU
		{518150A6-E1DF-48AC-BCEC-6FEEDA850F11}.Release|x86.ActiveCfg = Release|Any CPU
		{518150A6-E1DF-48AC-BCEC-6FEEDA850F11}.Release|x86.Build.0 = Release|Any CPU
		{518150A6-E1DF-48AC-BCEC-6FEEDA850F11}.Release|x86.Deploy.0 = Release|Any CPU
	EndGlobalSection
	GlobalSection(SolutionProperties) = preSolution
		HideSolutionNode = FALSE
	EndGlobalSection
	GlobalSection(ExtensibilityGlobals) = postSolution
		SolutionGuid = {8A801085-3575-4E6D-ABA8-673ED38B3FF6}
	EndGlobalSection
EndGlobal
