
Microsoft Visual Studio Solution File, Format Version 12.00
# Visual Studio Version 16
VisualStudioVersion = 16.0.31402.337
MinimumVisualStudioVersion = 10.0.40219.1
Project("{FAE04EC0-301F-11D3-BF4B-00C04F79EFBC}") = "TabbedCarousel.UWP", "TabbedCarousel\TabbedCarousel.UWP\TabbedCarousel.UWP.csproj", "{02CC94CF-412A-4034-86CC-8AC86B22A210}"
EndProject
Project("{FAE04EC0-301F-11D3-BF4B-00C04F79EFBC}") = "TabbedCarousel.Android", "TabbedCarousel\TabbedCarousel.Android\TabbedCarousel.Android.csproj", "{7E5A21FD-D241-41BB-950A-0CCA3141205F}"
EndProject
Project("{FAE04EC0-301F-11D3-BF4B-00C04F79EFBC}") = "TabbedCarousel.iOS", "TabbedCarousel\TabbedCarousel.iOS\TabbedCarousel.iOS.csproj", "{2B7484DE-CF97-40A4-8C1D-E1CF1B83BFC4}"
EndProject
Project("{FAE04EC0-301F-11D3-BF4B-00C04F79EFBC}") = "TabbedCarousel", "TabbedCarousel\TabbedCarousel\TabbedCarousel.csproj", "{2D50DB41-1B59-47D6-A055-39D07AE555C6}"
EndProject
Global
	GlobalSection(SolutionConfigurationPlatforms) = preSolution
		Debug|Any CPU = Debug|Any CPU
		Debug|ARM = Debug|ARM
		Debug|iPhone = Debug|iPhone
		Debug|iPhoneSimulator = Debug|iPhoneSimulator
		Debug|x64 = Debug|x64
		Debug|x86 = Debug|x86
		Release|Any CPU = Release|Any CPU
		Release|ARM = Release|ARM
		Release|iPhone = Release|iPhone
		Release|iPhoneSimulator = Release|iPhoneSimulator
		Release|x64 = Release|x64
		Release|x86 = Release|x86
	EndGlobalSection
	GlobalSection(ProjectConfigurationPlatforms) = postSolution
		{02CC94CF-412A-4034-86CC-8AC86B22A210}.Debug|Any CPU.ActiveCfg = Debug|x86
		{02CC94CF-412A-4034-86CC-8AC86B22A210}.Debug|Any CPU.Build.0 = Debug|x86
		{02CC94CF-412A-4034-86CC-8AC86B22A210}.Debug|Any CPU.Deploy.0 = Debug|x86
		{02CC94CF-412A-4034-86CC-8AC86B22A210}.Debug|ARM.ActiveCfg = Debug|ARM
		{02CC94CF-412A-4034-86CC-8AC86B22A210}.Debug|ARM.Build.0 = Debug|ARM
		{02CC94CF-412A-4034-86CC-8AC86B22A210}.Debug|ARM.Deploy.0 = Debug|ARM
		{02CC94CF-412A-4034-86CC-8AC86B22A210}.Debug|iPhone.ActiveCfg = Debug|x86
		{02CC94CF-412A-4034-86CC-8AC86B22A210}.Debug|iPhone.Build.0 = Debug|x86
		{02CC94CF-412A-4034-86CC-8AC86B22A210}.Debug|iPhone.Deploy.0 = Debug|x86
		{02CC94CF-412A-4034-86CC-8AC86B22A210}.Debug|iPhoneSimulator.ActiveCfg = Debug|x86
		{02CC94CF-412A-4034-86CC-8AC86B22A210}.Debug|iPhoneSimulator.Build.0 = Debug|x86
		{02CC94CF-412A-4034-86CC-8AC86B22A210}.Debug|iPhoneSimulator.Deploy.0 = Debug|x86
		{02CC94CF-412A-4034-86CC-8AC86B22A210}.Debug|x64.ActiveCfg = Debug|x64
		{02CC94CF-412A-4034-86CC-8AC86B22A210}.Debug|x64.Build.0 = Debug|x64
		{02CC94CF-412A-4034-86CC-8AC86B22A210}.Debug|x64.Deploy.0 = Debug|x64
		{02CC94CF-412A-4034-86CC-8AC86B22A210}.Debug|x86.ActiveCfg = Debug|x86
		{02CC94CF-412A-4034-86CC-8AC86B22A210}.Debug|x86.Build.0 = Debug|x86
		{02CC94CF-412A-4034-86CC-8AC86B22A210}.Debug|x86.Deploy.0 = Debug|x86
		{02CC94CF-412A-4034-86CC-8AC86B22A210}.Release|Any CPU.ActiveCfg = Release|x86
		{02CC94CF-412A-4034-86CC-8AC86B22A210}.Release|Any CPU.Build.0 = Release|x86
		{02CC94CF-412A-4034-86CC-8AC86B22A210}.Release|Any CPU.Deploy.0 = Release|x86
		{02CC94CF-412A-4034-86CC-8AC86B22A210}.Release|ARM.ActiveCfg = Release|ARM
		{02CC94CF-412A-4034-86CC-8AC86B22A210}.Release|ARM.Build.0 = Release|ARM
		{02CC94CF-412A-4034-86CC-8AC86B22A210}.Release|ARM.Deploy.0 = Release|ARM
		{02CC94CF-412A-4034-86CC-8AC86B22A210}.Release|iPhone.ActiveCfg = Release|x86
		{02CC94CF-412A-4034-86CC-8AC86B22A210}.Release|iPhone.Build.0 = Release|x86
		{02CC94CF-412A-4034-86CC-8AC86B22A210}.Release|iPhone.Deploy.0 = Release|x86
		{02CC94CF-412A-4034-86CC-8AC86B22A210}.Release|iPhoneSimulator.ActiveCfg = Release|x86
		{02CC94CF-412A-4034-86CC-8AC86B22A210}.Release|iPhoneSimulator.Build.0 = Release|x86
		{02CC94CF-412A-4034-86CC-8AC86B22A210}.Release|iPhoneSimulator.Deploy.0 = Release|x86
		{02CC94CF-412A-4034-86CC-8AC86B22A210}.Release|x64.ActiveCfg = Release|x64
		{02CC94CF-412A-4034-86CC-8AC86B22A210}.Release|x64.Build.0 = Release|x64
		{02CC94CF-412A-4034-86CC-8AC86B22A210}.Release|x64.Deploy.0 = Release|x64
		{02CC94CF-412A-4034-86CC-8AC86B22A210}.Release|x86.ActiveCfg = Release|x86
		{02CC94CF-412A-4034-86CC-8AC86B22A210}.Release|x86.Build.0 = Release|x86
		{02CC94CF-412A-4034-86CC-8AC86B22A210}.Release|x86.Deploy.0 = Release|x86
		{7E5A21FD-D241-41BB-950A-0CCA3141205F}.Debug|Any CPU.ActiveCfg = Debug|Any CPU
		{7E5A21FD-D241-41BB-950A-0CCA3141205F}.Debug|Any CPU.Build.0 = Debug|Any CPU
		{7E5A21FD-D241-41BB-950A-0CCA3141205F}.Debug|Any CPU.Deploy.0 = Debug|Any CPU
		{7E5A21FD-D241-41BB-950A-0CCA3141205F}.Debug|ARM.ActiveCfg = Debug|Any CPU
		{7E5A21FD-D241-41BB-950A-0CCA3141205F}.Debug|ARM.Build.0 = Debug|Any CPU
		{7E5A21FD-D241-41BB-950A-0CCA3141205F}.Debug|ARM.Deploy.0 = Debug|Any CPU
		{7E5A21FD-D241-41BB-950A-0CCA3141205F}.Debug|iPhone.ActiveCfg = Debug|Any CPU
		{7E5A21FD-D241-41BB-950A-0CCA3141205F}.Debug|iPhone.Build.0 = Debug|Any CPU
		{7E5A21FD-D241-41BB-950A-0CCA3141205F}.Debug|iPhone.Deploy.0 = Debug|Any CPU
		{7E5A21FD-D241-41BB-950A-0CCA3141205F}.Debug|iPhoneSimulator.ActiveCfg = Debug|Any CPU
		{7E5A21FD-D241-41BB-950A-0CCA3141205F}.Debug|iPhoneSimulator.Build.0 = Debug|Any CPU
		{7E5A21FD-D241-41BB-950A-0CCA3141205F}.Debug|iPhoneSimulator.Deploy.0 = Debug|Any CPU
		{7E5A21FD-D241-41BB-950A-0CCA3141205F}.Debug|x64.ActiveCfg = Debug|Any CPU
		{7E5A21FD-D241-41BB-950A-0CCA3141205F}.Debug|x64.Build.0 = Debug|Any CPU
		{7E5A21FD-D241-41BB-950A-0CCA3141205F}.Debug|x64.Deploy.0 = Debug|Any CPU
		{7E5A21FD-D241-41BB-950A-0CCA3141205F}.Debug|x86.ActiveCfg = Debug|Any CPU
		{7E5A21FD-D241-41BB-950A-0CCA3141205F}.Debug|x86.Build.0 = Debug|Any CPU
		{7E5A21FD-D241-41BB-950A-0CCA3141205F}.Debug|x86.Deploy.0 = Debug|Any CPU
		{7E5A21FD-D241-41BB-950A-0CCA3141205F}.Release|Any CPU.ActiveCfg = Release|Any CPU
		{7E5A21FD-D241-41BB-950A-0CCA3141205F}.Release|Any CPU.Build.0 = Release|Any CPU
		{7E5A21FD-D241-41BB-950A-0CCA3141205F}.Release|Any CPU.Deploy.0 = Release|Any CPU
		{7E5A21FD-D241-41BB-950A-0CCA3141205F}.Release|ARM.ActiveCfg = Release|Any CPU
		{7E5A21FD-D241-41BB-950A-0CCA3141205F}.Release|ARM.Build.0 = Release|Any CPU
		{7E5A21FD-D241-41BB-950A-0CCA3141205F}.Release|ARM.Deploy.0 = Release|Any CPU
		{7E5A21FD-D241-41BB-950A-0CCA3141205F}.Release|iPhone.ActiveCfg = Release|Any CPU
		{7E5A21FD-D241-41BB-950A-0CCA3141205F}.Release|iPhone.Build.0 = Release|Any CPU
		{7E5A21FD-D241-41BB-950A-0CCA3141205F}.Release|iPhone.Deploy.0 = Release|Any CPU
		{7E5A21FD-D241-41BB-950A-0CCA3141205F}.Release|iPhoneSimulator.ActiveCfg = Release|Any CPU
		{7E5A21FD-D241-41BB-950A-0CCA3141205F}.Release|iPhoneSimulator.Build.0 = Release|Any CPU
		{7E5A21FD-D241-41BB-950A-0CCA3141205F}.Release|iPhoneSimulator.Deploy.0 = Release|Any CPU
		{7E5A21FD-D241-41BB-950A-0CCA3141205F}.Release|x64.ActiveCfg = Release|Any CPU
		{7E5A21FD-D241-41BB-950A-0CCA3141205F}.Release|x64.Build.0 = Release|Any CPU
		{7E5A21FD-D241-41BB-950A-0CCA3141205F}.Release|x64.Deploy.0 = Release|Any CPU
		{7E5A21FD-D241-41BB-950A-0CCA3141205F}.Release|x86.ActiveCfg = Release|Any CPU
		{7E5A21FD-D241-41BB-950A-0CCA3141205F}.Release|x86.Build.0 = Release|Any CPU
		{7E5A21FD-D241-41BB-950A-0CCA3141205F}.Release|x86.Deploy.0 = Release|Any CPU
		{2B7484DE-CF97-40A4-8C1D-E1CF1B83BFC4}.Debug|Any CPU.ActiveCfg = Debug|iPhoneSimulator
		{2B7484DE-CF97-40A4-8C1D-E1CF1B83BFC4}.Debug|Any CPU.Build.0 = Debug|iPhoneSimulator
		{2B7484DE-CF97-40A4-8C1D-E1CF1B83BFC4}.Debug|Any CPU.Deploy.0 = Debug|iPhoneSimulator
		{2B7484DE-CF97-40A4-8C1D-E1CF1B83BFC4}.Debug|ARM.ActiveCfg = Debug|iPhone
		{2B7484DE-CF97-40A4-8C1D-E1CF1B83BFC4}.Debug|ARM.Build.0 = Debug|iPhone
		{2B7484DE-CF97-40A4-8C1D-E1CF1B83BFC4}.Debug|ARM.Deploy.0 = Debug|iPhone
		{2B7484DE-CF97-40A4-8C1D-E1CF1B83BFC4}.Debug|iPhone.ActiveCfg = Debug|iPhone
		{2B7484DE-CF97-40A4-8C1D-E1CF1B83BFC4}.Debug|iPhone.Build.0 = Debug|iPhone
		{2B7484DE-CF97-40A4-8C1D-E1CF1B83BFC4}.Debug|iPhone.Deploy.0 = Debug|iPhone
		{2B7484DE-CF97-40A4-8C1D-E1CF1B83BFC4}.Debug|iPhoneSimulator.ActiveCfg = Debug|iPhoneSimulator
		{2B7484DE-CF97-40A4-8C1D-E1CF1B83BFC4}.Debug|iPhoneSimulator.Build.0 = Debug|iPhoneSimulator
		{2B7484DE-CF97-40A4-8C1D-E1CF1B83BFC4}.Debug|iPhoneSimulator.Deploy.0 = Debug|iPhoneSimulator
		{2B7484DE-CF97-40A4-8C1D-E1CF1B83BFC4}.Debug|x64.ActiveCfg = Debug|iPhoneSimulator
		{2B7484DE-CF97-40A4-8C1D-E1CF1B83BFC4}.Debug|x64.Build.0 = Debug|iPhoneSimulator
		{2B7484DE-CF97-40A4-8C1D-E1CF1B83BFC4}.Debug|x64.Deploy.0 = Debug|iPhoneSimulator
		{2B7484DE-CF97-40A4-8C1D-E1CF1B83BFC4}.Debug|x86.ActiveCfg = Debug|iPhoneSimulator
		{2B7484DE-CF97-40A4-8C1D-E1CF1B83BFC4}.Debug|x86.Build.0 = Debug|iPhoneSimulator
		{2B7484DE-CF97-40A4-8C1D-E1CF1B83BFC4}.Debug|x86.Deploy.0 = Debug|iPhoneSimulator
		{2B7484DE-CF97-40A4-8C1D-E1CF1B83BFC4}.Release|Any CPU.ActiveCfg = Release|iPhoneSimulator
		{2B7484DE-CF97-40A4-8C1D-E1CF1B83BFC4}.Release|Any CPU.Build.0 = Release|iPhoneSimulator
		{2B7484DE-CF97-40A4-8C1D-E1CF1B83BFC4}.Release|Any CPU.Deploy.0 = Release|iPhoneSimulator
		{2B7484DE-CF97-40A4-8C1D-E1CF1B83BFC4}.Release|ARM.ActiveCfg = Release|iPhoneSimulator
		{2B7484DE-CF97-40A4-8C1D-E1CF1B83BFC4}.Release|ARM.Build.0 = Release|iPhoneSimulator
		{2B7484DE-CF97-40A4-8C1D-E1CF1B83BFC4}.Release|ARM.Deploy.0 = Release|iPhoneSimulator
		{2B7484DE-CF97-40A4-8C1D-E1CF1B83BFC4}.Release|iPhone.ActiveCfg = Release|iPhone
		{2B7484DE-CF97-40A4-8C1D-E1CF1B83BFC4}.Release|iPhone.Build.0 = Release|iPhone
		{2B7484DE-CF97-40A4-8C1D-E1CF1B83BFC4}.Release|iPhone.Deploy.0 = Release|iPhone
		{2B7484DE-CF97-40A4-8C1D-E1CF1B83BFC4}.Release|iPhoneSimulator.ActiveCfg = Release|iPhoneSimulator
		{2B7484DE-CF97-40A4-8C1D-E1CF1B83BFC4}.Release|iPhoneSimulator.Build.0 = Release|iPhoneSimulator
		{2B7484DE-CF97-40A4-8C1D-E1CF1B83BFC4}.Release|iPhoneSimulator.Deploy.0 = Release|iPhoneSimulator
		{2B7484DE-CF97-40A4-8C1D-E1CF1B83BFC4}.Release|x64.ActiveCfg = Release|iPhoneSimulator
		{2B7484DE-CF97-40A4-8C1D-E1CF1B83BFC4}.Release|x64.Build.0 = Release|iPhoneSimulator
		{2B7484DE-CF97-40A4-8C1D-E1CF1B83BFC4}.Release|x64.Deploy.0 = Release|iPhoneSimulator
		{2B7484DE-CF97-40A4-8C1D-E1CF1B83BFC4}.Release|x86.ActiveCfg = Release|iPhoneSimulator
		{2B7484DE-CF97-40A4-8C1D-E1CF1B83BFC4}.Release|x86.Build.0 = Release|iPhoneSimulator
		{2B7484DE-CF97-40A4-8C1D-E1CF1B83BFC4}.Release|x86.Deploy.0 = Release|iPhoneSimulator
		{2D50DB41-1B59-47D6-A055-39D07AE555C6}.Debug|Any CPU.ActiveCfg = Debug|Any CPU
		{2D50DB41-1B59-47D6-A055-39D07AE555C6}.Debug|Any CPU.Build.0 = Debug|Any CPU
		{2D50DB41-1B59-47D6-A055-39D07AE555C6}.Debug|Any CPU.Deploy.0 = Debug|Any CPU
		{2D50DB41-1B59-47D6-A055-39D07AE555C6}.Debug|ARM.ActiveCfg = Debug|Any CPU
		{2D50DB41-1B59-47D6-A055-39D07AE555C6}.Debug|ARM.Build.0 = Debug|Any CPU
		{2D50DB41-1B59-47D6-A055-39D07AE555C6}.Debug|ARM.Deploy.0 = Debug|Any CPU
		{2D50DB41-1B59-47D6-A055-39D07AE555C6}.Debug|iPhone.ActiveCfg = Debug|Any CPU
		{2D50DB41-1B59-47D6-A055-39D07AE555C6}.Debug|iPhone.Build.0 = Debug|Any CPU
		{2D50DB41-1B59-47D6-A055-39D07AE555C6}.Debug|iPhone.Deploy.0 = Debug|Any CPU
		{2D50DB41-1B59-47D6-A055-39D07AE555C6}.Debug|iPhoneSimulator.ActiveCfg = Debug|Any CPU
		{2D50DB41-1B59-47D6-A055-39D07AE555C6}.Debug|iPhoneSimulator.Build.0 = Debug|Any CPU
		{2D50DB41-1B59-47D6-A055-39D07AE555C6}.Debug|iPhoneSimulator.Deploy.0 = Debug|Any CPU
		{2D50DB41-1B59-47D6-A055-39D07AE555C6}.Debug|x64.ActiveCfg = Debug|Any CPU
		{2D50DB41-1B59-47D6-A055-39D07AE555C6}.Debug|x64.Build.0 = Debug|Any CPU
		{2D50DB41-1B59-47D6-A055-39D07AE555C6}.Debug|x64.Deploy.0 = Debug|Any CPU
		{2D50DB41-1B59-47D6-A055-39D07AE555C6}.Debug|x86.ActiveCfg = Debug|Any CPU
		{2D50DB41-1B59-47D6-A055-39D07AE555C6}.Debug|x86.Build.0 = Debug|Any CPU
		{2D50DB41-1B59-47D6-A055-39D07AE555C6}.Debug|x86.Deploy.0 = Debug|Any CPU
		{2D50DB41-1B59-47D6-A055-39D07AE555C6}.Release|Any CPU.ActiveCfg = Release|Any CPU
		{2D50DB41-1B59-47D6-A055-39D07AE555C6}.Release|Any CPU.Build.0 = Release|Any CPU
		{2D50DB41-1B59-47D6-A055-39D07AE555C6}.Release|Any CPU.Deploy.0 = Release|Any CPU
		{2D50DB41-1B59-47D6-A055-39D07AE555C6}.Release|ARM.ActiveCfg = Release|Any CPU
		{2D50DB41-1B59-47D6-A055-39D07AE555C6}.Release|ARM.Build.0 = Release|Any CPU
		{2D50DB41-1B59-47D6-A055-39D07AE555C6}.Release|ARM.Deploy.0 = Release|Any CPU
		{2D50DB41-1B59-47D6-A055-39D07AE555C6}.Release|iPhone.ActiveCfg = Release|Any CPU
		{2D50DB41-1B59-47D6-A055-39D07AE555C6}.Release|iPhone.Build.0 = Release|Any CPU
		{2D50DB41-1B59-47D6-A055-39D07AE555C6}.Release|iPhone.Deploy.0 = Release|Any CPU
		{2D50DB41-1B59-47D6-A055-39D07AE555C6}.Release|iPhoneSimulator.ActiveCfg = Release|Any CPU
		{2D50DB41-1B59-47D6-A055-39D07AE555C6}.Release|iPhoneSimulator.Build.0 = Release|Any CPU
		{2D50DB41-1B59-47D6-A055-39D07AE555C6}.Release|iPhoneSimulator.Deploy.0 = Release|Any CPU
		{2D50DB41-1B59-47D6-A055-39D07AE555C6}.Release|x64.ActiveCfg = Release|Any CPU
		{2D50DB41-1B59-47D6-A055-39D07AE555C6}.Release|x64.Build.0 = Release|Any CPU
		{2D50DB41-1B59-47D6-A055-39D07AE555C6}.Release|x64.Deploy.0 = Release|Any CPU
		{2D50DB41-1B59-47D6-A055-39D07AE555C6}.Release|x86.ActiveCfg = Release|Any CPU
		{2D50DB41-1B59-47D6-A055-39D07AE555C6}.Release|x86.Build.0 = Release|Any CPU
		{2D50DB41-1B59-47D6-A055-39D07AE555C6}.Release|x86.Deploy.0 = Release|Any CPU
	EndGlobalSection
	GlobalSection(SolutionProperties) = preSolution
		HideSolutionNode = FALSE
	EndGlobalSection
	GlobalSection(ExtensibilityGlobals) = postSolution
		SolutionGuid = {BC0F8963-472F-4D25-A0B0-46210CF8B250}
	EndGlobalSection
EndGlobal
