
Microsoft Visual Studio Solution File, Format Version 12.00
# Visual Studio Version 16
VisualStudioVersion = 16.0.31402.337
MinimumVisualStudioVersion = 10.0.40219.1
Project("{FAE04EC0-301F-11D3-BF4B-00C04F79EFBC}") = "WorkLogin.UWP", "WorkLogin\WorkLogin.UWP\WorkLogin.UWP.csproj", "{AF6983F3-01FA-47FB-8B3A-442654AED073}"
EndProject
Project("{FAE04EC0-301F-11D3-BF4B-00C04F79EFBC}") = "WorkLogin.Android", "WorkLogin\WorkLogin.Android\WorkLogin.Android.csproj", "{BAD1D76D-0160-42F6-9DD6-43B1A621F6C6}"
EndProject
Project("{FAE04EC0-301F-11D3-BF4B-00C04F79EFBC}") = "WorkLogin.iOS", "WorkLogin\WorkLogin.iOS\WorkLogin.iOS.csproj", "{646165A2-305A-49A6-AEFC-D414C8F6A060}"
EndProject
Project("{FAE04EC0-301F-11D3-BF4B-00C04F79EFBC}") = "WorkLogin", "WorkLogin\WorkLogin\WorkLogin.csproj", "{6F78CEB5-946C-4C8D-8879-7B064531CDDA}"
EndProject
Global
	GlobalSection(SolutionConfigurationPlatforms) = preSolution
		Debug|Any CPU = Debug|Any CPU
		Debug|ARM = Debug|ARM
		Debug|iPhone = Debug|iPhone
		Debug|iPhoneSimulator = Debug|iPhoneSimulator
		Debug|x64 = Debug|x64
		Debug|x86 = Debug|x86
		Release|Any CPU = Release|Any CPU
		Release|ARM = Release|ARM
		Release|iPhone = Release|iPhone
		Release|iPhoneSimulator = Release|iPhoneSimulator
		Release|x64 = Release|x64
		Release|x86 = Release|x86
	EndGlobalSection
	GlobalSection(ProjectConfigurationPlatforms) = postSolution
		{AF6983F3-01FA-47FB-8B3A-442654AED073}.Debug|Any CPU.ActiveCfg = Debug|x86
		{AF6983F3-01FA-47FB-8B3A-442654AED073}.Debug|Any CPU.Build.0 = Debug|x86
		{AF6983F3-01FA-47FB-8B3A-442654AED073}.Debug|Any CPU.Deploy.0 = Debug|x86
		{AF6983F3-01FA-47FB-8B3A-442654AED073}.Debug|ARM.ActiveCfg = Debug|ARM
		{AF6983F3-01FA-47FB-8B3A-442654AED073}.Debug|ARM.Build.0 = Debug|ARM
		{AF6983F3-01FA-47FB-8B3A-442654AED073}.Debug|ARM.Deploy.0 = Debug|ARM
		{AF6983F3-01FA-47FB-8B3A-442654AED073}.Debug|iPhone.ActiveCfg = Debug|x86
		{AF6983F3-01FA-47FB-8B3A-442654AED073}.Debug|iPhone.Build.0 = Debug|x86
		{AF6983F3-01FA-47FB-8B3A-442654AED073}.Debug|iPhone.Deploy.0 = Debug|x86
		{AF6983F3-01FA-47FB-8B3A-442654AED073}.Debug|iPhoneSimulator.ActiveCfg = Debug|x86
		{AF6983F3-01FA-47FB-8B3A-442654AED073}.Debug|iPhoneSimulator.Build.0 = Debug|x86
		{AF6983F3-01FA-47FB-8B3A-442654AED073}.Debug|iPhoneSimulator.Deploy.0 = Debug|x86
		{AF6983F3-01FA-47FB-8B3A-442654AED073}.Debug|x64.ActiveCfg = Debug|x64
		{AF6983F3-01FA-47FB-8B3A-442654AED073}.Debug|x64.Build.0 = Debug|x64
		{AF6983F3-01FA-47FB-8B3A-442654AED073}.Debug|x64.Deploy.0 = Debug|x64
		{AF6983F3-01FA-47FB-8B3A-442654AED073}.Debug|x86.ActiveCfg = Debug|x86
		{AF6983F3-01FA-47FB-8B3A-442654AED073}.Debug|x86.Build.0 = Debug|x86
		{AF6983F3-01FA-47FB-8B3A-442654AED073}.Debug|x86.Deploy.0 = Debug|x86
		{AF6983F3-01FA-47FB-8B3A-442654AED073}.Release|Any CPU.ActiveCfg = Release|x86
		{AF6983F3-01FA-47FB-8B3A-442654AED073}.Release|Any CPU.Build.0 = Release|x86
		{AF6983F3-01FA-47FB-8B3A-442654AED073}.Release|Any CPU.Deploy.0 = Release|x86
		{AF6983F3-01FA-47FB-8B3A-442654AED073}.Release|ARM.ActiveCfg = Release|ARM
		{AF6983F3-01FA-47FB-8B3A-442654AED073}.Release|ARM.Build.0 = Release|ARM
		{AF6983F3-01FA-47FB-8B3A-442654AED073}.Release|ARM.Deploy.0 = Release|ARM
		{AF6983F3-01FA-47FB-8B3A-442654AED073}.Release|iPhone.ActiveCfg = Release|x86
		{AF6983F3-01FA-47FB-8B3A-442654AED073}.Release|iPhone.Build.0 = Release|x86
		{AF6983F3-01FA-47FB-8B3A-442654AED073}.Release|iPhone.Deploy.0 = Release|x86
		{AF6983F3-01FA-47FB-8B3A-442654AED073}.Release|iPhoneSimulator.ActiveCfg = Release|x86
		{AF6983F3-01FA-47FB-8B3A-442654AED073}.Release|iPhoneSimulator.Build.0 = Release|x86
		{AF6983F3-01FA-47FB-8B3A-442654AED073}.Release|iPhoneSimulator.Deploy.0 = Release|x86
		{AF6983F3-01FA-47FB-8B3A-442654AED073}.Release|x64.ActiveCfg = Release|x64
		{AF6983F3-01FA-47FB-8B3A-442654AED073}.Release|x64.Build.0 = Release|x64
		{AF6983F3-01FA-47FB-8B3A-442654AED073}.Release|x64.Deploy.0 = Release|x64
		{AF6983F3-01FA-47FB-8B3A-442654AED073}.Release|x86.ActiveCfg = Release|x86
		{AF6983F3-01FA-47FB-8B3A-442654AED073}.Release|x86.Build.0 = Release|x86
		{AF6983F3-01FA-47FB-8B3A-442654AED073}.Release|x86.Deploy.0 = Release|x86
		{BAD1D76D-0160-42F6-9DD6-43B1A621F6C6}.Debug|Any CPU.ActiveCfg = Debug|Any CPU
		{BAD1D76D-0160-42F6-9DD6-43B1A621F6C6}.Debug|Any CPU.Build.0 = Debug|Any CPU
		{BAD1D76D-0160-42F6-9DD6-43B1A621F6C6}.Debug|Any CPU.Deploy.0 = Debug|Any CPU
		{BAD1D76D-0160-42F6-9DD6-43B1A621F6C6}.Debug|ARM.ActiveCfg = Debug|Any CPU
		{BAD1D76D-0160-42F6-9DD6-43B1A621F6C6}.Debug|ARM.Build.0 = Debug|Any CPU
		{BAD1D76D-0160-42F6-9DD6-43B1A621F6C6}.Debug|ARM.Deploy.0 = Debug|Any CPU
		{BAD1D76D-0160-42F6-9DD6-43B1A621F6C6}.Debug|iPhone.ActiveCfg = Debug|Any CPU
		{BAD1D76D-0160-42F6-9DD6-43B1A621F6C6}.Debug|iPhone.Build.0 = Debug|Any CPU
		{BAD1D76D-0160-42F6-9DD6-43B1A621F6C6}.Debug|iPhone.Deploy.0 = Debug|Any CPU
		{BAD1D76D-0160-42F6-9DD6-43B1A621F6C6}.Debug|iPhoneSimulator.ActiveCfg = Debug|Any CPU
		{BAD1D76D-0160-42F6-9DD6-43B1A621F6C6}.Debug|iPhoneSimulator.Build.0 = Debug|Any CPU
		{BAD1D76D-0160-42F6-9DD6-43B1A621F6C6}.Debug|iPhoneSimulator.Deploy.0 = Debug|Any CPU
		{BAD1D76D-0160-42F6-9DD6-43B1A621F6C6}.Debug|x64.ActiveCfg = Debug|Any CPU
		{BAD1D76D-0160-42F6-9DD6-43B1A621F6C6}.Debug|x64.Build.0 = Debug|Any CPU
		{BAD1D76D-0160-42F6-9DD6-43B1A621F6C6}.Debug|x64.Deploy.0 = Debug|Any CPU
		{BAD1D76D-0160-42F6-9DD6-43B1A621F6C6}.Debug|x86.ActiveCfg = Debug|Any CPU
		{BAD1D76D-0160-42F6-9DD6-43B1A621F6C6}.Debug|x86.Build.0 = Debug|Any CPU
		{BAD1D76D-0160-42F6-9DD6-43B1A621F6C6}.Debug|x86.Deploy.0 = Debug|Any CPU
		{BAD1D76D-0160-42F6-9DD6-43B1A621F6C6}.Release|Any CPU.ActiveCfg = Release|Any CPU
		{BAD1D76D-0160-42F6-9DD6-43B1A621F6C6}.Release|Any CPU.Build.0 = Release|Any CPU
		{BAD1D76D-0160-42F6-9DD6-43B1A621F6C6}.Release|Any CPU.Deploy.0 = Release|Any CPU
		{BAD1D76D-0160-42F6-9DD6-43B1A621F6C6}.Release|ARM.ActiveCfg = Release|Any CPU
		{BAD1D76D-0160-42F6-9DD6-43B1A621F6C6}.Release|ARM.Build.0 = Release|Any CPU
		{BAD1D76D-0160-42F6-9DD6-43B1A621F6C6}.Release|ARM.Deploy.0 = Release|Any CPU
		{BAD1D76D-0160-42F6-9DD6-43B1A621F6C6}.Release|iPhone.ActiveCfg = Release|Any CPU
		{BAD1D76D-0160-42F6-9DD6-43B1A621F6C6}.Release|iPhone.Build.0 = Release|Any CPU
		{BAD1D76D-0160-42F6-9DD6-43B1A621F6C6}.Release|iPhone.Deploy.0 = Release|Any CPU
		{BAD1D76D-0160-42F6-9DD6-43B1A621F6C6}.Release|iPhoneSimulator.ActiveCfg = Release|Any CPU
		{BAD1D76D-0160-42F6-9DD6-43B1A621F6C6}.Release|iPhoneSimulator.Build.0 = Release|Any CPU
		{BAD1D76D-0160-42F6-9DD6-43B1A621F6C6}.Release|iPhoneSimulator.Deploy.0 = Release|Any CPU
		{BAD1D76D-0160-42F6-9DD6-43B1A621F6C6}.Release|x64.ActiveCfg = Release|Any CPU
		{BAD1D76D-0160-42F6-9DD6-43B1A621F6C6}.Release|x64.Build.0 = Release|Any CPU
		{BAD1D76D-0160-42F6-9DD6-43B1A621F6C6}.Release|x64.Deploy.0 = Release|Any CPU
		{BAD1D76D-0160-42F6-9DD6-43B1A621F6C6}.Release|x86.ActiveCfg = Release|Any CPU
		{BAD1D76D-0160-42F6-9DD6-43B1A621F6C6}.Release|x86.Build.0 = Release|Any CPU
		{BAD1D76D-0160-42F6-9DD6-43B1A621F6C6}.Release|x86.Deploy.0 = Release|Any CPU
		{646165A2-305A-49A6-AEFC-D414C8F6A060}.Debug|Any CPU.ActiveCfg = Debug|iPhoneSimulator
		{646165A2-305A-49A6-AEFC-D414C8F6A060}.Debug|Any CPU.Build.0 = Debug|iPhoneSimulator
		{646165A2-305A-49A6-AEFC-D414C8F6A060}.Debug|Any CPU.Deploy.0 = Debug|iPhoneSimulator
		{646165A2-305A-49A6-AEFC-D414C8F6A060}.Debug|ARM.ActiveCfg = Debug|iPhone
		{646165A2-305A-49A6-AEFC-D414C8F6A060}.Debug|ARM.Build.0 = Debug|iPhone
		{646165A2-305A-49A6-AEFC-D414C8F6A060}.Debug|ARM.Deploy.0 = Debug|iPhone
		{646165A2-305A-49A6-AEFC-D414C8F6A060}.Debug|iPhone.ActiveCfg = Debug|iPhone
		{646165A2-305A-49A6-AEFC-D414C8F6A060}.Debug|iPhone.Build.0 = Debug|iPhone
		{646165A2-305A-49A6-AEFC-D414C8F6A060}.Debug|iPhone.Deploy.0 = Debug|iPhone
		{646165A2-305A-49A6-AEFC-D414C8F6A060}.Debug|iPhoneSimulator.ActiveCfg = Debug|iPhoneSimulator
		{646165A2-305A-49A6-AEFC-D414C8F6A060}.Debug|iPhoneSimulator.Build.0 = Debug|iPhoneSimulator
		{646165A2-305A-49A6-AEFC-D414C8F6A060}.Debug|iPhoneSimulator.Deploy.0 = Debug|iPhoneSimulator
		{646165A2-305A-49A6-AEFC-D414C8F6A060}.Debug|x64.ActiveCfg = Debug|iPhoneSimulator
		{646165A2-305A-49A6-AEFC-D414C8F6A060}.Debug|x64.Build.0 = Debug|iPhoneSimulator
		{646165A2-305A-49A6-AEFC-D414C8F6A060}.Debug|x64.Deploy.0 = Debug|iPhoneSimulator
		{646165A2-305A-49A6-AEFC-D414C8F6A060}.Debug|x86.ActiveCfg = Debug|iPhoneSimulator
		{646165A2-305A-49A6-AEFC-D414C8F6A060}.Debug|x86.Build.0 = Debug|iPhoneSimulator
		{646165A2-305A-49A6-AEFC-D414C8F6A060}.Debug|x86.Deploy.0 = Debug|iPhoneSimulator
		{646165A2-305A-49A6-AEFC-D414C8F6A060}.Release|Any CPU.ActiveCfg = Release|iPhoneSimulator
		{646165A2-305A-49A6-AEFC-D414C8F6A060}.Release|Any CPU.Build.0 = Release|iPhoneSimulator
		{646165A2-305A-49A6-AEFC-D414C8F6A060}.Release|Any CPU.Deploy.0 = Release|iPhoneSimulator
		{646165A2-305A-49A6-AEFC-D414C8F6A060}.Release|ARM.ActiveCfg = Release|iPhoneSimulator
		{646165A2-305A-49A6-AEFC-D414C8F6A060}.Release|ARM.Build.0 = Release|iPhoneSimulator
		{646165A2-305A-49A6-AEFC-D414C8F6A060}.Release|ARM.Deploy.0 = Release|iPhoneSimulator
		{646165A2-305A-49A6-AEFC-D414C8F6A060}.Release|iPhone.ActiveCfg = Release|iPhone
		{646165A2-305A-49A6-AEFC-D414C8F6A060}.Release|iPhone.Build.0 = Release|iPhone
		{646165A2-305A-49A6-AEFC-D414C8F6A060}.Release|iPhone.Deploy.0 = Release|iPhone
		{646165A2-305A-49A6-AEFC-D414C8F6A060}.Release|iPhoneSimulator.ActiveCfg = Release|iPhoneSimulator
		{646165A2-305A-49A6-AEFC-D414C8F6A060}.Release|iPhoneSimulator.Build.0 = Release|iPhoneSimulator
		{646165A2-305A-49A6-AEFC-D414C8F6A060}.Release|iPhoneSimulator.Deploy.0 = Release|iPhoneSimulator
		{646165A2-305A-49A6-AEFC-D414C8F6A060}.Release|x64.ActiveCfg = Release|iPhoneSimulator
		{646165A2-305A-49A6-AEFC-D414C8F6A060}.Release|x64.Build.0 = Release|iPhoneSimulator
		{646165A2-305A-49A6-AEFC-D414C8F6A060}.Release|x64.Deploy.0 = Release|iPhoneSimulator
		{646165A2-305A-49A6-AEFC-D414C8F6A060}.Release|x86.ActiveCfg = Release|iPhoneSimulator
		{646165A2-305A-49A6-AEFC-D414C8F6A060}.Release|x86.Build.0 = Release|iPhoneSimulator
		{646165A2-305A-49A6-AEFC-D414C8F6A060}.Release|x86.Deploy.0 = Release|iPhoneSimulator
		{6F78CEB5-946C-4C8D-8879-7B064531CDDA}.Debug|Any CPU.ActiveCfg = Debug|Any CPU
		{6F78CEB5-946C-4C8D-8879-7B064531CDDA}.Debug|Any CPU.Build.0 = Debug|Any CPU
		{6F78CEB5-946C-4C8D-8879-7B064531CDDA}.Debug|Any CPU.Deploy.0 = Debug|Any CPU
		{6F78CEB5-946C-4C8D-8879-7B064531CDDA}.Debug|ARM.ActiveCfg = Debug|Any CPU
		{6F78CEB5-946C-4C8D-8879-7B064531CDDA}.Debug|ARM.Build.0 = Debug|Any CPU
		{6F78CEB5-946C-4C8D-8879-7B064531CDDA}.Debug|ARM.Deploy.0 = Debug|Any CPU
		{6F78CEB5-946C-4C8D-8879-7B064531CDDA}.Debug|iPhone.ActiveCfg = Debug|Any CPU
		{6F78CEB5-946C-4C8D-8879-7B064531CDDA}.Debug|iPhone.Build.0 = Debug|Any CPU
		{6F78CEB5-946C-4C8D-8879-7B064531CDDA}.Debug|iPhone.Deploy.0 = Debug|Any CPU
		{6F78CEB5-946C-4C8D-8879-7B064531CDDA}.Debug|iPhoneSimulator.ActiveCfg = Debug|Any CPU
		{6F78CEB5-946C-4C8D-8879-7B064531CDDA}.Debug|iPhoneSimulator.Build.0 = Debug|Any CPU
		{6F78CEB5-946C-4C8D-8879-7B064531CDDA}.Debug|iPhoneSimulator.Deploy.0 = Debug|Any CPU
		{6F78CEB5-946C-4C8D-8879-7B064531CDDA}.Debug|x64.ActiveCfg = Debug|Any CPU
		{6F78CEB5-946C-4C8D-8879-7B064531CDDA}.Debug|x64.Build.0 = Debug|Any CPU
		{6F78CEB5-946C-4C8D-8879-7B064531CDDA}.Debug|x64.Deploy.0 = Debug|Any CPU
		{6F78CEB5-946C-4C8D-8879-7B064531CDDA}.Debug|x86.ActiveCfg = Debug|Any CPU
		{6F78CEB5-946C-4C8D-8879-7B064531CDDA}.Debug|x86.Build.0 = Debug|Any CPU
		{6F78CEB5-946C-4C8D-8879-7B064531CDDA}.Debug|x86.Deploy.0 = Debug|Any CPU
		{6F78CEB5-946C-4C8D-8879-7B064531CDDA}.Release|Any CPU.ActiveCfg = Release|Any CPU
		{6F78CEB5-946C-4C8D-8879-7B064531CDDA}.Release|Any CPU.Build.0 = Release|Any CPU
		{6F78CEB5-946C-4C8D-8879-7B064531CDDA}.Release|Any CPU.Deploy.0 = Release|Any CPU
		{6F78CEB5-946C-4C8D-8879-7B064531CDDA}.Release|ARM.ActiveCfg = Release|Any CPU
		{6F78CEB5-946C-4C8D-8879-7B064531CDDA}.Release|ARM.Build.0 = Release|Any CPU
		{6F78CEB5-946C-4C8D-8879-7B064531CDDA}.Release|ARM.Deploy.0 = Release|Any CPU
		{6F78CEB5-946C-4C8D-8879-7B064531CDDA}.Release|iPhone.ActiveCfg = Release|Any CPU
		{6F78CEB5-946C-4C8D-8879-7B064531CDDA}.Release|iPhone.Build.0 = Release|Any CPU
		{6F78CEB5-946C-4C8D-8879-7B064531CDDA}.Release|iPhone.Deploy.0 = Release|Any CPU
		{6F78CEB5-946C-4C8D-8879-7B064531CDDA}.Release|iPhoneSimulator.ActiveCfg = Release|Any CPU
		{6F78CEB5-946C-4C8D-8879-7B064531CDDA}.Release|iPhoneSimulator.Build.0 = Release|Any CPU
		{6F78CEB5-946C-4C8D-8879-7B064531CDDA}.Release|iPhoneSimulator.Deploy.0 = Release|Any CPU
		{6F78CEB5-946C-4C8D-8879-7B064531CDDA}.Release|x64.ActiveCfg = Release|Any CPU
		{6F78CEB5-946C-4C8D-8879-7B064531CDDA}.Release|x64.Build.0 = Release|Any CPU
		{6F78CEB5-946C-4C8D-8879-7B064531CDDA}.Release|x64.Deploy.0 = Release|Any CPU
		{6F78CEB5-946C-4C8D-8879-7B064531CDDA}.Release|x86.ActiveCfg = Release|Any CPU
		{6F78CEB5-946C-4C8D-8879-7B064531CDDA}.Release|x86.Build.0 = Release|Any CPU
		{6F78CEB5-946C-4C8D-8879-7B064531CDDA}.Release|x86.Deploy.0 = Release|Any CPU
	EndGlobalSection
	GlobalSection(SolutionProperties) = preSolution
		HideSolutionNode = FALSE
	EndGlobalSection
	GlobalSection(ExtensibilityGlobals) = postSolution
		SolutionGuid = {9FB39A1D-33B6-4FD6-AEB3-CD99F2DDCA12}
	EndGlobalSection
EndGlobal
