
Microsoft Visual Studio Solution File, Format Version 12.00
# Visual Studio Version 16
VisualStudioVersion = 16.0.31402.337
MinimumVisualStudioVersion = 10.0.40219.1
Project("{FAE04EC0-301F-11D3-BF4B-00C04F79EFBC}") = "Project5WorkLog.UWP", "Project5WorkLog\Project5WorkLog.UWP\Project5WorkLog.UWP.csproj", "{6A6924DB-13AD-4693-9168-50F46E5A5452}"
EndProject
Project("{FAE04EC0-301F-11D3-BF4B-00C04F79EFBC}") = "Project5WorkLog.Android", "Project5WorkLog\Project5WorkLog.Android\Project5WorkLog.Android.csproj", "{BD020111-A1A4-4BA1-A900-79308AB157A5}"
EndProject
Project("{FAE04EC0-301F-11D3-BF4B-00C04F79EFBC}") = "Project5WorkLog.iOS", "Project5WorkLog\Project5WorkLog.iOS\Project5WorkLog.iOS.csproj", "{2DB23C4C-3621-4827-AB3B-195E2212F3DC}"
EndProject
Project("{9A19103F-16F7-4668-BE54-9A1E7A4F7556}") = "Project5WorkLog", "Project5WorkLog\Project5WorkLog\Project5WorkLog.csproj", "{165C4210-BC07-4C76-AA80-04D36F831A54}"
EndProject
Global
	GlobalSection(SolutionConfigurationPlatforms) = preSolution
		Debug|Any CPU = Debug|Any CPU
		Debug|ARM = Debug|ARM
		Debug|iPhone = Debug|iPhone
		Debug|iPhoneSimulator = Debug|iPhoneSimulator
		Debug|x64 = Debug|x64
		Debug|x86 = Debug|x86
		Release|Any CPU = Release|Any CPU
		Release|ARM = Release|ARM
		Release|iPhone = Release|iPhone
		Release|iPhoneSimulator = Release|iPhoneSimulator
		Release|x64 = Release|x64
		Release|x86 = Release|x86
	EndGlobalSection
	GlobalSection(ProjectConfigurationPlatforms) = postSolution
		{6A6924DB-13AD-4693-9168-50F46E5A5452}.Debug|Any CPU.ActiveCfg = Debug|x86
		{6A6924DB-13AD-4693-9168-50F46E5A5452}.Debug|Any CPU.Build.0 = Debug|x86
		{6A6924DB-13AD-4693-9168-50F46E5A5452}.Debug|Any CPU.Deploy.0 = Debug|x86
		{6A6924DB-13AD-4693-9168-50F46E5A5452}.Debug|ARM.ActiveCfg = Debug|ARM
		{6A6924DB-13AD-4693-9168-50F46E5A5452}.Debug|ARM.Build.0 = Debug|ARM
		{6A6924DB-13AD-4693-9168-50F46E5A5452}.Debug|ARM.Deploy.0 = Debug|ARM
		{6A6924DB-13AD-4693-9168-50F46E5A5452}.Debug|iPhone.ActiveCfg = Debug|x86
		{6A6924DB-13AD-4693-9168-50F46E5A5452}.Debug|iPhone.Build.0 = Debug|x86
		{6A6924DB-13AD-4693-9168-50F46E5A5452}.Debug|iPhone.Deploy.0 = Debug|x86
		{6A6924DB-13AD-4693-9168-50F46E5A5452}.Debug|iPhoneSimulator.ActiveCfg = Debug|x86
		{6A6924DB-13AD-4693-9168-50F46E5A5452}.Debug|iPhoneSimulator.Build.0 = Debug|x86
		{6A6924DB-13AD-4693-9168-50F46E5A5452}.Debug|iPhoneSimulator.Deploy.0 = Debug|x86
		{6A6924DB-13AD-4693-9168-50F46E5A5452}.Debug|x64.ActiveCfg = Debug|x64
		{6A6924DB-13AD-4693-9168-50F46E5A5452}.Debug|x64.Build.0 = Debug|x64
		{6A6924DB-13AD-4693-9168-50F46E5A5452}.Debug|x64.Deploy.0 = Debug|x64
		{6A6924DB-13AD-4693-9168-50F46E5A5452}.Debug|x86.ActiveCfg = Debug|x86
		{6A6924DB-13AD-4693-9168-50F46E5A5452}.Debug|x86.Build.0 = Debug|x86
		{6A6924DB-13AD-4693-9168-50F46E5A5452}.Debug|x86.Deploy.0 = Debug|x86
		{6A6924DB-13AD-4693-9168-50F46E5A5452}.Release|Any CPU.ActiveCfg = Release|x86
		{6A6924DB-13AD-4693-9168-50F46E5A5452}.Release|Any CPU.Build.0 = Release|x86
		{6A6924DB-13AD-4693-9168-50F46E5A5452}.Release|Any CPU.Deploy.0 = Release|x86
		{6A6924DB-13AD-4693-9168-50F46E5A5452}.Release|ARM.ActiveCfg = Release|ARM
		{6A6924DB-13AD-4693-9168-50F46E5A5452}.Release|ARM.Build.0 = Release|ARM
		{6A6924DB-13AD-4693-9168-50F46E5A5452}.Release|ARM.Deploy.0 = Release|ARM
		{6A6924DB-13AD-4693-9168-50F46E5A5452}.Release|iPhone.ActiveCfg = Release|x86
		{6A6924DB-13AD-4693-9168-50F46E5A5452}.Release|iPhone.Build.0 = Release|x86
		{6A6924DB-13AD-4693-9168-50F46E5A5452}.Release|iPhone.Deploy.0 = Release|x86
		{6A6924DB-13AD-4693-9168-50F46E5A5452}.Release|iPhoneSimulator.ActiveCfg = Release|x86
		{6A6924DB-13AD-4693-9168-50F46E5A5452}.Release|iPhoneSimulator.Build.0 = Release|x86
		{6A6924DB-13AD-4693-9168-50F46E5A5452}.Release|iPhoneSimulator.Deploy.0 = Release|x86
		{6A6924DB-13AD-4693-9168-50F46E5A5452}.Release|x64.ActiveCfg = Release|x64
		{6A6924DB-13AD-4693-9168-50F46E5A5452}.Release|x64.Build.0 = Release|x64
		{6A6924DB-13AD-4693-9168-50F46E5A5452}.Release|x64.Deploy.0 = Release|x64
		{6A6924DB-13AD-4693-9168-50F46E5A5452}.Release|x86.ActiveCfg = Release|x86
		{6A6924DB-13AD-4693-9168-50F46E5A5452}.Release|x86.Build.0 = Release|x86
		{6A6924DB-13AD-4693-9168-50F46E5A5452}.Release|x86.Deploy.0 = Release|x86
		{BD020111-A1A4-4BA1-A900-79308AB157A5}.Debug|Any CPU.ActiveCfg = Debug|Any CPU
		{BD020111-A1A4-4BA1-A900-79308AB157A5}.Debug|Any CPU.Build.0 = Debug|Any CPU
		{BD020111-A1A4-4BA1-A900-79308AB157A5}.Debug|Any CPU.Deploy.0 = Debug|Any CPU
		{BD020111-A1A4-4BA1-A900-79308AB157A5}.Debug|ARM.ActiveCfg = Debug|Any CPU
		{BD020111-A1A4-4BA1-A900-79308AB157A5}.Debug|ARM.Build.0 = Debug|Any CPU
		{BD020111-A1A4-4BA1-A900-79308AB157A5}.Debug|ARM.Deploy.0 = Debug|Any CPU
		{BD020111-A1A4-4BA1-A900-79308AB157A5}.Debug|iPhone.ActiveCfg = Debug|Any CPU
		{BD020111-A1A4-4BA1-A900-79308AB157A5}.Debug|iPhone.Build.0 = Debug|Any CPU
		{BD020111-A1A4-4BA1-A900-79308AB157A5}.Debug|iPhone.Deploy.0 = Debug|Any CPU
		{BD020111-A1A4-4BA1-A900-79308AB157A5}.Debug|iPhoneSimulator.ActiveCfg = Debug|Any CPU
		{BD020111-A1A4-4BA1-A900-79308AB157A5}.Debug|iPhoneSimulator.Build.0 = Debug|Any CPU
		{BD020111-A1A4-4BA1-A900-79308AB157A5}.Debug|iPhoneSimulator.Deploy.0 = Debug|Any CPU
		{BD020111-A1A4-4BA1-A900-79308AB157A5}.Debug|x64.ActiveCfg = Debug|Any CPU
		{BD020111-A1A4-4BA1-A900-79308AB157A5}.Debug|x64.Build.0 = Debug|Any CPU
		{BD020111-A1A4-4BA1-A900-79308AB157A5}.Debug|x64.Deploy.0 = Debug|Any CPU
		{BD020111-A1A4-4BA1-A900-79308AB157A5}.Debug|x86.ActiveCfg = Debug|Any CPU
		{BD020111-A1A4-4BA1-A900-79308AB157A5}.Debug|x86.Build.0 = Debug|Any CPU
		{BD020111-A1A4-4BA1-A900-79308AB157A5}.Debug|x86.Deploy.0 = Debug|Any CPU
		{BD020111-A1A4-4BA1-A900-79308AB157A5}.Release|Any CPU.ActiveCfg = Release|Any CPU
		{BD020111-A1A4-4BA1-A900-79308AB157A5}.Release|Any CPU.Build.0 = Release|Any CPU
		{BD020111-A1A4-4BA1-A900-79308AB157A5}.Release|Any CPU.Deploy.0 = Release|Any CPU
		{BD020111-A1A4-4BA1-A900-79308AB157A5}.Release|ARM.ActiveCfg = Release|Any CPU
		{BD020111-A1A4-4BA1-A900-79308AB157A5}.Release|ARM.Build.0 = Release|Any CPU
		{BD020111-A1A4-4BA1-A900-79308AB157A5}.Release|ARM.Deploy.0 = Release|Any CPU
		{BD020111-A1A4-4BA1-A900-79308AB157A5}.Release|iPhone.ActiveCfg = Release|Any CPU
		{BD020111-A1A4-4BA1-A900-79308AB157A5}.Release|iPhone.Build.0 = Release|Any CPU
		{BD020111-A1A4-4BA1-A900-79308AB157A5}.Release|iPhone.Deploy.0 = Release|Any CPU
		{BD020111-A1A4-4BA1-A900-79308AB157A5}.Release|iPhoneSimulator.ActiveCfg = Release|Any CPU
		{BD020111-A1A4-4BA1-A900-79308AB157A5}.Release|iPhoneSimulator.Build.0 = Release|Any CPU
		{BD020111-A1A4-4BA1-A900-79308AB157A5}.Release|iPhoneSimulator.Deploy.0 = Release|Any CPU
		{BD020111-A1A4-4BA1-A900-79308AB157A5}.Release|x64.ActiveCfg = Release|Any CPU
		{BD020111-A1A4-4BA1-A900-79308AB157A5}.Release|x64.Build.0 = Release|Any CPU
		{BD020111-A1A4-4BA1-A900-79308AB157A5}.Release|x64.Deploy.0 = Release|Any CPU
		{BD020111-A1A4-4BA1-A900-79308AB157A5}.Release|x86.ActiveCfg = Release|Any CPU
		{BD020111-A1A4-4BA1-A900-79308AB157A5}.Release|x86.Build.0 = Release|Any CPU
		{BD020111-A1A4-4BA1-A900-79308AB157A5}.Release|x86.Deploy.0 = Release|Any CPU
		{2DB23C4C-3621-4827-AB3B-195E2212F3DC}.Debug|Any CPU.ActiveCfg = Debug|iPhoneSimulator
		{2DB23C4C-3621-4827-AB3B-195E2212F3DC}.Debug|Any CPU.Build.0 = Debug|iPhoneSimulator
		{2DB23C4C-3621-4827-AB3B-195E2212F3DC}.Debug|Any CPU.Deploy.0 = Debug|iPhoneSimulator
		{2DB23C4C-3621-4827-AB3B-195E2212F3DC}.Debug|ARM.ActiveCfg = Debug|iPhone
		{2DB23C4C-3621-4827-AB3B-195E2212F3DC}.Debug|ARM.Build.0 = Debug|iPhone
		{2DB23C4C-3621-4827-AB3B-195E2212F3DC}.Debug|ARM.Deploy.0 = Debug|iPhone
		{2DB23C4C-3621-4827-AB3B-195E2212F3DC}.Debug|iPhone.ActiveCfg = Debug|iPhone
		{2DB23C4C-3621-4827-AB3B-195E2212F3DC}.Debug|iPhone.Build.0 = Debug|iPhone
		{2DB23C4C-3621-4827-AB3B-195E2212F3DC}.Debug|iPhone.Deploy.0 = Debug|iPhone
		{2DB23C4C-3621-4827-AB3B-195E2212F3DC}.Debug|iPhoneSimulator.ActiveCfg = Debug|iPhoneSimulator
		{2DB23C4C-3621-4827-AB3B-195E2212F3DC}.Debug|iPhoneSimulator.Build.0 = Debug|iPhoneSimulator
		{2DB23C4C-3621-4827-AB3B-195E2212F3DC}.Debug|iPhoneSimulator.Deploy.0 = Debug|iPhoneSimulator
		{2DB23C4C-3621-4827-AB3B-195E2212F3DC}.Debug|x64.ActiveCfg = Debug|iPhoneSimulator
		{2DB23C4C-3621-4827-AB3B-195E2212F3DC}.Debug|x64.Build.0 = Debug|iPhoneSimulator
		{2DB23C4C-3621-4827-AB3B-195E2212F3DC}.Debug|x64.Deploy.0 = Debug|iPhoneSimulator
		{2DB23C4C-3621-4827-AB3B-195E2212F3DC}.Debug|x86.ActiveCfg = Debug|iPhoneSimulator
		{2DB23C4C-3621-4827-AB3B-195E2212F3DC}.Debug|x86.Build.0 = Debug|iPhoneSimulator
		{2DB23C4C-3621-4827-AB3B-195E2212F3DC}.Debug|x86.Deploy.0 = Debug|iPhoneSimulator
		{2DB23C4C-3621-4827-AB3B-195E2212F3DC}.Release|Any CPU.ActiveCfg = Release|iPhoneSimulator
		{2DB23C4C-3621-4827-AB3B-195E2212F3DC}.Release|Any CPU.Build.0 = Release|iPhoneSimulator
		{2DB23C4C-3621-4827-AB3B-195E2212F3DC}.Release|Any CPU.Deploy.0 = Release|iPhoneSimulator
		{2DB23C4C-3621-4827-AB3B-195E2212F3DC}.Release|ARM.ActiveCfg = Release|iPhoneSimulator
		{2DB23C4C-3621-4827-AB3B-195E2212F3DC}.Release|ARM.Build.0 = Release|iPhoneSimulator
		{2DB23C4C-3621-4827-AB3B-195E2212F3DC}.Release|ARM.Deploy.0 = Release|iPhoneSimulator
		{2DB23C4C-3621-4827-AB3B-195E2212F3DC}.Release|iPhone.ActiveCfg = Release|iPhone
		{2DB23C4C-3621-4827-AB3B-195E2212F3DC}.Release|iPhone.Build.0 = Release|iPhone
		{2DB23C4C-3621-4827-AB3B-195E2212F3DC}.Release|iPhone.Deploy.0 = Release|iPhone
		{2DB23C4C-3621-4827-AB3B-195E2212F3DC}.Release|iPhoneSimulator.ActiveCfg = Release|iPhoneSimulator
		{2DB23C4C-3621-4827-AB3B-195E2212F3DC}.Release|iPhoneSimulator.Build.0 = Release|iPhoneSimulator
		{2DB23C4C-3621-4827-AB3B-195E2212F3DC}.Release|iPhoneSimulator.Deploy.0 = Release|iPhoneSimulator
		{2DB23C4C-3621-4827-AB3B-195E2212F3DC}.Release|x64.ActiveCfg = Release|iPhoneSimulator
		{2DB23C4C-3621-4827-AB3B-195E2212F3DC}.Release|x64.Build.0 = Release|iPhoneSimulator
		{2DB23C4C-3621-4827-AB3B-195E2212F3DC}.Release|x64.Deploy.0 = Release|iPhoneSimulator
		{2DB23C4C-3621-4827-AB3B-195E2212F3DC}.Release|x86.ActiveCfg = Release|iPhoneSimulator
		{2DB23C4C-3621-4827-AB3B-195E2212F3DC}.Release|x86.Build.0 = Release|iPhoneSimulator
		{2DB23C4C-3621-4827-AB3B-195E2212F3DC}.Release|x86.Deploy.0 = Release|iPhoneSimulator
		{165C4210-BC07-4C76-AA80-04D36F831A54}.Debug|Any CPU.ActiveCfg = Debug|Any CPU
		{165C4210-BC07-4C76-AA80-04D36F831A54}.Debug|Any CPU.Build.0 = Debug|Any CPU
		{165C4210-BC07-4C76-AA80-04D36F831A54}.Debug|Any CPU.Deploy.0 = Debug|Any CPU
		{165C4210-BC07-4C76-AA80-04D36F831A54}.Debug|ARM.ActiveCfg = Debug|Any CPU
		{165C4210-BC07-4C76-AA80-04D36F831A54}.Debug|ARM.Build.0 = Debug|Any CPU
		{165C4210-BC07-4C76-AA80-04D36F831A54}.Debug|ARM.Deploy.0 = Debug|Any CPU
		{165C4210-BC07-4C76-AA80-04D36F831A54}.Debug|iPhone.ActiveCfg = Debug|Any CPU
		{165C4210-BC07-4C76-AA80-04D36F831A54}.Debug|iPhone.Build.0 = Debug|Any CPU
		{165C4210-BC07-4C76-AA80-04D36F831A54}.Debug|iPhone.Deploy.0 = Debug|Any CPU
		{165C4210-BC07-4C76-AA80-04D36F831A54}.Debug|iPhoneSimulator.ActiveCfg = Debug|Any CPU
		{165C4210-BC07-4C76-AA80-04D36F831A54}.Debug|iPhoneSimulator.Build.0 = Debug|Any CPU
		{165C4210-BC07-4C76-AA80-04D36F831A54}.Debug|iPhoneSimulator.Deploy.0 = Debug|Any CPU
		{165C4210-BC07-4C76-AA80-04D36F831A54}.Debug|x64.ActiveCfg = Debug|Any CPU
		{165C4210-BC07-4C76-AA80-04D36F831A54}.Debug|x64.Build.0 = Debug|Any CPU
		{165C4210-BC07-4C76-AA80-04D36F831A54}.Debug|x64.Deploy.0 = Debug|Any CPU
		{165C4210-BC07-4C76-AA80-04D36F831A54}.Debug|x86.ActiveCfg = Debug|Any CPU
		{165C4210-BC07-4C76-AA80-04D36F831A54}.Debug|x86.Build.0 = Debug|Any CPU
		{165C4210-BC07-4C76-AA80-04D36F831A54}.Debug|x86.Deploy.0 = Debug|Any CPU
		{165C4210-BC07-4C76-AA80-04D36F831A54}.Release|Any CPU.ActiveCfg = Release|Any CPU
		{165C4210-BC07-4C76-AA80-04D36F831A54}.Release|Any CPU.Build.0 = Release|Any CPU
		{165C4210-BC07-4C76-AA80-04D36F831A54}.Release|Any CPU.Deploy.0 = Release|Any CPU
		{165C4210-BC07-4C76-AA80-04D36F831A54}.Release|ARM.ActiveCfg = Release|Any CPU
		{165C4210-BC07-4C76-AA80-04D36F831A54}.Release|ARM.Build.0 = Release|Any CPU
		{165C4210-BC07-4C76-AA80-04D36F831A54}.Release|ARM.Deploy.0 = Release|Any CPU
		{165C4210-BC07-4C76-AA80-04D36F831A54}.Release|iPhone.ActiveCfg = Release|Any CPU
		{165C4210-BC07-4C76-AA80-04D36F831A54}.Release|iPhone.Build.0 = Release|Any CPU
		{165C4210-BC07-4C76-AA80-04D36F831A54}.Release|iPhone.Deploy.0 = Release|Any CPU
		{165C4210-BC07-4C76-AA80-04D36F831A54}.Release|iPhoneSimulator.ActiveCfg = Release|Any CPU
		{165C4210-BC07-4C76-AA80-04D36F831A54}.Release|iPhoneSimulator.Build.0 = Release|Any CPU
		{165C4210-BC07-4C76-AA80-04D36F831A54}.Release|iPhoneSimulator.Deploy.0 = Release|Any CPU
		{165C4210-BC07-4C76-AA80-04D36F831A54}.Release|x64.ActiveCfg = Release|Any CPU
		{165C4210-BC07-4C76-AA80-04D36F831A54}.Release|x64.Build.0 = Release|Any CPU
		{165C4210-BC07-4C76-AA80-04D36F831A54}.Release|x64.Deploy.0 = Release|Any CPU
		{165C4210-BC07-4C76-AA80-04D36F831A54}.Release|x86.ActiveCfg = Release|Any CPU
		{165C4210-BC07-4C76-AA80-04D36F831A54}.Release|x86.Build.0 = Release|Any CPU
		{165C4210-BC07-4C76-AA80-04D36F831A54}.Release|x86.Deploy.0 = Release|Any CPU
	EndGlobalSection
	GlobalSection(SolutionProperties) = preSolution
		HideSolutionNode = FALSE
	EndGlobalSection
	GlobalSection(ExtensibilityGlobals) = postSolution
		SolutionGuid = {F5B8590A-C50A-4CA7-889E-C0B8D922A43D}
	EndGlobalSection
EndGlobal
