
Microsoft Visual Studio Solution File, Format Version 12.00
# Visual Studio Version 16
VisualStudioVersion = 16.0.29806.167
MinimumVisualStudioVersion = 10.0.40219.1
Project("{FAE04EC0-301F-11D3-BF4B-00C04F79EFBC}") = "SharedResources.UWP", "SharedResources\SharedResources.UWP\SharedResources.UWP.csproj", "{72E8D302-1022-4C14-BD42-792CA2838C47}"
EndProject
Project("{FAE04EC0-301F-11D3-BF4B-00C04F79EFBC}") = "SharedResources.Android", "SharedResources\SharedResources.Android\SharedResources.Android.csproj", "{FE3AD313-27AF-4A47-B94F-A83B9BF3EE1E}"
EndProject
Project("{FAE04EC0-301F-11D3-BF4B-00C04F79EFBC}") = "SharedResources.iOS", "SharedResources\SharedResources.iOS\SharedResources.iOS.csproj", "{DC2BF8AF-EF99-4EF8-AF2B-B9665E0C6799}"
EndProject
Project("{FAE04EC0-301F-11D3-BF4B-00C04F79EFBC}") = "SharedResources", "SharedResources\SharedResources\SharedResources.csproj", "{BD12DCA3-0B8B-4B23-8CDC-8C81E8DEA708}"
EndProject
Global
	GlobalSection(SolutionConfigurationPlatforms) = preSolution
		Debug|Any CPU = Debug|Any CPU
		Debug|ARM = Debug|ARM
		Debug|iPhone = Debug|iPhone
		Debug|iPhoneSimulator = Debug|iPhoneSimulator
		Debug|x64 = Debug|x64
		Debug|x86 = Debug|x86
		Release|Any CPU = Release|Any CPU
		Release|ARM = Release|ARM
		Release|iPhone = Release|iPhone
		Release|iPhoneSimulator = Release|iPhoneSimulator
		Release|x64 = Release|x64
		Release|x86 = Release|x86
	EndGlobalSection
	GlobalSection(ProjectConfigurationPlatforms) = postSolution
		{72E8D302-1022-4C14-BD42-792CA2838C47}.Debug|Any CPU.ActiveCfg = Debug|x86
		{72E8D302-1022-4C14-BD42-792CA2838C47}.Debug|Any CPU.Build.0 = Debug|x86
		{72E8D302-1022-4C14-BD42-792CA2838C47}.Debug|Any CPU.Deploy.0 = Debug|x86
		{72E8D302-1022-4C14-BD42-792CA2838C47}.Debug|ARM.ActiveCfg = Debug|ARM
		{72E8D302-1022-4C14-BD42-792CA2838C47}.Debug|ARM.Build.0 = Debug|ARM
		{72E8D302-1022-4C14-BD42-792CA2838C47}.Debug|ARM.Deploy.0 = Debug|ARM
		{72E8D302-1022-4C14-BD42-792CA2838C47}.Debug|iPhone.ActiveCfg = Debug|x86
		{72E8D302-1022-4C14-BD42-792CA2838C47}.Debug|iPhone.Build.0 = Debug|x86
		{72E8D302-1022-4C14-BD42-792CA2838C47}.Debug|iPhone.Deploy.0 = Debug|x86
		{72E8D302-1022-4C14-BD42-792CA2838C47}.Debug|iPhoneSimulator.ActiveCfg = Debug|x86
		{72E8D302-1022-4C14-BD42-792CA2838C47}.Debug|iPhoneSimulator.Build.0 = Debug|x86
		{72E8D302-1022-4C14-BD42-792CA2838C47}.Debug|iPhoneSimulator.Deploy.0 = Debug|x86
		{72E8D302-1022-4C14-BD42-792CA2838C47}.Debug|x64.ActiveCfg = Debug|x64
		{72E8D302-1022-4C14-BD42-792CA2838C47}.Debug|x64.Build.0 = Debug|x64
		{72E8D302-1022-4C14-BD42-792CA2838C47}.Debug|x64.Deploy.0 = Debug|x64
		{72E8D302-1022-4C14-BD42-792CA2838C47}.Debug|x86.ActiveCfg = Debug|x86
		{72E8D302-1022-4C14-BD42-792CA2838C47}.Debug|x86.Build.0 = Debug|x86
		{72E8D302-1022-4C14-BD42-792CA2838C47}.Debug|x86.Deploy.0 = Debug|x86
		{72E8D302-1022-4C14-BD42-792CA2838C47}.Release|Any CPU.ActiveCfg = Release|x86
		{72E8D302-1022-4C14-BD42-792CA2838C47}.Release|Any CPU.Build.0 = Release|x86
		{72E8D302-1022-4C14-BD42-792CA2838C47}.Release|Any CPU.Deploy.0 = Release|x86
		{72E8D302-1022-4C14-BD42-792CA2838C47}.Release|ARM.ActiveCfg = Release|ARM
		{72E8D302-1022-4C14-BD42-792CA2838C47}.Release|ARM.Build.0 = Release|ARM
		{72E8D302-1022-4C14-BD42-792CA2838C47}.Release|ARM.Deploy.0 = Release|ARM
		{72E8D302-1022-4C14-BD42-792CA2838C47}.Release|iPhone.ActiveCfg = Release|x86
		{72E8D302-1022-4C14-BD42-792CA2838C47}.Release|iPhone.Build.0 = Release|x86
		{72E8D302-1022-4C14-BD42-792CA2838C47}.Release|iPhone.Deploy.0 = Release|x86
		{72E8D302-1022-4C14-BD42-792CA2838C47}.Release|iPhoneSimulator.ActiveCfg = Release|x86
		{72E8D302-1022-4C14-BD42-792CA2838C47}.Release|iPhoneSimulator.Build.0 = Release|x86
		{72E8D302-1022-4C14-BD42-792CA2838C47}.Release|iPhoneSimulator.Deploy.0 = Release|x86
		{72E8D302-1022-4C14-BD42-792CA2838C47}.Release|x64.ActiveCfg = Release|x64
		{72E8D302-1022-4C14-BD42-792CA2838C47}.Release|x64.Build.0 = Release|x64
		{72E8D302-1022-4C14-BD42-792CA2838C47}.Release|x64.Deploy.0 = Release|x64
		{72E8D302-1022-4C14-BD42-792CA2838C47}.Release|x86.ActiveCfg = Release|x86
		{72E8D302-1022-4C14-BD42-792CA2838C47}.Release|x86.Build.0 = Release|x86
		{72E8D302-1022-4C14-BD42-792CA2838C47}.Release|x86.Deploy.0 = Release|x86
		{FE3AD313-27AF-4A47-B94F-A83B9BF3EE1E}.Debug|Any CPU.ActiveCfg = Debug|Any CPU
		{FE3AD313-27AF-4A47-B94F-A83B9BF3EE1E}.Debug|Any CPU.Build.0 = Debug|Any CPU
		{FE3AD313-27AF-4A47-B94F-A83B9BF3EE1E}.Debug|Any CPU.Deploy.0 = Debug|Any CPU
		{FE3AD313-27AF-4A47-B94F-A83B9BF3EE1E}.Debug|ARM.ActiveCfg = Debug|Any CPU
		{FE3AD313-27AF-4A47-B94F-A83B9BF3EE1E}.Debug|ARM.Build.0 = Debug|Any CPU
		{FE3AD313-27AF-4A47-B94F-A83B9BF3EE1E}.Debug|ARM.Deploy.0 = Debug|Any CPU
		{FE3AD313-27AF-4A47-B94F-A83B9BF3EE1E}.Debug|iPhone.ActiveCfg = Debug|Any CPU
		{FE3AD313-27AF-4A47-B94F-A83B9BF3EE1E}.Debug|iPhone.Build.0 = Debug|Any CPU
		{FE3AD313-27AF-4A47-B94F-A83B9BF3EE1E}.Debug|iPhone.Deploy.0 = Debug|Any CPU
		{FE3AD313-27AF-4A47-B94F-A83B9BF3EE1E}.Debug|iPhoneSimulator.ActiveCfg = Debug|Any CPU
		{FE3AD313-27AF-4A47-B94F-A83B9BF3EE1E}.Debug|iPhoneSimulator.Build.0 = Debug|Any CPU
		{FE3AD313-27AF-4A47-B94F-A83B9BF3EE1E}.Debug|iPhoneSimulator.Deploy.0 = Debug|Any CPU
		{FE3AD313-27AF-4A47-B94F-A83B9BF3EE1E}.Debug|x64.ActiveCfg = Debug|Any CPU
		{FE3AD313-27AF-4A47-B94F-A83B9BF3EE1E}.Debug|x64.Build.0 = Debug|Any CPU
		{FE3AD313-27AF-4A47-B94F-A83B9BF3EE1E}.Debug|x64.Deploy.0 = Debug|Any CPU
		{FE3AD313-27AF-4A47-B94F-A83B9BF3EE1E}.Debug|x86.ActiveCfg = Debug|Any CPU
		{FE3AD313-27AF-4A47-B94F-A83B9BF3EE1E}.Debug|x86.Build.0 = Debug|Any CPU
		{FE3AD313-27AF-4A47-B94F-A83B9BF3EE1E}.Debug|x86.Deploy.0 = Debug|Any CPU
		{FE3AD313-27AF-4A47-B94F-A83B9BF3EE1E}.Release|Any CPU.ActiveCfg = Release|Any CPU
		{FE3AD313-27AF-4A47-B94F-A83B9BF3EE1E}.Release|Any CPU.Build.0 = Release|Any CPU
		{FE3AD313-27AF-4A47-B94F-A83B9BF3EE1E}.Release|Any CPU.Deploy.0 = Release|Any CPU
		{FE3AD313-27AF-4A47-B94F-A83B9BF3EE1E}.Release|ARM.ActiveCfg = Release|Any CPU
		{FE3AD313-27AF-4A47-B94F-A83B9BF3EE1E}.Release|ARM.Build.0 = Release|Any CPU
		{FE3AD313-27AF-4A47-B94F-A83B9BF3EE1E}.Release|ARM.Deploy.0 = Release|Any CPU
		{FE3AD313-27AF-4A47-B94F-A83B9BF3EE1E}.Release|iPhone.ActiveCfg = Release|Any CPU
		{FE3AD313-27AF-4A47-B94F-A83B9BF3EE1E}.Release|iPhone.Build.0 = Release|Any CPU
		{FE3AD313-27AF-4A47-B94F-A83B9BF3EE1E}.Release|iPhone.Deploy.0 = Release|Any CPU
		{FE3AD313-27AF-4A47-B94F-A83B9BF3EE1E}.Release|iPhoneSimulator.ActiveCfg = Release|Any CPU
		{FE3AD313-27AF-4A47-B94F-A83B9BF3EE1E}.Release|iPhoneSimulator.Build.0 = Release|Any CPU
		{FE3AD313-27AF-4A47-B94F-A83B9BF3EE1E}.Release|iPhoneSimulator.Deploy.0 = Release|Any CPU
		{FE3AD313-27AF-4A47-B94F-A83B9BF3EE1E}.Release|x64.ActiveCfg = Release|Any CPU
		{FE3AD313-27AF-4A47-B94F-A83B9BF3EE1E}.Release|x64.Build.0 = Release|Any CPU
		{FE3AD313-27AF-4A47-B94F-A83B9BF3EE1E}.Release|x64.Deploy.0 = Release|Any CPU
		{FE3AD313-27AF-4A47-B94F-A83B9BF3EE1E}.Release|x86.ActiveCfg = Release|Any CPU
		{FE3AD313-27AF-4A47-B94F-A83B9BF3EE1E}.Release|x86.Build.0 = Release|Any CPU
		{FE3AD313-27AF-4A47-B94F-A83B9BF3EE1E}.Release|x86.Deploy.0 = Release|Any CPU
		{DC2BF8AF-EF99-4EF8-AF2B-B9665E0C6799}.Debug|Any CPU.ActiveCfg = Debug|iPhone
		{DC2BF8AF-EF99-4EF8-AF2B-B9665E0C6799}.Debug|Any CPU.Build.0 = Debug|iPhone
		{DC2BF8AF-EF99-4EF8-AF2B-B9665E0C6799}.Debug|Any CPU.Deploy.0 = Debug|iPhone
		{DC2BF8AF-EF99-4EF8-AF2B-B9665E0C6799}.Debug|ARM.ActiveCfg = Debug|iPhoneSimulator
		{DC2BF8AF-EF99-4EF8-AF2B-B9665E0C6799}.Debug|ARM.Build.0 = Debug|iPhoneSimulator
		{DC2BF8AF-EF99-4EF8-AF2B-B9665E0C6799}.Debug|ARM.Deploy.0 = Debug|iPhoneSimulator
		{DC2BF8AF-EF99-4EF8-AF2B-B9665E0C6799}.Debug|iPhone.ActiveCfg = Debug|iPhone
		{DC2BF8AF-EF99-4EF8-AF2B-B9665E0C6799}.Debug|iPhone.Build.0 = Debug|iPhone
		{DC2BF8AF-EF99-4EF8-AF2B-B9665E0C6799}.Debug|iPhone.Deploy.0 = Debug|iPhone
		{DC2BF8AF-EF99-4EF8-AF2B-B9665E0C6799}.Debug|iPhoneSimulator.ActiveCfg = Debug|iPhoneSimulator
		{DC2BF8AF-EF99-4EF8-AF2B-B9665E0C6799}.Debug|iPhoneSimulator.Build.0 = Debug|iPhoneSimulator
		{DC2BF8AF-EF99-4EF8-AF2B-B9665E0C6799}.Debug|iPhoneSimulator.Deploy.0 = Debug|iPhoneSimulator
		{DC2BF8AF-EF99-4EF8-AF2B-B9665E0C6799}.Debug|x64.ActiveCfg = Debug|iPhone
		{DC2BF8AF-EF99-4EF8-AF2B-B9665E0C6799}.Debug|x64.Build.0 = Debug|iPhone
		{DC2BF8AF-EF99-4EF8-AF2B-B9665E0C6799}.Debug|x64.Deploy.0 = Debug|iPhone
		{DC2BF8AF-EF99-4EF8-AF2B-B9665E0C6799}.Debug|x86.ActiveCfg = Debug|iPhone
		{DC2BF8AF-EF99-4EF8-AF2B-B9665E0C6799}.Debug|x86.Build.0 = Debug|iPhone
		{DC2BF8AF-EF99-4EF8-AF2B-B9665E0C6799}.Debug|x86.Deploy.0 = Debug|iPhone
		{DC2BF8AF-EF99-4EF8-AF2B-B9665E0C6799}.Release|Any CPU.ActiveCfg = Release|iPhone
		{DC2BF8AF-EF99-4EF8-AF2B-B9665E0C6799}.Release|Any CPU.Build.0 = Release|iPhone
		{DC2BF8AF-EF99-4EF8-AF2B-B9665E0C6799}.Release|Any CPU.Deploy.0 = Release|iPhone
		{DC2BF8AF-EF99-4EF8-AF2B-B9665E0C6799}.Release|ARM.ActiveCfg = Release|iPhone
		{DC2BF8AF-EF99-4EF8-AF2B-B9665E0C6799}.Release|ARM.Build.0 = Release|iPhone
		{DC2BF8AF-EF99-4EF8-AF2B-B9665E0C6799}.Release|ARM.Deploy.0 = Release|iPhone
		{DC2BF8AF-EF99-4EF8-AF2B-B9665E0C6799}.Release|iPhone.ActiveCfg = Release|iPhone
		{DC2BF8AF-EF99-4EF8-AF2B-B9665E0C6799}.Release|iPhone.Build.0 = Release|iPhone
		{DC2BF8AF-EF99-4EF8-AF2B-B9665E0C6799}.Release|iPhone.Deploy.0 = Release|iPhone
		{DC2BF8AF-EF99-4EF8-AF2B-B9665E0C6799}.Release|iPhoneSimulator.ActiveCfg = Release|iPhoneSimulator
		{DC2BF8AF-EF99-4EF8-AF2B-B9665E0C6799}.Release|iPhoneSimulator.Build.0 = Release|iPhoneSimulator
		{DC2BF8AF-EF99-4EF8-AF2B-B9665E0C6799}.Release|iPhoneSimulator.Deploy.0 = Release|iPhoneSimulator
		{DC2BF8AF-EF99-4EF8-AF2B-B9665E0C6799}.Release|x64.ActiveCfg = Release|iPhone
		{DC2BF8AF-EF99-4EF8-AF2B-B9665E0C6799}.Release|x64.Build.0 = Release|iPhone
		{DC2BF8AF-EF99-4EF8-AF2B-B9665E0C6799}.Release|x64.Deploy.0 = Release|iPhone
		{DC2BF8AF-EF99-4EF8-AF2B-B9665E0C6799}.Release|x86.ActiveCfg = Release|iPhone
		{DC2BF8AF-EF99-4EF8-AF2B-B9665E0C6799}.Release|x86.Build.0 = Release|iPhone
		{DC2BF8AF-EF99-4EF8-AF2B-B9665E0C6799}.Release|x86.Deploy.0 = Release|iPhone
		{BD12DCA3-0B8B-4B23-8CDC-8C81E8DEA708}.Debug|Any CPU.ActiveCfg = Debug|Any CPU
		{BD12DCA3-0B8B-4B23-8CDC-8C81E8DEA708}.Debug|Any CPU.Build.0 = Debug|Any CPU
		{BD12DCA3-0B8B-4B23-8CDC-8C81E8DEA708}.Debug|Any CPU.Deploy.0 = Debug|Any CPU
		{BD12DCA3-0B8B-4B23-8CDC-8C81E8DEA708}.Debug|ARM.ActiveCfg = Debug|Any CPU
		{BD12DCA3-0B8B-4B23-8CDC-8C81E8DEA708}.Debug|ARM.Build.0 = Debug|Any CPU
		{BD12DCA3-0B8B-4B23-8CDC-8C81E8DEA708}.Debug|ARM.Deploy.0 = Debug|Any CPU
		{BD12DCA3-0B8B-4B23-8CDC-8C81E8DEA708}.Debug|iPhone.ActiveCfg = Debug|Any CPU
		{BD12DCA3-0B8B-4B23-8CDC-8C81E8DEA708}.Debug|iPhone.Build.0 = Debug|Any CPU
		{BD12DCA3-0B8B-4B23-8CDC-8C81E8DEA708}.Debug|iPhone.Deploy.0 = Debug|Any CPU
		{BD12DCA3-0B8B-4B23-8CDC-8C81E8DEA708}.Debug|iPhoneSimulator.ActiveCfg = Debug|Any CPU
		{BD12DCA3-0B8B-4B23-8CDC-8C81E8DEA708}.Debug|iPhoneSimulator.Build.0 = Debug|Any CPU
		{BD12DCA3-0B8B-4B23-8CDC-8C81E8DEA708}.Debug|iPhoneSimulator.Deploy.0 = Debug|Any CPU
		{BD12DCA3-0B8B-4B23-8CDC-8C81E8DEA708}.Debug|x64.ActiveCfg = Debug|Any CPU
		{BD12DCA3-0B8B-4B23-8CDC-8C81E8DEA708}.Debug|x64.Build.0 = Debug|Any CPU
		{BD12DCA3-0B8B-4B23-8CDC-8C81E8DEA708}.Debug|x64.Deploy.0 = Debug|Any CPU
		{BD12DCA3-0B8B-4B23-8CDC-8C81E8DEA708}.Debug|x86.ActiveCfg = Debug|Any CPU
		{BD12DCA3-0B8B-4B23-8CDC-8C81E8DEA708}.Debug|x86.Build.0 = Debug|Any CPU
		{BD12DCA3-0B8B-4B23-8CDC-8C81E8DEA708}.Debug|x86.Deploy.0 = Debug|Any CPU
		{BD12DCA3-0B8B-4B23-8CDC-8C81E8DEA708}.Release|Any CPU.ActiveCfg = Release|Any CPU
		{BD12DCA3-0B8B-4B23-8CDC-8C81E8DEA708}.Release|Any CPU.Build.0 = Release|Any CPU
		{BD12DCA3-0B8B-4B23-8CDC-8C81E8DEA708}.Release|Any CPU.Deploy.0 = Release|Any CPU
		{BD12DCA3-0B8B-4B23-8CDC-8C81E8DEA708}.Release|ARM.ActiveCfg = Release|Any CPU
		{BD12DCA3-0B8B-4B23-8CDC-8C81E8DEA708}.Release|ARM.Build.0 = Release|Any CPU
		{BD12DCA3-0B8B-4B23-8CDC-8C81E8DEA708}.Release|ARM.Deploy.0 = Release|Any CPU
		{BD12DCA3-0B8B-4B23-8CDC-8C81E8DEA708}.Release|iPhone.ActiveCfg = Release|Any CPU
		{BD12DCA3-0B8B-4B23-8CDC-8C81E8DEA708}.Release|iPhone.Build.0 = Release|Any CPU
		{BD12DCA3-0B8B-4B23-8CDC-8C81E8DEA708}.Release|iPhone.Deploy.0 = Release|Any CPU
		{BD12DCA3-0B8B-4B23-8CDC-8C81E8DEA708}.Release|iPhoneSimulator.ActiveCfg = Release|Any CPU
		{BD12DCA3-0B8B-4B23-8CDC-8C81E8DEA708}.Release|iPhoneSimulator.Build.0 = Release|Any CPU
		{BD12DCA3-0B8B-4B23-8CDC-8C81E8DEA708}.Release|iPhoneSimulator.Deploy.0 = Release|Any CPU
		{BD12DCA3-0B8B-4B23-8CDC-8C81E8DEA708}.Release|x64.ActiveCfg = Release|Any CPU
		{BD12DCA3-0B8B-4B23-8CDC-8C81E8DEA708}.Release|x64.Build.0 = Release|Any CPU
		{BD12DCA3-0B8B-4B23-8CDC-8C81E8DEA708}.Release|x64.Deploy.0 = Release|Any CPU
		{BD12DCA3-0B8B-4B23-8CDC-8C81E8DEA708}.Release|x86.ActiveCfg = Release|Any CPU
		{BD12DCA3-0B8B-4B23-8CDC-8C81E8DEA708}.Release|x86.Build.0 = Release|Any CPU
		{BD12DCA3-0B8B-4B23-8CDC-8C81E8DEA708}.Release|x86.Deploy.0 = Release|Any CPU
	EndGlobalSection
	GlobalSection(SolutionProperties) = preSolution
		HideSolutionNode = FALSE
	EndGlobalSection
	GlobalSection(ExtensibilityGlobals) = postSolution
		SolutionGuid = {F0E1C2A6-B7C8-4F28-840A-B0427636CB42}
	EndGlobalSection
EndGlobal
