
Microsoft Visual Studio Solution File, Format Version 12.00
# Visual Studio Version 16
VisualStudioVersion = 16.0.31313.79
MinimumVisualStudioVersion = 10.0.40219.1
Project("{FAE04EC0-301F-11D3-BF4B-00C04F79EFBC}") = "TaxFilter.UWP", "TaxFilter\TaxFilter.UWP\TaxFilter.UWP.csproj", "{DB830DDE-E90B-42F5-BCDA-20A9A77353BA}"
EndProject
Project("{FAE04EC0-301F-11D3-BF4B-00C04F79EFBC}") = "TaxFilter.Android", "TaxFilter\TaxFilter.Android\TaxFilter.Android.csproj", "{05791D54-B61C-4E8C-AE01-EA985C7EED03}"
EndProject
Project("{FAE04EC0-301F-11D3-BF4B-00C04F79EFBC}") = "TaxFilter.iOS", "TaxFilter\TaxFilter.iOS\TaxFilter.iOS.csproj", "{DE374611-D1C0-41D7-90D9-71F6FC0A0629}"
EndProject
Project("{FAE04EC0-301F-11D3-BF4B-00C04F79EFBC}") = "TaxFilter", "TaxFilter\TaxFilter\TaxFilter.csproj", "{6AC76B6F-E77E-4161-850F-FA5856ABCDDD}"
EndProject
Global
	GlobalSection(SolutionConfigurationPlatforms) = preSolution
		Debug|Any CPU = Debug|Any CPU
		Debug|ARM = Debug|ARM
		Debug|iPhone = Debug|iPhone
		Debug|iPhoneSimulator = Debug|iPhoneSimulator
		Debug|x64 = Debug|x64
		Debug|x86 = Debug|x86
		Release|Any CPU = Release|Any CPU
		Release|ARM = Release|ARM
		Release|iPhone = Release|iPhone
		Release|iPhoneSimulator = Release|iPhoneSimulator
		Release|x64 = Release|x64
		Release|x86 = Release|x86
	EndGlobalSection
	GlobalSection(ProjectConfigurationPlatforms) = postSolution
		{DB830DDE-E90B-42F5-BCDA-20A9A77353BA}.Debug|Any CPU.ActiveCfg = Debug|x86
		{DB830DDE-E90B-42F5-BCDA-20A9A77353BA}.Debug|Any CPU.Build.0 = Debug|x86
		{DB830DDE-E90B-42F5-BCDA-20A9A77353BA}.Debug|Any CPU.Deploy.0 = Debug|x86
		{DB830DDE-E90B-42F5-BCDA-20A9A77353BA}.Debug|ARM.ActiveCfg = Debug|ARM
		{DB830DDE-E90B-42F5-BCDA-20A9A77353BA}.Debug|ARM.Build.0 = Debug|ARM
		{DB830DDE-E90B-42F5-BCDA-20A9A77353BA}.Debug|ARM.Deploy.0 = Debug|ARM
		{DB830DDE-E90B-42F5-BCDA-20A9A77353BA}.Debug|iPhone.ActiveCfg = Debug|x86
		{DB830DDE-E90B-42F5-BCDA-20A9A77353BA}.Debug|iPhone.Build.0 = Debug|x86
		{DB830DDE-E90B-42F5-BCDA-20A9A77353BA}.Debug|iPhone.Deploy.0 = Debug|x86
		{DB830DDE-E90B-42F5-BCDA-20A9A77353BA}.Debug|iPhoneSimulator.ActiveCfg = Debug|x86
		{DB830DDE-E90B-42F5-BCDA-20A9A77353BA}.Debug|iPhoneSimulator.Build.0 = Debug|x86
		{DB830DDE-E90B-42F5-BCDA-20A9A77353BA}.Debug|iPhoneSimulator.Deploy.0 = Debug|x86
		{DB830DDE-E90B-42F5-BCDA-20A9A77353BA}.Debug|x64.ActiveCfg = Debug|x64
		{DB830DDE-E90B-42F5-BCDA-20A9A77353BA}.Debug|x64.Build.0 = Debug|x64
		{DB830DDE-E90B-42F5-BCDA-20A9A77353BA}.Debug|x64.Deploy.0 = Debug|x64
		{DB830DDE-E90B-42F5-BCDA-20A9A77353BA}.Debug|x86.ActiveCfg = Debug|x86
		{DB830DDE-E90B-42F5-BCDA-20A9A77353BA}.Debug|x86.Build.0 = Debug|x86
		{DB830DDE-E90B-42F5-BCDA-20A9A77353BA}.Debug|x86.Deploy.0 = Debug|x86
		{DB830DDE-E90B-42F5-BCDA-20A9A77353BA}.Release|Any CPU.ActiveCfg = Release|x86
		{DB830DDE-E90B-42F5-BCDA-20A9A77353BA}.Release|Any CPU.Build.0 = Release|x86
		{DB830DDE-E90B-42F5-BCDA-20A9A77353BA}.Release|Any CPU.Deploy.0 = Release|x86
		{DB830DDE-E90B-42F5-BCDA-20A9A77353BA}.Release|ARM.ActiveCfg = Release|ARM
		{DB830DDE-E90B-42F5-BCDA-20A9A77353BA}.Release|ARM.Build.0 = Release|ARM
		{DB830DDE-E90B-42F5-BCDA-20A9A77353BA}.Release|ARM.Deploy.0 = Release|ARM
		{DB830DDE-E90B-42F5-BCDA-20A9A77353BA}.Release|iPhone.ActiveCfg = Release|x86
		{DB830DDE-E90B-42F5-BCDA-20A9A77353BA}.Release|iPhone.Build.0 = Release|x86
		{DB830DDE-E90B-42F5-BCDA-20A9A77353BA}.Release|iPhone.Deploy.0 = Release|x86
		{DB830DDE-E90B-42F5-BCDA-20A9A77353BA}.Release|iPhoneSimulator.ActiveCfg = Release|x86
		{DB830DDE-E90B-42F5-BCDA-20A9A77353BA}.Release|iPhoneSimulator.Build.0 = Release|x86
		{DB830DDE-E90B-42F5-BCDA-20A9A77353BA}.Release|iPhoneSimulator.Deploy.0 = Release|x86
		{DB830DDE-E90B-42F5-BCDA-20A9A77353BA}.Release|x64.ActiveCfg = Release|x64
		{DB830DDE-E90B-42F5-BCDA-20A9A77353BA}.Release|x64.Build.0 = Release|x64
		{DB830DDE-E90B-42F5-BCDA-20A9A77353BA}.Release|x64.Deploy.0 = Release|x64
		{DB830DDE-E90B-42F5-BCDA-20A9A77353BA}.Release|x86.ActiveCfg = Release|x86
		{DB830DDE-E90B-42F5-BCDA-20A9A77353BA}.Release|x86.Build.0 = Release|x86
		{DB830DDE-E90B-42F5-BCDA-20A9A77353BA}.Release|x86.Deploy.0 = Release|x86
		{05791D54-B61C-4E8C-AE01-EA985C7EED03}.Debug|Any CPU.ActiveCfg = Debug|Any CPU
		{05791D54-B61C-4E8C-AE01-EA985C7EED03}.Debug|Any CPU.Build.0 = Debug|Any CPU
		{05791D54-B61C-4E8C-AE01-EA985C7EED03}.Debug|Any CPU.Deploy.0 = Debug|Any CPU
		{05791D54-B61C-4E8C-AE01-EA985C7EED03}.Debug|ARM.ActiveCfg = Debug|Any CPU
		{05791D54-B61C-4E8C-AE01-EA985C7EED03}.Debug|ARM.Build.0 = Debug|Any CPU
		{05791D54-B61C-4E8C-AE01-EA985C7EED03}.Debug|ARM.Deploy.0 = Debug|Any CPU
		{05791D54-B61C-4E8C-AE01-EA985C7EED03}.Debug|iPhone.ActiveCfg = Debug|Any CPU
		{05791D54-B61C-4E8C-AE01-EA985C7EED03}.Debug|iPhone.Build.0 = Debug|Any CPU
		{05791D54-B61C-4E8C-AE01-EA985C7EED03}.Debug|iPhone.Deploy.0 = Debug|Any CPU
		{05791D54-B61C-4E8C-AE01-EA985C7EED03}.Debug|iPhoneSimulator.ActiveCfg = Debug|Any CPU
		{05791D54-B61C-4E8C-AE01-EA985C7EED03}.Debug|iPhoneSimulator.Build.0 = Debug|Any CPU
		{05791D54-B61C-4E8C-AE01-EA985C7EED03}.Debug|iPhoneSimulator.Deploy.0 = Debug|Any CPU
		{05791D54-B61C-4E8C-AE01-EA985C7EED03}.Debug|x64.ActiveCfg = Debug|Any CPU
		{05791D54-B61C-4E8C-AE01-EA985C7EED03}.Debug|x64.Build.0 = Debug|Any CPU
		{05791D54-B61C-4E8C-AE01-EA985C7EED03}.Debug|x64.Deploy.0 = Debug|Any CPU
		{05791D54-B61C-4E8C-AE01-EA985C7EED03}.Debug|x86.ActiveCfg = Debug|Any CPU
		{05791D54-B61C-4E8C-AE01-EA985C7EED03}.Debug|x86.Build.0 = Debug|Any CPU
		{05791D54-B61C-4E8C-AE01-EA985C7EED03}.Debug|x86.Deploy.0 = Debug|Any CPU
		{05791D54-B61C-4E8C-AE01-EA985C7EED03}.Release|Any CPU.ActiveCfg = Release|Any CPU
		{05791D54-B61C-4E8C-AE01-EA985C7EED03}.Release|Any CPU.Build.0 = Release|Any CPU
		{05791D54-B61C-4E8C-AE01-EA985C7EED03}.Release|Any CPU.Deploy.0 = Release|Any CPU
		{05791D54-B61C-4E8C-AE01-EA985C7EED03}.Release|ARM.ActiveCfg = Release|Any CPU
		{05791D54-B61C-4E8C-AE01-EA985C7EED03}.Release|ARM.Build.0 = Release|Any CPU
		{05791D54-B61C-4E8C-AE01-EA985C7EED03}.Release|ARM.Deploy.0 = Release|Any CPU
		{05791D54-B61C-4E8C-AE01-EA985C7EED03}.Release|iPhone.ActiveCfg = Release|Any CPU
		{05791D54-B61C-4E8C-AE01-EA985C7EED03}.Release|iPhone.Build.0 = Release|Any CPU
		{05791D54-B61C-4E8C-AE01-EA985C7EED03}.Release|iPhone.Deploy.0 = Release|Any CPU
		{05791D54-B61C-4E8C-AE01-EA985C7EED03}.Release|iPhoneSimulator.ActiveCfg = Release|Any CPU
		{05791D54-B61C-4E8C-AE01-EA985C7EED03}.Release|iPhoneSimulator.Build.0 = Release|Any CPU
		{05791D54-B61C-4E8C-AE01-EA985C7EED03}.Release|iPhoneSimulator.Deploy.0 = Release|Any CPU
		{05791D54-B61C-4E8C-AE01-EA985C7EED03}.Release|x64.ActiveCfg = Release|Any CPU
		{05791D54-B61C-4E8C-AE01-EA985C7EED03}.Release|x64.Build.0 = Release|Any CPU
		{05791D54-B61C-4E8C-AE01-EA985C7EED03}.Release|x64.Deploy.0 = Release|Any CPU
		{05791D54-B61C-4E8C-AE01-EA985C7EED03}.Release|x86.ActiveCfg = Release|Any CPU
		{05791D54-B61C-4E8C-AE01-EA985C7EED03}.Release|x86.Build.0 = Release|Any CPU
		{05791D54-B61C-4E8C-AE01-EA985C7EED03}.Release|x86.Deploy.0 = Release|Any CPU
		{DE374611-D1C0-41D7-90D9-71F6FC0A0629}.Debug|Any CPU.ActiveCfg = Debug|iPhoneSimulator
		{DE374611-D1C0-41D7-90D9-71F6FC0A0629}.Debug|Any CPU.Build.0 = Debug|iPhoneSimulator
		{DE374611-D1C0-41D7-90D9-71F6FC0A0629}.Debug|Any CPU.Deploy.0 = Debug|iPhoneSimulator
		{DE374611-D1C0-41D7-90D9-71F6FC0A0629}.Debug|ARM.ActiveCfg = Debug|iPhone
		{DE374611-D1C0-41D7-90D9-71F6FC0A0629}.Debug|ARM.Build.0 = Debug|iPhone
		{DE374611-D1C0-41D7-90D9-71F6FC0A0629}.Debug|ARM.Deploy.0 = Debug|iPhone
		{DE374611-D1C0-41D7-90D9-71F6FC0A0629}.Debug|iPhone.ActiveCfg = Debug|iPhone
		{DE374611-D1C0-41D7-90D9-71F6FC0A0629}.Debug|iPhone.Build.0 = Debug|iPhone
		{DE374611-D1C0-41D7-90D9-71F6FC0A0629}.Debug|iPhone.Deploy.0 = Debug|iPhone
		{DE374611-D1C0-41D7-90D9-71F6FC0A0629}.Debug|iPhoneSimulator.ActiveCfg = Debug|iPhoneSimulator
		{DE374611-D1C0-41D7-90D9-71F6FC0A0629}.Debug|iPhoneSimulator.Build.0 = Debug|iPhoneSimulator
		{DE374611-D1C0-41D7-90D9-71F6FC0A0629}.Debug|iPhoneSimulator.Deploy.0 = Debug|iPhoneSimulator
		{DE374611-D1C0-41D7-90D9-71F6FC0A0629}.Debug|x64.ActiveCfg = Debug|iPhoneSimulator
		{DE374611-D1C0-41D7-90D9-71F6FC0A0629}.Debug|x64.Build.0 = Debug|iPhoneSimulator
		{DE374611-D1C0-41D7-90D9-71F6FC0A0629}.Debug|x64.Deploy.0 = Debug|iPhoneSimulator
		{DE374611-D1C0-41D7-90D9-71F6FC0A0629}.Debug|x86.ActiveCfg = Debug|iPhoneSimulator
		{DE374611-D1C0-41D7-90D9-71F6FC0A0629}.Debug|x86.Build.0 = Debug|iPhoneSimulator
		{DE374611-D1C0-41D7-90D9-71F6FC0A0629}.Debug|x86.Deploy.0 = Debug|iPhoneSimulator
		{DE374611-D1C0-41D7-90D9-71F6FC0A0629}.Release|Any CPU.ActiveCfg = Release|iPhoneSimulator
		{DE374611-D1C0-41D7-90D9-71F6FC0A0629}.Release|Any CPU.Build.0 = Release|iPhoneSimulator
		{DE374611-D1C0-41D7-90D9-71F6FC0A0629}.Release|Any CPU.Deploy.0 = Release|iPhoneSimulator
		{DE374611-D1C0-41D7-90D9-71F6FC0A0629}.Release|ARM.ActiveCfg = Release|iPhoneSimulator
		{DE374611-D1C0-41D7-90D9-71F6FC0A0629}.Release|ARM.Build.0 = Release|iPhoneSimulator
		{DE374611-D1C0-41D7-90D9-71F6FC0A0629}.Release|ARM.Deploy.0 = Release|iPhoneSimulator
		{DE374611-D1C0-41D7-90D9-71F6FC0A0629}.Release|iPhone.ActiveCfg = Release|iPhone
		{DE374611-D1C0-41D7-90D9-71F6FC0A0629}.Release|iPhone.Build.0 = Release|iPhone
		{DE374611-D1C0-41D7-90D9-71F6FC0A0629}.Release|iPhone.Deploy.0 = Release|iPhone
		{DE374611-D1C0-41D7-90D9-71F6FC0A0629}.Release|iPhoneSimulator.ActiveCfg = Release|iPhoneSimulator
		{DE374611-D1C0-41D7-90D9-71F6FC0A0629}.Release|iPhoneSimulator.Build.0 = Release|iPhoneSimulator
		{DE374611-D1C0-41D7-90D9-71F6FC0A0629}.Release|iPhoneSimulator.Deploy.0 = Release|iPhoneSimulator
		{DE374611-D1C0-41D7-90D9-71F6FC0A0629}.Release|x64.ActiveCfg = Release|iPhoneSimulator
		{DE374611-D1C0-41D7-90D9-71F6FC0A0629}.Release|x64.Build.0 = Release|iPhoneSimulator
		{DE374611-D1C0-41D7-90D9-71F6FC0A0629}.Release|x64.Deploy.0 = Release|iPhoneSimulator
		{DE374611-D1C0-41D7-90D9-71F6FC0A0629}.Release|x86.ActiveCfg = Release|iPhoneSimulator
		{DE374611-D1C0-41D7-90D9-71F6FC0A0629}.Release|x86.Build.0 = Release|iPhoneSimulator
		{DE374611-D1C0-41D7-90D9-71F6FC0A0629}.Release|x86.Deploy.0 = Release|iPhoneSimulator
		{6AC76B6F-E77E-4161-850F-FA5856ABCDDD}.Debug|Any CPU.ActiveCfg = Debug|Any CPU
		{6AC76B6F-E77E-4161-850F-FA5856ABCDDD}.Debug|Any CPU.Build.0 = Debug|Any CPU
		{6AC76B6F-E77E-4161-850F-FA5856ABCDDD}.Debug|Any CPU.Deploy.0 = Debug|Any CPU
		{6AC76B6F-E77E-4161-850F-FA5856ABCDDD}.Debug|ARM.ActiveCfg = Debug|Any CPU
		{6AC76B6F-E77E-4161-850F-FA5856ABCDDD}.Debug|ARM.Build.0 = Debug|Any CPU
		{6AC76B6F-E77E-4161-850F-FA5856ABCDDD}.Debug|ARM.Deploy.0 = Debug|Any CPU
		{6AC76B6F-E77E-4161-850F-FA5856ABCDDD}.Debug|iPhone.ActiveCfg = Debug|Any CPU
		{6AC76B6F-E77E-4161-850F-FA5856ABCDDD}.Debug|iPhone.Build.0 = Debug|Any CPU
		{6AC76B6F-E77E-4161-850F-FA5856ABCDDD}.Debug|iPhone.Deploy.0 = Debug|Any CPU
		{6AC76B6F-E77E-4161-850F-FA5856ABCDDD}.Debug|iPhoneSimulator.ActiveCfg = Debug|Any CPU
		{6AC76B6F-E77E-4161-850F-FA5856ABCDDD}.Debug|iPhoneSimulator.Build.0 = Debug|Any CPU
		{6AC76B6F-E77E-4161-850F-FA5856ABCDDD}.Debug|iPhoneSimulator.Deploy.0 = Debug|Any CPU
		{6AC76B6F-E77E-4161-850F-FA5856ABCDDD}.Debug|x64.ActiveCfg = Debug|Any CPU
		{6AC76B6F-E77E-4161-850F-FA5856ABCDDD}.Debug|x64.Build.0 = Debug|Any CPU
		{6AC76B6F-E77E-4161-850F-FA5856ABCDDD}.Debug|x64.Deploy.0 = Debug|Any CPU
		{6AC76B6F-E77E-4161-850F-FA5856ABCDDD}.Debug|x86.ActiveCfg = Debug|Any CPU
		{6AC76B6F-E77E-4161-850F-FA5856ABCDDD}.Debug|x86.Build.0 = Debug|Any CPU
		{6AC76B6F-E77E-4161-850F-FA5856ABCDDD}.Debug|x86.Deploy.0 = Debug|Any CPU
		{6AC76B6F-E77E-4161-850F-FA5856ABCDDD}.Release|Any CPU.ActiveCfg = Release|Any CPU
		{6AC76B6F-E77E-4161-850F-FA5856ABCDDD}.Release|Any CPU.Build.0 = Release|Any CPU
		{6AC76B6F-E77E-4161-850F-FA5856ABCDDD}.Release|Any CPU.Deploy.0 = Release|Any CPU
		{6AC76B6F-E77E-4161-850F-FA5856ABCDDD}.Release|ARM.ActiveCfg = Release|Any CPU
		{6AC76B6F-E77E-4161-850F-FA5856ABCDDD}.Release|ARM.Build.0 = Release|Any CPU
		{6AC76B6F-E77E-4161-850F-FA5856ABCDDD}.Release|ARM.Deploy.0 = Release|Any CPU
		{6AC76B6F-E77E-4161-850F-FA5856ABCDDD}.Release|iPhone.ActiveCfg = Release|Any CPU
		{6AC76B6F-E77E-4161-850F-FA5856ABCDDD}.Release|iPhone.Build.0 = Release|Any CPU
		{6AC76B6F-E77E-4161-850F-FA5856ABCDDD}.Release|iPhone.Deploy.0 = Release|Any CPU
		{6AC76B6F-E77E-4161-850F-FA5856ABCDDD}.Release|iPhoneSimulator.ActiveCfg = Release|Any CPU
		{6AC76B6F-E77E-4161-850F-FA5856ABCDDD}.Release|iPhoneSimulator.Build.0 = Release|Any CPU
		{6AC76B6F-E77E-4161-850F-FA5856ABCDDD}.Release|iPhoneSimulator.Deploy.0 = Release|Any CPU
		{6AC76B6F-E77E-4161-850F-FA5856ABCDDD}.Release|x64.ActiveCfg = Release|Any CPU
		{6AC76B6F-E77E-4161-850F-FA5856ABCDDD}.Release|x64.Build.0 = Release|Any CPU
		{6AC76B6F-E77E-4161-850F-FA5856ABCDDD}.Release|x64.Deploy.0 = Release|Any CPU
		{6AC76B6F-E77E-4161-850F-FA5856ABCDDD}.Release|x86.ActiveCfg = Release|Any CPU
		{6AC76B6F-E77E-4161-850F-FA5856ABCDDD}.Release|x86.Build.0 = Release|Any CPU
		{6AC76B6F-E77E-4161-850F-FA5856ABCDDD}.Release|x86.Deploy.0 = Release|Any CPU
	EndGlobalSection
	GlobalSection(SolutionProperties) = preSolution
		HideSolutionNode = FALSE
	EndGlobalSection
	GlobalSection(ExtensibilityGlobals) = postSolution
		SolutionGuid = {F8CC04F4-9413-45E5-B97D-4B04122F3E88}
	EndGlobalSection
EndGlobal
