
Microsoft Visual Studio Solution File, Format Version 12.00
# Visual Studio Version 16
VisualStudioVersion = 16.0.31313.79
MinimumVisualStudioVersion = 10.0.40219.1
Project("{FAE04EC0-301F-11D3-BF4B-00C04F79EFBC}") = "FirstXAML.UWP", "FirstXAML\FirstXAML.UWP\FirstXAML.UWP.csproj", "{ABCD71A4-5535-46B1-AA0C-4333111FDBB0}"
EndProject
Project("{FAE04EC0-301F-11D3-BF4B-00C04F79EFBC}") = "FirstXAML.Android", "FirstXAML\FirstXAML.Android\FirstXAML.Android.csproj", "{FD9DC0DD-0EA0-4E88-B378-F71979D69B17}"
EndProject
Project("{FAE04EC0-301F-11D3-BF4B-00C04F79EFBC}") = "FirstXAML.iOS", "FirstXAML\FirstXAML.iOS\FirstXAML.iOS.csproj", "{0606A5F2-26ED-4542-95D9-CEEF32E455C6}"
EndProject
Project("{FAE04EC0-301F-11D3-BF4B-00C04F79EFBC}") = "FirstXAML", "FirstXAML\FirstXAML\FirstXAML.csproj", "{4BBB35F7-6B3D-4D5D-90D3-0A245E3A5B20}"
EndProject
Global
	GlobalSection(SolutionConfigurationPlatforms) = preSolution
		Debug|Any CPU = Debug|Any CPU
		Debug|ARM = Debug|ARM
		Debug|iPhone = Debug|iPhone
		Debug|iPhoneSimulator = Debug|iPhoneSimulator
		Debug|x64 = Debug|x64
		Debug|x86 = Debug|x86
		Release|Any CPU = Release|Any CPU
		Release|ARM = Release|ARM
		Release|iPhone = Release|iPhone
		Release|iPhoneSimulator = Release|iPhoneSimulator
		Release|x64 = Release|x64
		Release|x86 = Release|x86
	EndGlobalSection
	GlobalSection(ProjectConfigurationPlatforms) = postSolution
		{ABCD71A4-5535-46B1-AA0C-4333111FDBB0}.Debug|Any CPU.ActiveCfg = Debug|x86
		{ABCD71A4-5535-46B1-AA0C-4333111FDBB0}.Debug|Any CPU.Build.0 = Debug|x86
		{ABCD71A4-5535-46B1-AA0C-4333111FDBB0}.Debug|Any CPU.Deploy.0 = Debug|x86
		{ABCD71A4-5535-46B1-AA0C-4333111FDBB0}.Debug|ARM.ActiveCfg = Debug|ARM
		{ABCD71A4-5535-46B1-AA0C-4333111FDBB0}.Debug|ARM.Build.0 = Debug|ARM
		{ABCD71A4-5535-46B1-AA0C-4333111FDBB0}.Debug|ARM.Deploy.0 = Debug|ARM
		{ABCD71A4-5535-46B1-AA0C-4333111FDBB0}.Debug|iPhone.ActiveCfg = Debug|x86
		{ABCD71A4-5535-46B1-AA0C-4333111FDBB0}.Debug|iPhone.Build.0 = Debug|x86
		{ABCD71A4-5535-46B1-AA0C-4333111FDBB0}.Debug|iPhone.Deploy.0 = Debug|x86
		{ABCD71A4-5535-46B1-AA0C-4333111FDBB0}.Debug|iPhoneSimulator.ActiveCfg = Debug|x86
		{ABCD71A4-5535-46B1-AA0C-4333111FDBB0}.Debug|iPhoneSimulator.Build.0 = Debug|x86
		{ABCD71A4-5535-46B1-AA0C-4333111FDBB0}.Debug|iPhoneSimulator.Deploy.0 = Debug|x86
		{ABCD71A4-5535-46B1-AA0C-4333111FDBB0}.Debug|x64.ActiveCfg = Debug|x64
		{ABCD71A4-5535-46B1-AA0C-4333111FDBB0}.Debug|x64.Build.0 = Debug|x64
		{ABCD71A4-5535-46B1-AA0C-4333111FDBB0}.Debug|x64.Deploy.0 = Debug|x64
		{ABCD71A4-5535-46B1-AA0C-4333111FDBB0}.Debug|x86.ActiveCfg = Debug|x86
		{ABCD71A4-5535-46B1-AA0C-4333111FDBB0}.Debug|x86.Build.0 = Debug|x86
		{ABCD71A4-5535-46B1-AA0C-4333111FDBB0}.Debug|x86.Deploy.0 = Debug|x86
		{ABCD71A4-5535-46B1-AA0C-4333111FDBB0}.Release|Any CPU.ActiveCfg = Release|x86
		{ABCD71A4-5535-46B1-AA0C-4333111FDBB0}.Release|Any CPU.Build.0 = Release|x86
		{ABCD71A4-5535-46B1-AA0C-4333111FDBB0}.Release|Any CPU.Deploy.0 = Release|x86
		{ABCD71A4-5535-46B1-AA0C-4333111FDBB0}.Release|ARM.ActiveCfg = Release|ARM
		{ABCD71A4-5535-46B1-AA0C-4333111FDBB0}.Release|ARM.Build.0 = Release|ARM
		{ABCD71A4-5535-46B1-AA0C-4333111FDBB0}.Release|ARM.Deploy.0 = Release|ARM
		{ABCD71A4-5535-46B1-AA0C-4333111FDBB0}.Release|iPhone.ActiveCfg = Release|x86
		{ABCD71A4-5535-46B1-AA0C-4333111FDBB0}.Release|iPhone.Build.0 = Release|x86
		{ABCD71A4-5535-46B1-AA0C-4333111FDBB0}.Release|iPhone.Deploy.0 = Release|x86
		{ABCD71A4-5535-46B1-AA0C-4333111FDBB0}.Release|iPhoneSimulator.ActiveCfg = Release|x86
		{ABCD71A4-5535-46B1-AA0C-4333111FDBB0}.Release|iPhoneSimulator.Build.0 = Release|x86
		{ABCD71A4-5535-46B1-AA0C-4333111FDBB0}.Release|iPhoneSimulator.Deploy.0 = Release|x86
		{ABCD71A4-5535-46B1-AA0C-4333111FDBB0}.Release|x64.ActiveCfg = Release|x64
		{ABCD71A4-5535-46B1-AA0C-4333111FDBB0}.Release|x64.Build.0 = Release|x64
		{ABCD71A4-5535-46B1-AA0C-4333111FDBB0}.Release|x64.Deploy.0 = Release|x64
		{ABCD71A4-5535-46B1-AA0C-4333111FDBB0}.Release|x86.ActiveCfg = Release|x86
		{ABCD71A4-5535-46B1-AA0C-4333111FDBB0}.Release|x86.Build.0 = Release|x86
		{ABCD71A4-5535-46B1-AA0C-4333111FDBB0}.Release|x86.Deploy.0 = Release|x86
		{FD9DC0DD-0EA0-4E88-B378-F71979D69B17}.Debug|Any CPU.ActiveCfg = Debug|Any CPU
		{FD9DC0DD-0EA0-4E88-B378-F71979D69B17}.Debug|Any CPU.Build.0 = Debug|Any CPU
		{FD9DC0DD-0EA0-4E88-B378-F71979D69B17}.Debug|Any CPU.Deploy.0 = Debug|Any CPU
		{FD9DC0DD-0EA0-4E88-B378-F71979D69B17}.Debug|ARM.ActiveCfg = Debug|Any CPU
		{FD9DC0DD-0EA0-4E88-B378-F71979D69B17}.Debug|ARM.Build.0 = Debug|Any CPU
		{FD9DC0DD-0EA0-4E88-B378-F71979D69B17}.Debug|ARM.Deploy.0 = Debug|Any CPU
		{FD9DC0DD-0EA0-4E88-B378-F71979D69B17}.Debug|iPhone.ActiveCfg = Debug|Any CPU
		{FD9DC0DD-0EA0-4E88-B378-F71979D69B17}.Debug|iPhone.Build.0 = Debug|Any CPU
		{FD9DC0DD-0EA0-4E88-B378-F71979D69B17}.Debug|iPhone.Deploy.0 = Debug|Any CPU
		{FD9DC0DD-0EA0-4E88-B378-F71979D69B17}.Debug|iPhoneSimulator.ActiveCfg = Debug|Any CPU
		{FD9DC0DD-0EA0-4E88-B378-F71979D69B17}.Debug|iPhoneSimulator.Build.0 = Debug|Any CPU
		{FD9DC0DD-0EA0-4E88-B378-F71979D69B17}.Debug|iPhoneSimulator.Deploy.0 = Debug|Any CPU
		{FD9DC0DD-0EA0-4E88-B378-F71979D69B17}.Debug|x64.ActiveCfg = Debug|Any CPU
		{FD9DC0DD-0EA0-4E88-B378-F71979D69B17}.Debug|x64.Build.0 = Debug|Any CPU
		{FD9DC0DD-0EA0-4E88-B378-F71979D69B17}.Debug|x64.Deploy.0 = Debug|Any CPU
		{FD9DC0DD-0EA0-4E88-B378-F71979D69B17}.Debug|x86.ActiveCfg = Debug|Any CPU
		{FD9DC0DD-0EA0-4E88-B378-F71979D69B17}.Debug|x86.Build.0 = Debug|Any CPU
		{FD9DC0DD-0EA0-4E88-B378-F71979D69B17}.Debug|x86.Deploy.0 = Debug|Any CPU
		{FD9DC0DD-0EA0-4E88-B378-F71979D69B17}.Release|Any CPU.ActiveCfg = Release|Any CPU
		{FD9DC0DD-0EA0-4E88-B378-F71979D69B17}.Release|Any CPU.Build.0 = Release|Any CPU
		{FD9DC0DD-0EA0-4E88-B378-F71979D69B17}.Release|Any CPU.Deploy.0 = Release|Any CPU
		{FD9DC0DD-0EA0-4E88-B378-F71979D69B17}.Release|ARM.ActiveCfg = Release|Any CPU
		{FD9DC0DD-0EA0-4E88-B378-F71979D69B17}.Release|ARM.Build.0 = Release|Any CPU
		{FD9DC0DD-0EA0-4E88-B378-F71979D69B17}.Release|ARM.Deploy.0 = Release|Any CPU
		{FD9DC0DD-0EA0-4E88-B378-F71979D69B17}.Release|iPhone.ActiveCfg = Release|Any CPU
		{FD9DC0DD-0EA0-4E88-B378-F71979D69B17}.Release|iPhone.Build.0 = Release|Any CPU
		{FD9DC0DD-0EA0-4E88-B378-F71979D69B17}.Release|iPhone.Deploy.0 = Release|Any CPU
		{FD9DC0DD-0EA0-4E88-B378-F71979D69B17}.Release|iPhoneSimulator.ActiveCfg = Release|Any CPU
		{FD9DC0DD-0EA0-4E88-B378-F71979D69B17}.Release|iPhoneSimulator.Build.0 = Release|Any CPU
		{FD9DC0DD-0EA0-4E88-B378-F71979D69B17}.Release|iPhoneSimulator.Deploy.0 = Release|Any CPU
		{FD9DC0DD-0EA0-4E88-B378-F71979D69B17}.Release|x64.ActiveCfg = Release|Any CPU
		{FD9DC0DD-0EA0-4E88-B378-F71979D69B17}.Release|x64.Build.0 = Release|Any CPU
		{FD9DC0DD-0EA0-4E88-B378-F71979D69B17}.Release|x64.Deploy.0 = Release|Any CPU
		{FD9DC0DD-0EA0-4E88-B378-F71979D69B17}.Release|x86.ActiveCfg = Release|Any CPU
		{FD9DC0DD-0EA0-4E88-B378-F71979D69B17}.Release|x86.Build.0 = Release|Any CPU
		{FD9DC0DD-0EA0-4E88-B378-F71979D69B17}.Release|x86.Deploy.0 = Release|Any CPU
		{0606A5F2-26ED-4542-95D9-CEEF32E455C6}.Debug|Any CPU.ActiveCfg = Debug|iPhoneSimulator
		{0606A5F2-26ED-4542-95D9-CEEF32E455C6}.Debug|Any CPU.Build.0 = Debug|iPhoneSimulator
		{0606A5F2-26ED-4542-95D9-CEEF32E455C6}.Debug|Any CPU.Deploy.0 = Debug|iPhoneSimulator
		{0606A5F2-26ED-4542-95D9-CEEF32E455C6}.Debug|ARM.ActiveCfg = Debug|iPhone
		{0606A5F2-26ED-4542-95D9-CEEF32E455C6}.Debug|ARM.Build.0 = Debug|iPhone
		{0606A5F2-26ED-4542-95D9-CEEF32E455C6}.Debug|ARM.Deploy.0 = Debug|iPhone
		{0606A5F2-26ED-4542-95D9-CEEF32E455C6}.Debug|iPhone.ActiveCfg = Debug|iPhone
		{0606A5F2-26ED-4542-95D9-CEEF32E455C6}.Debug|iPhone.Build.0 = Debug|iPhone
		{0606A5F2-26ED-4542-95D9-CEEF32E455C6}.Debug|iPhone.Deploy.0 = Debug|iPhone
		{0606A5F2-26ED-4542-95D9-CEEF32E455C6}.Debug|iPhoneSimulator.ActiveCfg = Debug|iPhoneSimulator
		{0606A5F2-26ED-4542-95D9-CEEF32E455C6}.Debug|iPhoneSimulator.Build.0 = Debug|iPhoneSimulator
		{0606A5F2-26ED-4542-95D9-CEEF32E455C6}.Debug|iPhoneSimulator.Deploy.0 = Debug|iPhoneSimulator
		{0606A5F2-26ED-4542-95D9-CEEF32E455C6}.Debug|x64.ActiveCfg = Debug|iPhoneSimulator
		{0606A5F2-26ED-4542-95D9-CEEF32E455C6}.Debug|x64.Build.0 = Debug|iPhoneSimulator
		{0606A5F2-26ED-4542-95D9-CEEF32E455C6}.Debug|x64.Deploy.0 = Debug|iPhoneSimulator
		{0606A5F2-26ED-4542-95D9-CEEF32E455C6}.Debug|x86.ActiveCfg = Debug|iPhoneSimulator
		{0606A5F2-26ED-4542-95D9-CEEF32E455C6}.Debug|x86.Build.0 = Debug|iPhoneSimulator
		{0606A5F2-26ED-4542-95D9-CEEF32E455C6}.Debug|x86.Deploy.0 = Debug|iPhoneSimulator
		{0606A5F2-26ED-4542-95D9-CEEF32E455C6}.Release|Any CPU.ActiveCfg = Release|iPhoneSimulator
		{0606A5F2-26ED-4542-95D9-CEEF32E455C6}.Release|Any CPU.Build.0 = Release|iPhoneSimulator
		{0606A5F2-26ED-4542-95D9-CEEF32E455C6}.Release|Any CPU.Deploy.0 = Release|iPhoneSimulator
		{0606A5F2-26ED-4542-95D9-CEEF32E455C6}.Release|ARM.ActiveCfg = Release|iPhoneSimulator
		{0606A5F2-26ED-4542-95D9-CEEF32E455C6}.Release|ARM.Build.0 = Release|iPhoneSimulator
		{0606A5F2-26ED-4542-95D9-CEEF32E455C6}.Release|ARM.Deploy.0 = Release|iPhoneSimulator
		{0606A5F2-26ED-4542-95D9-CEEF32E455C6}.Release|iPhone.ActiveCfg = Release|iPhone
		{0606A5F2-26ED-4542-95D9-CEEF32E455C6}.Release|iPhone.Build.0 = Release|iPhone
		{0606A5F2-26ED-4542-95D9-CEEF32E455C6}.Release|iPhone.Deploy.0 = Release|iPhone
		{0606A5F2-26ED-4542-95D9-CEEF32E455C6}.Release|iPhoneSimulator.ActiveCfg = Release|iPhoneSimulator
		{0606A5F2-26ED-4542-95D9-CEEF32E455C6}.Release|iPhoneSimulator.Build.0 = Release|iPhoneSimulator
		{0606A5F2-26ED-4542-95D9-CEEF32E455C6}.Release|iPhoneSimulator.Deploy.0 = Release|iPhoneSimulator
		{0606A5F2-26ED-4542-95D9-CEEF32E455C6}.Release|x64.ActiveCfg = Release|iPhoneSimulator
		{0606A5F2-26ED-4542-95D9-CEEF32E455C6}.Release|x64.Build.0 = Release|iPhoneSimulator
		{0606A5F2-26ED-4542-95D9-CEEF32E455C6}.Release|x64.Deploy.0 = Release|iPhoneSimulator
		{0606A5F2-26ED-4542-95D9-CEEF32E455C6}.Release|x86.ActiveCfg = Release|iPhoneSimulator
		{0606A5F2-26ED-4542-95D9-CEEF32E455C6}.Release|x86.Build.0 = Release|iPhoneSimulator
		{0606A5F2-26ED-4542-95D9-CEEF32E455C6}.Release|x86.Deploy.0 = Release|iPhoneSimulator
		{4BBB35F7-6B3D-4D5D-90D3-0A245E3A5B20}.Debug|Any CPU.ActiveCfg = Debug|Any CPU
		{4BBB35F7-6B3D-4D5D-90D3-0A245E3A5B20}.Debug|Any CPU.Build.0 = Debug|Any CPU
		{4BBB35F7-6B3D-4D5D-90D3-0A245E3A5B20}.Debug|Any CPU.Deploy.0 = Debug|Any CPU
		{4BBB35F7-6B3D-4D5D-90D3-0A245E3A5B20}.Debug|ARM.ActiveCfg = Debug|Any CPU
		{4BBB35F7-6B3D-4D5D-90D3-0A245E3A5B20}.Debug|ARM.Build.0 = Debug|Any CPU
		{4BBB35F7-6B3D-4D5D-90D3-0A245E3A5B20}.Debug|ARM.Deploy.0 = Debug|Any CPU
		{4BBB35F7-6B3D-4D5D-90D3-0A245E3A5B20}.Debug|iPhone.ActiveCfg = Debug|Any CPU
		{4BBB35F7-6B3D-4D5D-90D3-0A245E3A5B20}.Debug|iPhone.Build.0 = Debug|Any CPU
		{4BBB35F7-6B3D-4D5D-90D3-0A245E3A5B20}.Debug|iPhone.Deploy.0 = Debug|Any CPU
		{4BBB35F7-6B3D-4D5D-90D3-0A245E3A5B20}.Debug|iPhoneSimulator.ActiveCfg = Debug|Any CPU
		{4BBB35F7-6B3D-4D5D-90D3-0A245E3A5B20}.Debug|iPhoneSimulator.Build.0 = Debug|Any CPU
		{4BBB35F7-6B3D-4D5D-90D3-0A245E3A5B20}.Debug|iPhoneSimulator.Deploy.0 = Debug|Any CPU
		{4BBB35F7-6B3D-4D5D-90D3-0A245E3A5B20}.Debug|x64.ActiveCfg = Debug|Any CPU
		{4BBB35F7-6B3D-4D5D-90D3-0A245E3A5B20}.Debug|x64.Build.0 = Debug|Any CPU
		{4BBB35F7-6B3D-4D5D-90D3-0A245E3A5B20}.Debug|x64.Deploy.0 = Debug|Any CPU
		{4BBB35F7-6B3D-4D5D-90D3-0A245E3A5B20}.Debug|x86.ActiveCfg = Debug|Any CPU
		{4BBB35F7-6B3D-4D5D-90D3-0A245E3A5B20}.Debug|x86.Build.0 = Debug|Any CPU
		{4BBB35F7-6B3D-4D5D-90D3-0A245E3A5B20}.Debug|x86.Deploy.0 = Debug|Any CPU
		{4BBB35F7-6B3D-4D5D-90D3-0A245E3A5B20}.Release|Any CPU.ActiveCfg = Release|Any CPU
		{4BBB35F7-6B3D-4D5D-90D3-0A245E3A5B20}.Release|Any CPU.Build.0 = Release|Any CPU
		{4BBB35F7-6B3D-4D5D-90D3-0A245E3A5B20}.Release|Any CPU.Deploy.0 = Release|Any CPU
		{4BBB35F7-6B3D-4D5D-90D3-0A245E3A5B20}.Release|ARM.ActiveCfg = Release|Any CPU
		{4BBB35F7-6B3D-4D5D-90D3-0A245E3A5B20}.Release|ARM.Build.0 = Release|Any CPU
		{4BBB35F7-6B3D-4D5D-90D3-0A245E3A5B20}.Release|ARM.Deploy.0 = Release|Any CPU
		{4BBB35F7-6B3D-4D5D-90D3-0A245E3A5B20}.Release|iPhone.ActiveCfg = Release|Any CPU
		{4BBB35F7-6B3D-4D5D-90D3-0A245E3A5B20}.Release|iPhone.Build.0 = Release|Any CPU
		{4BBB35F7-6B3D-4D5D-90D3-0A245E3A5B20}.Release|iPhone.Deploy.0 = Release|Any CPU
		{4BBB35F7-6B3D-4D5D-90D3-0A245E3A5B20}.Release|iPhoneSimulator.ActiveCfg = Release|Any CPU
		{4BBB35F7-6B3D-4D5D-90D3-0A245E3A5B20}.Release|iPhoneSimulator.Build.0 = Release|Any CPU
		{4BBB35F7-6B3D-4D5D-90D3-0A245E3A5B20}.Release|iPhoneSimulator.Deploy.0 = Release|Any CPU
		{4BBB35F7-6B3D-4D5D-90D3-0A245E3A5B20}.Release|x64.ActiveCfg = Release|Any CPU
		{4BBB35F7-6B3D-4D5D-90D3-0A245E3A5B20}.Release|x64.Build.0 = Release|Any CPU
		{4BBB35F7-6B3D-4D5D-90D3-0A245E3A5B20}.Release|x64.Deploy.0 = Release|Any CPU
		{4BBB35F7-6B3D-4D5D-90D3-0A245E3A5B20}.Release|x86.ActiveCfg = Release|Any CPU
		{4BBB35F7-6B3D-4D5D-90D3-0A245E3A5B20}.Release|x86.Build.0 = Release|Any CPU
		{4BBB35F7-6B3D-4D5D-90D3-0A245E3A5B20}.Release|x86.Deploy.0 = Release|Any CPU
	EndGlobalSection
	GlobalSection(SolutionProperties) = preSolution
		HideSolutionNode = FALSE
	EndGlobalSection
	GlobalSection(ExtensibilityGlobals) = postSolution
		SolutionGuid = {778E7A01-2C63-4124-816C-FB5CC9C317BD}
	EndGlobalSection
EndGlobal
