
Microsoft Visual Studio Solution File, Format Version 12.00
# Visual Studio Version 16
VisualStudioVersion = 16.0.31313.79
MinimumVisualStudioVersion = 10.0.40219.1
Project("{FAE04EC0-301F-11D3-BF4B-00C04F79EFBC}") = "My First App.UWP", "My First App\My First App.UWP\My First App.UWP.csproj", "{7C25D448-1349-44E4-AEF2-715C584CEF12}"
EndProject
Project("{FAE04EC0-301F-11D3-BF4B-00C04F79EFBC}") = "My First App.Android", "My First App\My First App.Android\My First App.Android.csproj", "{73863437-5041-495B-90FF-A788F0610B5D}"
EndProject
Project("{FAE04EC0-301F-11D3-BF4B-00C04F79EFBC}") = "My First App.iOS", "My First App\My First App.iOS\My First App.iOS.csproj", "{9AD53591-7204-4471-88A2-F5BD2357D672}"
EndProject
Project("{FAE04EC0-301F-11D3-BF4B-00C04F79EFBC}") = "My First App", "My First App\My First App\My First App.csproj", "{6C4AA266-1043-4DB4-AEDF-44E5DDA75C97}"
EndProject
Global
	GlobalSection(SolutionConfigurationPlatforms) = preSolution
		Debug|Any CPU = Debug|Any CPU
		Debug|ARM = Debug|ARM
		Debug|iPhone = Debug|iPhone
		Debug|iPhoneSimulator = Debug|iPhoneSimulator
		Debug|x64 = Debug|x64
		Debug|x86 = Debug|x86
		Release|Any CPU = Release|Any CPU
		Release|ARM = Release|ARM
		Release|iPhone = Release|iPhone
		Release|iPhoneSimulator = Release|iPhoneSimulator
		Release|x64 = Release|x64
		Release|x86 = Release|x86
	EndGlobalSection
	GlobalSection(ProjectConfigurationPlatforms) = postSolution
		{7C25D448-1349-44E4-AEF2-715C584CEF12}.Debug|Any CPU.ActiveCfg = Debug|x86
		{7C25D448-1349-44E4-AEF2-715C584CEF12}.Debug|Any CPU.Build.0 = Debug|x86
		{7C25D448-1349-44E4-AEF2-715C584CEF12}.Debug|Any CPU.Deploy.0 = Debug|x86
		{7C25D448-1349-44E4-AEF2-715C584CEF12}.Debug|ARM.ActiveCfg = Debug|ARM
		{7C25D448-1349-44E4-AEF2-715C584CEF12}.Debug|ARM.Build.0 = Debug|ARM
		{7C25D448-1349-44E4-AEF2-715C584CEF12}.Debug|ARM.Deploy.0 = Debug|ARM
		{7C25D448-1349-44E4-AEF2-715C584CEF12}.Debug|iPhone.ActiveCfg = Debug|x86
		{7C25D448-1349-44E4-AEF2-715C584CEF12}.Debug|iPhone.Build.0 = Debug|x86
		{7C25D448-1349-44E4-AEF2-715C584CEF12}.Debug|iPhone.Deploy.0 = Debug|x86
		{7C25D448-1349-44E4-AEF2-715C584CEF12}.Debug|iPhoneSimulator.ActiveCfg = Debug|x86
		{7C25D448-1349-44E4-AEF2-715C584CEF12}.Debug|iPhoneSimulator.Build.0 = Debug|x86
		{7C25D448-1349-44E4-AEF2-715C584CEF12}.Debug|iPhoneSimulator.Deploy.0 = Debug|x86
		{7C25D448-1349-44E4-AEF2-715C584CEF12}.Debug|x64.ActiveCfg = Debug|x64
		{7C25D448-1349-44E4-AEF2-715C584CEF12}.Debug|x64.Build.0 = Debug|x64
		{7C25D448-1349-44E4-AEF2-715C584CEF12}.Debug|x64.Deploy.0 = Debug|x64
		{7C25D448-1349-44E4-AEF2-715C584CEF12}.Debug|x86.ActiveCfg = Debug|x86
		{7C25D448-1349-44E4-AEF2-715C584CEF12}.Debug|x86.Build.0 = Debug|x86
		{7C25D448-1349-44E4-AEF2-715C584CEF12}.Debug|x86.Deploy.0 = Debug|x86
		{7C25D448-1349-44E4-AEF2-715C584CEF12}.Release|Any CPU.ActiveCfg = Release|x86
		{7C25D448-1349-44E4-AEF2-715C584CEF12}.Release|Any CPU.Build.0 = Release|x86
		{7C25D448-1349-44E4-AEF2-715C584CEF12}.Release|Any CPU.Deploy.0 = Release|x86
		{7C25D448-1349-44E4-AEF2-715C584CEF12}.Release|ARM.ActiveCfg = Release|ARM
		{7C25D448-1349-44E4-AEF2-715C584CEF12}.Release|ARM.Build.0 = Release|ARM
		{7C25D448-1349-44E4-AEF2-715C584CEF12}.Release|ARM.Deploy.0 = Release|ARM
		{7C25D448-1349-44E4-AEF2-715C584CEF12}.Release|iPhone.ActiveCfg = Release|x86
		{7C25D448-1349-44E4-AEF2-715C584CEF12}.Release|iPhone.Build.0 = Release|x86
		{7C25D448-1349-44E4-AEF2-715C584CEF12}.Release|iPhone.Deploy.0 = Release|x86
		{7C25D448-1349-44E4-AEF2-715C584CEF12}.Release|iPhoneSimulator.ActiveCfg = Release|x86
		{7C25D448-1349-44E4-AEF2-715C584CEF12}.Release|iPhoneSimulator.Build.0 = Release|x86
		{7C25D448-1349-44E4-AEF2-715C584CEF12}.Release|iPhoneSimulator.Deploy.0 = Release|x86
		{7C25D448-1349-44E4-AEF2-715C584CEF12}.Release|x64.ActiveCfg = Release|x64
		{7C25D448-1349-44E4-AEF2-715C584CEF12}.Release|x64.Build.0 = Release|x64
		{7C25D448-1349-44E4-AEF2-715C584CEF12}.Release|x64.Deploy.0 = Release|x64
		{7C25D448-1349-44E4-AEF2-715C584CEF12}.Release|x86.ActiveCfg = Release|x86
		{7C25D448-1349-44E4-AEF2-715C584CEF12}.Release|x86.Build.0 = Release|x86
		{7C25D448-1349-44E4-AEF2-715C584CEF12}.Release|x86.Deploy.0 = Release|x86
		{73863437-5041-495B-90FF-A788F0610B5D}.Debug|Any CPU.ActiveCfg = Debug|Any CPU
		{73863437-5041-495B-90FF-A788F0610B5D}.Debug|Any CPU.Build.0 = Debug|Any CPU
		{73863437-5041-495B-90FF-A788F0610B5D}.Debug|Any CPU.Deploy.0 = Debug|Any CPU
		{73863437-5041-495B-90FF-A788F0610B5D}.Debug|ARM.ActiveCfg = Debug|Any CPU
		{73863437-5041-495B-90FF-A788F0610B5D}.Debug|ARM.Build.0 = Debug|Any CPU
		{73863437-5041-495B-90FF-A788F0610B5D}.Debug|ARM.Deploy.0 = Debug|Any CPU
		{73863437-5041-495B-90FF-A788F0610B5D}.Debug|iPhone.ActiveCfg = Debug|Any CPU
		{73863437-5041-495B-90FF-A788F0610B5D}.Debug|iPhone.Build.0 = Debug|Any CPU
		{73863437-5041-495B-90FF-A788F0610B5D}.Debug|iPhone.Deploy.0 = Debug|Any CPU
		{73863437-5041-495B-90FF-A788F0610B5D}.Debug|iPhoneSimulator.ActiveCfg = Debug|Any CPU
		{73863437-5041-495B-90FF-A788F0610B5D}.Debug|iPhoneSimulator.Build.0 = Debug|Any CPU
		{73863437-5041-495B-90FF-A788F0610B5D}.Debug|iPhoneSimulator.Deploy.0 = Debug|Any CPU
		{73863437-5041-495B-90FF-A788F0610B5D}.Debug|x64.ActiveCfg = Debug|Any CPU
		{73863437-5041-495B-90FF-A788F0610B5D}.Debug|x64.Build.0 = Debug|Any CPU
		{73863437-5041-495B-90FF-A788F0610B5D}.Debug|x64.Deploy.0 = Debug|Any CPU
		{73863437-5041-495B-90FF-A788F0610B5D}.Debug|x86.ActiveCfg = Debug|Any CPU
		{73863437-5041-495B-90FF-A788F0610B5D}.Debug|x86.Build.0 = Debug|Any CPU
		{73863437-5041-495B-90FF-A788F0610B5D}.Debug|x86.Deploy.0 = Debug|Any CPU
		{73863437-5041-495B-90FF-A788F0610B5D}.Release|Any CPU.ActiveCfg = Release|Any CPU
		{73863437-5041-495B-90FF-A788F0610B5D}.Release|Any CPU.Build.0 = Release|Any CPU
		{73863437-5041-495B-90FF-A788F0610B5D}.Release|Any CPU.Deploy.0 = Release|Any CPU
		{73863437-5041-495B-90FF-A788F0610B5D}.Release|ARM.ActiveCfg = Release|Any CPU
		{73863437-5041-495B-90FF-A788F0610B5D}.Release|ARM.Build.0 = Release|Any CPU
		{73863437-5041-495B-90FF-A788F0610B5D}.Release|ARM.Deploy.0 = Release|Any CPU
		{73863437-5041-495B-90FF-A788F0610B5D}.Release|iPhone.ActiveCfg = Release|Any CPU
		{73863437-5041-495B-90FF-A788F0610B5D}.Release|iPhone.Build.0 = Release|Any CPU
		{73863437-5041-495B-90FF-A788F0610B5D}.Release|iPhone.Deploy.0 = Release|Any CPU
		{73863437-5041-495B-90FF-A788F0610B5D}.Release|iPhoneSimulator.ActiveCfg = Release|Any CPU
		{73863437-5041-495B-90FF-A788F0610B5D}.Release|iPhoneSimulator.Build.0 = Release|Any CPU
		{73863437-5041-495B-90FF-A788F0610B5D}.Release|iPhoneSimulator.Deploy.0 = Release|Any CPU
		{73863437-5041-495B-90FF-A788F0610B5D}.Release|x64.ActiveCfg = Release|Any CPU
		{73863437-5041-495B-90FF-A788F0610B5D}.Release|x64.Build.0 = Release|Any CPU
		{73863437-5041-495B-90FF-A788F0610B5D}.Release|x64.Deploy.0 = Release|Any CPU
		{73863437-5041-495B-90FF-A788F0610B5D}.Release|x86.ActiveCfg = Release|Any CPU
		{73863437-5041-495B-90FF-A788F0610B5D}.Release|x86.Build.0 = Release|Any CPU
		{73863437-5041-495B-90FF-A788F0610B5D}.Release|x86.Deploy.0 = Release|Any CPU
		{9AD53591-7204-4471-88A2-F5BD2357D672}.Debug|Any CPU.ActiveCfg = Debug|iPhoneSimulator
		{9AD53591-7204-4471-88A2-F5BD2357D672}.Debug|Any CPU.Build.0 = Debug|iPhoneSimulator
		{9AD53591-7204-4471-88A2-F5BD2357D672}.Debug|Any CPU.Deploy.0 = Debug|iPhoneSimulator
		{9AD53591-7204-4471-88A2-F5BD2357D672}.Debug|ARM.ActiveCfg = Debug|iPhone
		{9AD53591-7204-4471-88A2-F5BD2357D672}.Debug|ARM.Build.0 = Debug|iPhone
		{9AD53591-7204-4471-88A2-F5BD2357D672}.Debug|ARM.Deploy.0 = Debug|iPhone
		{9AD53591-7204-4471-88A2-F5BD2357D672}.Debug|iPhone.ActiveCfg = Debug|iPhone
		{9AD53591-7204-4471-88A2-F5BD2357D672}.Debug|iPhone.Build.0 = Debug|iPhone
		{9AD53591-7204-4471-88A2-F5BD2357D672}.Debug|iPhone.Deploy.0 = Debug|iPhone
		{9AD53591-7204-4471-88A2-F5BD2357D672}.Debug|iPhoneSimulator.ActiveCfg = Debug|iPhoneSimulator
		{9AD53591-7204-4471-88A2-F5BD2357D672}.Debug|iPhoneSimulator.Build.0 = Debug|iPhoneSimulator
		{9AD53591-7204-4471-88A2-F5BD2357D672}.Debug|iPhoneSimulator.Deploy.0 = Debug|iPhoneSimulator
		{9AD53591-7204-4471-88A2-F5BD2357D672}.Debug|x64.ActiveCfg = Debug|iPhoneSimulator
		{9AD53591-7204-4471-88A2-F5BD2357D672}.Debug|x64.Build.0 = Debug|iPhoneSimulator
		{9AD53591-7204-4471-88A2-F5BD2357D672}.Debug|x64.Deploy.0 = Debug|iPhoneSimulator
		{9AD53591-7204-4471-88A2-F5BD2357D672}.Debug|x86.ActiveCfg = Debug|iPhoneSimulator
		{9AD53591-7204-4471-88A2-F5BD2357D672}.Debug|x86.Build.0 = Debug|iPhoneSimulator
		{9AD53591-7204-4471-88A2-F5BD2357D672}.Debug|x86.Deploy.0 = Debug|iPhoneSimulator
		{9AD53591-7204-4471-88A2-F5BD2357D672}.Release|Any CPU.ActiveCfg = Release|iPhoneSimulator
		{9AD53591-7204-4471-88A2-F5BD2357D672}.Release|Any CPU.Build.0 = Release|iPhoneSimulator
		{9AD53591-7204-4471-88A2-F5BD2357D672}.Release|Any CPU.Deploy.0 = Release|iPhoneSimulator
		{9AD53591-7204-4471-88A2-F5BD2357D672}.Release|ARM.ActiveCfg = Release|iPhoneSimulator
		{9AD53591-7204-4471-88A2-F5BD2357D672}.Release|ARM.Build.0 = Release|iPhoneSimulator
		{9AD53591-7204-4471-88A2-F5BD2357D672}.Release|ARM.Deploy.0 = Release|iPhoneSimulator
		{9AD53591-7204-4471-88A2-F5BD2357D672}.Release|iPhone.ActiveCfg = Release|iPhone
		{9AD53591-7204-4471-88A2-F5BD2357D672}.Release|iPhone.Build.0 = Release|iPhone
		{9AD53591-7204-4471-88A2-F5BD2357D672}.Release|iPhone.Deploy.0 = Release|iPhone
		{9AD53591-7204-4471-88A2-F5BD2357D672}.Release|iPhoneSimulator.ActiveCfg = Release|iPhoneSimulator
		{9AD53591-7204-4471-88A2-F5BD2357D672}.Release|iPhoneSimulator.Build.0 = Release|iPhoneSimulator
		{9AD53591-7204-4471-88A2-F5BD2357D672}.Release|iPhoneSimulator.Deploy.0 = Release|iPhoneSimulator
		{9AD53591-7204-4471-88A2-F5BD2357D672}.Release|x64.ActiveCfg = Release|iPhoneSimulator
		{9AD53591-7204-4471-88A2-F5BD2357D672}.Release|x64.Build.0 = Release|iPhoneSimulator
		{9AD53591-7204-4471-88A2-F5BD2357D672}.Release|x64.Deploy.0 = Release|iPhoneSimulator
		{9AD53591-7204-4471-88A2-F5BD2357D672}.Release|x86.ActiveCfg = Release|iPhoneSimulator
		{9AD53591-7204-4471-88A2-F5BD2357D672}.Release|x86.Build.0 = Release|iPhoneSimulator
		{9AD53591-7204-4471-88A2-F5BD2357D672}.Release|x86.Deploy.0 = Release|iPhoneSimulator
		{6C4AA266-1043-4DB4-AEDF-44E5DDA75C97}.Debug|Any CPU.ActiveCfg = Debug|Any CPU
		{6C4AA266-1043-4DB4-AEDF-44E5DDA75C97}.Debug|Any CPU.Build.0 = Debug|Any CPU
		{6C4AA266-1043-4DB4-AEDF-44E5DDA75C97}.Debug|Any CPU.Deploy.0 = Debug|Any CPU
		{6C4AA266-1043-4DB4-AEDF-44E5DDA75C97}.Debug|ARM.ActiveCfg = Debug|Any CPU
		{6C4AA266-1043-4DB4-AEDF-44E5DDA75C97}.Debug|ARM.Build.0 = Debug|Any CPU
		{6C4AA266-1043-4DB4-AEDF-44E5DDA75C97}.Debug|ARM.Deploy.0 = Debug|Any CPU
		{6C4AA266-1043-4DB4-AEDF-44E5DDA75C97}.Debug|iPhone.ActiveCfg = Debug|Any CPU
		{6C4AA266-1043-4DB4-AEDF-44E5DDA75C97}.Debug|iPhone.Build.0 = Debug|Any CPU
		{6C4AA266-1043-4DB4-AEDF-44E5DDA75C97}.Debug|iPhone.Deploy.0 = Debug|Any CPU
		{6C4AA266-1043-4DB4-AEDF-44E5DDA75C97}.Debug|iPhoneSimulator.ActiveCfg = Debug|Any CPU
		{6C4AA266-1043-4DB4-AEDF-44E5DDA75C97}.Debug|iPhoneSimulator.Build.0 = Debug|Any CPU
		{6C4AA266-1043-4DB4-AEDF-44E5DDA75C97}.Debug|iPhoneSimulator.Deploy.0 = Debug|Any CPU
		{6C4AA266-1043-4DB4-AEDF-44E5DDA75C97}.Debug|x64.ActiveCfg = Debug|Any CPU
		{6C4AA266-1043-4DB4-AEDF-44E5DDA75C97}.Debug|x64.Build.0 = Debug|Any CPU
		{6C4AA266-1043-4DB4-AEDF-44E5DDA75C97}.Debug|x64.Deploy.0 = Debug|Any CPU
		{6C4AA266-1043-4DB4-AEDF-44E5DDA75C97}.Debug|x86.ActiveCfg = Debug|Any CPU
		{6C4AA266-1043-4DB4-AEDF-44E5DDA75C97}.Debug|x86.Build.0 = Debug|Any CPU
		{6C4AA266-1043-4DB4-AEDF-44E5DDA75C97}.Debug|x86.Deploy.0 = Debug|Any CPU
		{6C4AA266-1043-4DB4-AEDF-44E5DDA75C97}.Release|Any CPU.ActiveCfg = Release|Any CPU
		{6C4AA266-1043-4DB4-AEDF-44E5DDA75C97}.Release|Any CPU.Build.0 = Release|Any CPU
		{6C4AA266-1043-4DB4-AEDF-44E5DDA75C97}.Release|Any CPU.Deploy.0 = Release|Any CPU
		{6C4AA266-1043-4DB4-AEDF-44E5DDA75C97}.Release|ARM.ActiveCfg = Release|Any CPU
		{6C4AA266-1043-4DB4-AEDF-44E5DDA75C97}.Release|ARM.Build.0 = Release|Any CPU
		{6C4AA266-1043-4DB4-AEDF-44E5DDA75C97}.Release|ARM.Deploy.0 = Release|Any CPU
		{6C4AA266-1043-4DB4-AEDF-44E5DDA75C97}.Release|iPhone.ActiveCfg = Release|Any CPU
		{6C4AA266-1043-4DB4-AEDF-44E5DDA75C97}.Release|iPhone.Build.0 = Release|Any CPU
		{6C4AA266-1043-4DB4-AEDF-44E5DDA75C97}.Release|iPhone.Deploy.0 = Release|Any CPU
		{6C4AA266-1043-4DB4-AEDF-44E5DDA75C97}.Release|iPhoneSimulator.ActiveCfg = Release|Any CPU
		{6C4AA266-1043-4DB4-AEDF-44E5DDA75C97}.Release|iPhoneSimulator.Build.0 = Release|Any CPU
		{6C4AA266-1043-4DB4-AEDF-44E5DDA75C97}.Release|iPhoneSimulator.Deploy.0 = Release|Any CPU
		{6C4AA266-1043-4DB4-AEDF-44E5DDA75C97}.Release|x64.ActiveCfg = Release|Any CPU
		{6C4AA266-1043-4DB4-AEDF-44E5DDA75C97}.Release|x64.Build.0 = Release|Any CPU
		{6C4AA266-1043-4DB4-AEDF-44E5DDA75C97}.Release|x64.Deploy.0 = Release|Any CPU
		{6C4AA266-1043-4DB4-AEDF-44E5DDA75C97}.Release|x86.ActiveCfg = Release|Any CPU
		{6C4AA266-1043-4DB4-AEDF-44E5DDA75C97}.Release|x86.Build.0 = Release|Any CPU
		{6C4AA266-1043-4DB4-AEDF-44E5DDA75C97}.Release|x86.Deploy.0 = Release|Any CPU
	EndGlobalSection
	GlobalSection(SolutionProperties) = preSolution
		HideSolutionNode = FALSE
	EndGlobalSection
	GlobalSection(ExtensibilityGlobals) = postSolution
		SolutionGuid = {66A8998B-8605-41DF-B15A-270DABF2ED14}
	EndGlobalSection
EndGlobal
