
Microsoft Visual Studio Solution File, Format Version 12.00
# Visual Studio Version 16
VisualStudioVersion = 16.0.31313.79
MinimumVisualStudioVersion = 10.0.40219.1
Project("{9A19103F-16F7-4668-BE54-9A1E7A4F7556}") = "USLocations", "USLocations\USLocations.csproj", "{D5EE9C26-6615-430F-B67B-D7FF8226C705}"
EndProject
Project("{9A19103F-16F7-4668-BE54-9A1E7A4F7556}") = "Distance", "Distance\Distance.csproj", "{201D82B2-78A0-4EB5-8BA1-CD7B6C6F1C01}"
EndProject
Project("{9A19103F-16F7-4668-BE54-9A1E7A4F7556}") = "Common", "Common\Common.csproj", "{597AC34E-B9D8-4DC5-93B8-5FD4E778D6E1}"
EndProject
Project("{FAE04EC0-301F-11D3-BF4B-00C04F79EFBC}") = "TaxFilter.UWP", "TaxFilter\TaxFilter.UWP\TaxFilter.UWP.csproj", "{8DD2BA86-35F7-4C81-88D2-F50823A8896E}"
EndProject
Project("{FAE04EC0-301F-11D3-BF4B-00C04F79EFBC}") = "TaxFilter.Android", "TaxFilter\TaxFilter.Android\TaxFilter.Android.csproj", "{6CED12EC-E120-43BF-8F4F-229E98B2C0A9}"
EndProject
Project("{FAE04EC0-301F-11D3-BF4B-00C04F79EFBC}") = "TaxFilter.iOS", "TaxFilter\TaxFilter.iOS\TaxFilter.iOS.csproj", "{D1B521BC-87AC-443F-ADE5-C2C1AB0610CF}"
EndProject
Project("{9A19103F-16F7-4668-BE54-9A1E7A4F7556}") = "TaxFilter", "TaxFilter\TaxFilter\TaxFilter.csproj", "{66D4BA8D-2630-4EEF-ADA5-CC3D6EC3FC88}"
EndProject
Global
	GlobalSection(SolutionConfigurationPlatforms) = preSolution
		Debug|Any CPU = Debug|Any CPU
		Debug|ARM = Debug|ARM
		Debug|iPhone = Debug|iPhone
		Debug|iPhoneSimulator = Debug|iPhoneSimulator
		Debug|x64 = Debug|x64
		Debug|x86 = Debug|x86
		Release|Any CPU = Release|Any CPU
		Release|ARM = Release|ARM
		Release|iPhone = Release|iPhone
		Release|iPhoneSimulator = Release|iPhoneSimulator
		Release|x64 = Release|x64
		Release|x86 = Release|x86
	EndGlobalSection
	GlobalSection(ProjectConfigurationPlatforms) = postSolution
		{D5EE9C26-6615-430F-B67B-D7FF8226C705}.Debug|Any CPU.ActiveCfg = Debug|Any CPU
		{D5EE9C26-6615-430F-B67B-D7FF8226C705}.Debug|Any CPU.Build.0 = Debug|Any CPU
		{D5EE9C26-6615-430F-B67B-D7FF8226C705}.Debug|ARM.ActiveCfg = Debug|Any CPU
		{D5EE9C26-6615-430F-B67B-D7FF8226C705}.Debug|ARM.Build.0 = Debug|Any CPU
		{D5EE9C26-6615-430F-B67B-D7FF8226C705}.Debug|iPhone.ActiveCfg = Debug|Any CPU
		{D5EE9C26-6615-430F-B67B-D7FF8226C705}.Debug|iPhone.Build.0 = Debug|Any CPU
		{D5EE9C26-6615-430F-B67B-D7FF8226C705}.Debug|iPhoneSimulator.ActiveCfg = Debug|Any CPU
		{D5EE9C26-6615-430F-B67B-D7FF8226C705}.Debug|iPhoneSimulator.Build.0 = Debug|Any CPU
		{D5EE9C26-6615-430F-B67B-D7FF8226C705}.Debug|x64.ActiveCfg = Debug|Any CPU
		{D5EE9C26-6615-430F-B67B-D7FF8226C705}.Debug|x64.Build.0 = Debug|Any CPU
		{D5EE9C26-6615-430F-B67B-D7FF8226C705}.Debug|x86.ActiveCfg = Debug|Any CPU
		{D5EE9C26-6615-430F-B67B-D7FF8226C705}.Debug|x86.Build.0 = Debug|Any CPU
		{D5EE9C26-6615-430F-B67B-D7FF8226C705}.Release|Any CPU.ActiveCfg = Release|Any CPU
		{D5EE9C26-6615-430F-B67B-D7FF8226C705}.Release|Any CPU.Build.0 = Release|Any CPU
		{D5EE9C26-6615-430F-B67B-D7FF8226C705}.Release|ARM.ActiveCfg = Release|Any CPU
		{D5EE9C26-6615-430F-B67B-D7FF8226C705}.Release|ARM.Build.0 = Release|Any CPU
		{D5EE9C26-6615-430F-B67B-D7FF8226C705}.Release|iPhone.ActiveCfg = Release|Any CPU
		{D5EE9C26-6615-430F-B67B-D7FF8226C705}.Release|iPhone.Build.0 = Release|Any CPU
		{D5EE9C26-6615-430F-B67B-D7FF8226C705}.Release|iPhoneSimulator.ActiveCfg = Release|Any CPU
		{D5EE9C26-6615-430F-B67B-D7FF8226C705}.Release|iPhoneSimulator.Build.0 = Release|Any CPU
		{D5EE9C26-6615-430F-B67B-D7FF8226C705}.Release|x64.ActiveCfg = Release|Any CPU
		{D5EE9C26-6615-430F-B67B-D7FF8226C705}.Release|x64.Build.0 = Release|Any CPU
		{D5EE9C26-6615-430F-B67B-D7FF8226C705}.Release|x86.ActiveCfg = Release|Any CPU
		{D5EE9C26-6615-430F-B67B-D7FF8226C705}.Release|x86.Build.0 = Release|Any CPU
		{201D82B2-78A0-4EB5-8BA1-CD7B6C6F1C01}.Debug|Any CPU.ActiveCfg = Debug|Any CPU
		{201D82B2-78A0-4EB5-8BA1-CD7B6C6F1C01}.Debug|Any CPU.Build.0 = Debug|Any CPU
		{201D82B2-78A0-4EB5-8BA1-CD7B6C6F1C01}.Debug|ARM.ActiveCfg = Debug|Any CPU
		{201D82B2-78A0-4EB5-8BA1-CD7B6C6F1C01}.Debug|ARM.Build.0 = Debug|Any CPU
		{201D82B2-78A0-4EB5-8BA1-CD7B6C6F1C01}.Debug|iPhone.ActiveCfg = Debug|Any CPU
		{201D82B2-78A0-4EB5-8BA1-CD7B6C6F1C01}.Debug|iPhone.Build.0 = Debug|Any CPU
		{201D82B2-78A0-4EB5-8BA1-CD7B6C6F1C01}.Debug|iPhoneSimulator.ActiveCfg = Debug|Any CPU
		{201D82B2-78A0-4EB5-8BA1-CD7B6C6F1C01}.Debug|iPhoneSimulator.Build.0 = Debug|Any CPU
		{201D82B2-78A0-4EB5-8BA1-CD7B6C6F1C01}.Debug|x64.ActiveCfg = Debug|Any CPU
		{201D82B2-78A0-4EB5-8BA1-CD7B6C6F1C01}.Debug|x64.Build.0 = Debug|Any CPU
		{201D82B2-78A0-4EB5-8BA1-CD7B6C6F1C01}.Debug|x86.ActiveCfg = Debug|Any CPU
		{201D82B2-78A0-4EB5-8BA1-CD7B6C6F1C01}.Debug|x86.Build.0 = Debug|Any CPU
		{201D82B2-78A0-4EB5-8BA1-CD7B6C6F1C01}.Release|Any CPU.ActiveCfg = Release|Any CPU
		{201D82B2-78A0-4EB5-8BA1-CD7B6C6F1C01}.Release|Any CPU.Build.0 = Release|Any CPU
		{201D82B2-78A0-4EB5-8BA1-CD7B6C6F1C01}.Release|ARM.ActiveCfg = Release|Any CPU
		{201D82B2-78A0-4EB5-8BA1-CD7B6C6F1C01}.Release|ARM.Build.0 = Release|Any CPU
		{201D82B2-78A0-4EB5-8BA1-CD7B6C6F1C01}.Release|iPhone.ActiveCfg = Release|Any CPU
		{201D82B2-78A0-4EB5-8BA1-CD7B6C6F1C01}.Release|iPhone.Build.0 = Release|Any CPU
		{201D82B2-78A0-4EB5-8BA1-CD7B6C6F1C01}.Release|iPhoneSimulator.ActiveCfg = Release|Any CPU
		{201D82B2-78A0-4EB5-8BA1-CD7B6C6F1C01}.Release|iPhoneSimulator.Build.0 = Release|Any CPU
		{201D82B2-78A0-4EB5-8BA1-CD7B6C6F1C01}.Release|x64.ActiveCfg = Release|Any CPU
		{201D82B2-78A0-4EB5-8BA1-CD7B6C6F1C01}.Release|x64.Build.0 = Release|Any CPU
		{201D82B2-78A0-4EB5-8BA1-CD7B6C6F1C01}.Release|x86.ActiveCfg = Release|Any CPU
		{201D82B2-78A0-4EB5-8BA1-CD7B6C6F1C01}.Release|x86.Build.0 = Release|Any CPU
		{597AC34E-B9D8-4DC5-93B8-5FD4E778D6E1}.Debug|Any CPU.ActiveCfg = Debug|Any CPU
		{597AC34E-B9D8-4DC5-93B8-5FD4E778D6E1}.Debug|Any CPU.Build.0 = Debug|Any CPU
		{597AC34E-B9D8-4DC5-93B8-5FD4E778D6E1}.Debug|ARM.ActiveCfg = Debug|Any CPU
		{597AC34E-B9D8-4DC5-93B8-5FD4E778D6E1}.Debug|ARM.Build.0 = Debug|Any CPU
		{597AC34E-B9D8-4DC5-93B8-5FD4E778D6E1}.Debug|iPhone.ActiveCfg = Debug|Any CPU
		{597AC34E-B9D8-4DC5-93B8-5FD4E778D6E1}.Debug|iPhone.Build.0 = Debug|Any CPU
		{597AC34E-B9D8-4DC5-93B8-5FD4E778D6E1}.Debug|iPhoneSimulator.ActiveCfg = Debug|Any CPU
		{597AC34E-B9D8-4DC5-93B8-5FD4E778D6E1}.Debug|iPhoneSimulator.Build.0 = Debug|Any CPU
		{597AC34E-B9D8-4DC5-93B8-5FD4E778D6E1}.Debug|x64.ActiveCfg = Debug|Any CPU
		{597AC34E-B9D8-4DC5-93B8-5FD4E778D6E1}.Debug|x64.Build.0 = Debug|Any CPU
		{597AC34E-B9D8-4DC5-93B8-5FD4E778D6E1}.Debug|x86.ActiveCfg = Debug|Any CPU
		{597AC34E-B9D8-4DC5-93B8-5FD4E778D6E1}.Debug|x86.Build.0 = Debug|Any CPU
		{597AC34E-B9D8-4DC5-93B8-5FD4E778D6E1}.Release|Any CPU.ActiveCfg = Release|Any CPU
		{597AC34E-B9D8-4DC5-93B8-5FD4E778D6E1}.Release|Any CPU.Build.0 = Release|Any CPU
		{597AC34E-B9D8-4DC5-93B8-5FD4E778D6E1}.Release|ARM.ActiveCfg = Release|Any CPU
		{597AC34E-B9D8-4DC5-93B8-5FD4E778D6E1}.Release|ARM.Build.0 = Release|Any CPU
		{597AC34E-B9D8-4DC5-93B8-5FD4E778D6E1}.Release|iPhone.ActiveCfg = Release|Any CPU
		{597AC34E-B9D8-4DC5-93B8-5FD4E778D6E1}.Release|iPhone.Build.0 = Release|Any CPU
		{597AC34E-B9D8-4DC5-93B8-5FD4E778D6E1}.Release|iPhoneSimulator.ActiveCfg = Release|Any CPU
		{597AC34E-B9D8-4DC5-93B8-5FD4E778D6E1}.Release|iPhoneSimulator.Build.0 = Release|Any CPU
		{597AC34E-B9D8-4DC5-93B8-5FD4E778D6E1}.Release|x64.ActiveCfg = Release|Any CPU
		{597AC34E-B9D8-4DC5-93B8-5FD4E778D6E1}.Release|x64.Build.0 = Release|Any CPU
		{597AC34E-B9D8-4DC5-93B8-5FD4E778D6E1}.Release|x86.ActiveCfg = Release|Any CPU
		{597AC34E-B9D8-4DC5-93B8-5FD4E778D6E1}.Release|x86.Build.0 = Release|Any CPU
		{8DD2BA86-35F7-4C81-88D2-F50823A8896E}.Debug|Any CPU.ActiveCfg = Debug|x86
		{8DD2BA86-35F7-4C81-88D2-F50823A8896E}.Debug|ARM.ActiveCfg = Debug|ARM
		{8DD2BA86-35F7-4C81-88D2-F50823A8896E}.Debug|ARM.Build.0 = Debug|ARM
		{8DD2BA86-35F7-4C81-88D2-F50823A8896E}.Debug|ARM.Deploy.0 = Debug|ARM
		{8DD2BA86-35F7-4C81-88D2-F50823A8896E}.Debug|iPhone.ActiveCfg = Debug|x86
		{8DD2BA86-35F7-4C81-88D2-F50823A8896E}.Debug|iPhoneSimulator.ActiveCfg = Debug|x86
		{8DD2BA86-35F7-4C81-88D2-F50823A8896E}.Debug|x64.ActiveCfg = Debug|x64
		{8DD2BA86-35F7-4C81-88D2-F50823A8896E}.Debug|x64.Build.0 = Debug|x64
		{8DD2BA86-35F7-4C81-88D2-F50823A8896E}.Debug|x64.Deploy.0 = Debug|x64
		{8DD2BA86-35F7-4C81-88D2-F50823A8896E}.Debug|x86.ActiveCfg = Debug|x86
		{8DD2BA86-35F7-4C81-88D2-F50823A8896E}.Debug|x86.Build.0 = Debug|x86
		{8DD2BA86-35F7-4C81-88D2-F50823A8896E}.Debug|x86.Deploy.0 = Debug|x86
		{8DD2BA86-35F7-4C81-88D2-F50823A8896E}.Release|Any CPU.ActiveCfg = Release|x86
		{8DD2BA86-35F7-4C81-88D2-F50823A8896E}.Release|ARM.ActiveCfg = Release|ARM
		{8DD2BA86-35F7-4C81-88D2-F50823A8896E}.Release|ARM.Build.0 = Release|ARM
		{8DD2BA86-35F7-4C81-88D2-F50823A8896E}.Release|ARM.Deploy.0 = Release|ARM
		{8DD2BA86-35F7-4C81-88D2-F50823A8896E}.Release|iPhone.ActiveCfg = Release|x86
		{8DD2BA86-35F7-4C81-88D2-F50823A8896E}.Release|iPhoneSimulator.ActiveCfg = Release|x86
		{8DD2BA86-35F7-4C81-88D2-F50823A8896E}.Release|x64.ActiveCfg = Release|x64
		{8DD2BA86-35F7-4C81-88D2-F50823A8896E}.Release|x64.Build.0 = Release|x64
		{8DD2BA86-35F7-4C81-88D2-F50823A8896E}.Release|x64.Deploy.0 = Release|x64
		{8DD2BA86-35F7-4C81-88D2-F50823A8896E}.Release|x86.ActiveCfg = Release|x86
		{8DD2BA86-35F7-4C81-88D2-F50823A8896E}.Release|x86.Build.0 = Release|x86
		{8DD2BA86-35F7-4C81-88D2-F50823A8896E}.Release|x86.Deploy.0 = Release|x86
		{6CED12EC-E120-43BF-8F4F-229E98B2C0A9}.Debug|Any CPU.ActiveCfg = Debug|Any CPU
		{6CED12EC-E120-43BF-8F4F-229E98B2C0A9}.Debug|Any CPU.Build.0 = Debug|Any CPU
		{6CED12EC-E120-43BF-8F4F-229E98B2C0A9}.Debug|Any CPU.Deploy.0 = Debug|Any CPU
		{6CED12EC-E120-43BF-8F4F-229E98B2C0A9}.Debug|ARM.ActiveCfg = Debug|Any CPU
		{6CED12EC-E120-43BF-8F4F-229E98B2C0A9}.Debug|ARM.Build.0 = Debug|Any CPU
		{6CED12EC-E120-43BF-8F4F-229E98B2C0A9}.Debug|ARM.Deploy.0 = Debug|Any CPU
		{6CED12EC-E120-43BF-8F4F-229E98B2C0A9}.Debug|iPhone.ActiveCfg = Debug|Any CPU
		{6CED12EC-E120-43BF-8F4F-229E98B2C0A9}.Debug|iPhone.Build.0 = Debug|Any CPU
		{6CED12EC-E120-43BF-8F4F-229E98B2C0A9}.Debug|iPhone.Deploy.0 = Debug|Any CPU
		{6CED12EC-E120-43BF-8F4F-229E98B2C0A9}.Debug|iPhoneSimulator.ActiveCfg = Debug|Any CPU
		{6CED12EC-E120-43BF-8F4F-229E98B2C0A9}.Debug|iPhoneSimulator.Build.0 = Debug|Any CPU
		{6CED12EC-E120-43BF-8F4F-229E98B2C0A9}.Debug|iPhoneSimulator.Deploy.0 = Debug|Any CPU
		{6CED12EC-E120-43BF-8F4F-229E98B2C0A9}.Debug|x64.ActiveCfg = Debug|Any CPU
		{6CED12EC-E120-43BF-8F4F-229E98B2C0A9}.Debug|x64.Build.0 = Debug|Any CPU
		{6CED12EC-E120-43BF-8F4F-229E98B2C0A9}.Debug|x64.Deploy.0 = Debug|Any CPU
		{6CED12EC-E120-43BF-8F4F-229E98B2C0A9}.Debug|x86.ActiveCfg = Debug|Any CPU
		{6CED12EC-E120-43BF-8F4F-229E98B2C0A9}.Debug|x86.Build.0 = Debug|Any CPU
		{6CED12EC-E120-43BF-8F4F-229E98B2C0A9}.Debug|x86.Deploy.0 = Debug|Any CPU
		{6CED12EC-E120-43BF-8F4F-229E98B2C0A9}.Release|Any CPU.ActiveCfg = Release|Any CPU
		{6CED12EC-E120-43BF-8F4F-229E98B2C0A9}.Release|Any CPU.Build.0 = Release|Any CPU
		{6CED12EC-E120-43BF-8F4F-229E98B2C0A9}.Release|Any CPU.Deploy.0 = Release|Any CPU
		{6CED12EC-E120-43BF-8F4F-229E98B2C0A9}.Release|ARM.ActiveCfg = Release|Any CPU
		{6CED12EC-E120-43BF-8F4F-229E98B2C0A9}.Release|ARM.Build.0 = Release|Any CPU
		{6CED12EC-E120-43BF-8F4F-229E98B2C0A9}.Release|ARM.Deploy.0 = Release|Any CPU
		{6CED12EC-E120-43BF-8F4F-229E98B2C0A9}.Release|iPhone.ActiveCfg = Release|Any CPU
		{6CED12EC-E120-43BF-8F4F-229E98B2C0A9}.Release|iPhone.Build.0 = Release|Any CPU
		{6CED12EC-E120-43BF-8F4F-229E98B2C0A9}.Release|iPhone.Deploy.0 = Release|Any CPU
		{6CED12EC-E120-43BF-8F4F-229E98B2C0A9}.Release|iPhoneSimulator.ActiveCfg = Release|Any CPU
		{6CED12EC-E120-43BF-8F4F-229E98B2C0A9}.Release|iPhoneSimulator.Build.0 = Release|Any CPU
		{6CED12EC-E120-43BF-8F4F-229E98B2C0A9}.Release|iPhoneSimulator.Deploy.0 = Release|Any CPU
		{6CED12EC-E120-43BF-8F4F-229E98B2C0A9}.Release|x64.ActiveCfg = Release|Any CPU
		{6CED12EC-E120-43BF-8F4F-229E98B2C0A9}.Release|x64.Build.0 = Release|Any CPU
		{6CED12EC-E120-43BF-8F4F-229E98B2C0A9}.Release|x64.Deploy.0 = Release|Any CPU
		{6CED12EC-E120-43BF-8F4F-229E98B2C0A9}.Release|x86.ActiveCfg = Release|Any CPU
		{6CED12EC-E120-43BF-8F4F-229E98B2C0A9}.Release|x86.Build.0 = Release|Any CPU
		{6CED12EC-E120-43BF-8F4F-229E98B2C0A9}.Release|x86.Deploy.0 = Release|Any CPU
		{D1B521BC-87AC-443F-ADE5-C2C1AB0610CF}.Debug|Any CPU.ActiveCfg = Debug|iPhoneSimulator
		{D1B521BC-87AC-443F-ADE5-C2C1AB0610CF}.Debug|ARM.ActiveCfg = Debug|iPhoneSimulator
		{D1B521BC-87AC-443F-ADE5-C2C1AB0610CF}.Debug|iPhone.ActiveCfg = Debug|iPhone
		{D1B521BC-87AC-443F-ADE5-C2C1AB0610CF}.Debug|iPhone.Build.0 = Debug|iPhone
		{D1B521BC-87AC-443F-ADE5-C2C1AB0610CF}.Debug|iPhoneSimulator.ActiveCfg = Debug|iPhoneSimulator
		{D1B521BC-87AC-443F-ADE5-C2C1AB0610CF}.Debug|iPhoneSimulator.Build.0 = Debug|iPhoneSimulator
		{D1B521BC-87AC-443F-ADE5-C2C1AB0610CF}.Debug|x64.ActiveCfg = Debug|iPhoneSimulator
		{D1B521BC-87AC-443F-ADE5-C2C1AB0610CF}.Debug|x86.ActiveCfg = Debug|iPhoneSimulator
		{D1B521BC-87AC-443F-ADE5-C2C1AB0610CF}.Release|Any CPU.ActiveCfg = Release|iPhoneSimulator
		{D1B521BC-87AC-443F-ADE5-C2C1AB0610CF}.Release|ARM.ActiveCfg = Release|iPhoneSimulator
		{D1B521BC-87AC-443F-ADE5-C2C1AB0610CF}.Release|iPhone.ActiveCfg = Release|iPhone
		{D1B521BC-87AC-443F-ADE5-C2C1AB0610CF}.Release|iPhone.Build.0 = Release|iPhone
		{D1B521BC-87AC-443F-ADE5-C2C1AB0610CF}.Release|iPhoneSimulator.ActiveCfg = Release|iPhoneSimulator
		{D1B521BC-87AC-443F-ADE5-C2C1AB0610CF}.Release|iPhoneSimulator.Build.0 = Release|iPhoneSimulator
		{D1B521BC-87AC-443F-ADE5-C2C1AB0610CF}.Release|x64.ActiveCfg = Release|iPhoneSimulator
		{D1B521BC-87AC-443F-ADE5-C2C1AB0610CF}.Release|x86.ActiveCfg = Release|iPhoneSimulator
		{66D4BA8D-2630-4EEF-ADA5-CC3D6EC3FC88}.Debug|Any CPU.ActiveCfg = Debug|Any CPU
		{66D4BA8D-2630-4EEF-ADA5-CC3D6EC3FC88}.Debug|Any CPU.Build.0 = Debug|Any CPU
		{66D4BA8D-2630-4EEF-ADA5-CC3D6EC3FC88}.Debug|ARM.ActiveCfg = Debug|Any CPU
		{66D4BA8D-2630-4EEF-ADA5-CC3D6EC3FC88}.Debug|ARM.Build.0 = Debug|Any CPU
		{66D4BA8D-2630-4EEF-ADA5-CC3D6EC3FC88}.Debug|iPhone.ActiveCfg = Debug|Any CPU
		{66D4BA8D-2630-4EEF-ADA5-CC3D6EC3FC88}.Debug|iPhone.Build.0 = Debug|Any CPU
		{66D4BA8D-2630-4EEF-ADA5-CC3D6EC3FC88}.Debug|iPhoneSimulator.ActiveCfg = Debug|Any CPU
		{66D4BA8D-2630-4EEF-ADA5-CC3D6EC3FC88}.Debug|iPhoneSimulator.Build.0 = Debug|Any CPU
		{66D4BA8D-2630-4EEF-ADA5-CC3D6EC3FC88}.Debug|x64.ActiveCfg = Debug|Any CPU
		{66D4BA8D-2630-4EEF-ADA5-CC3D6EC3FC88}.Debug|x64.Build.0 = Debug|Any CPU
		{66D4BA8D-2630-4EEF-ADA5-CC3D6EC3FC88}.Debug|x86.ActiveCfg = Debug|Any CPU
		{66D4BA8D-2630-4EEF-ADA5-CC3D6EC3FC88}.Debug|x86.Build.0 = Debug|Any CPU
		{66D4BA8D-2630-4EEF-ADA5-CC3D6EC3FC88}.Release|Any CPU.ActiveCfg = Release|Any CPU
		{66D4BA8D-2630-4EEF-ADA5-CC3D6EC3FC88}.Release|Any CPU.Build.0 = Release|Any CPU
		{66D4BA8D-2630-4EEF-ADA5-CC3D6EC3FC88}.Release|ARM.ActiveCfg = Release|Any CPU
		{66D4BA8D-2630-4EEF-ADA5-CC3D6EC3FC88}.Release|ARM.Build.0 = Release|Any CPU
		{66D4BA8D-2630-4EEF-ADA5-CC3D6EC3FC88}.Release|iPhone.ActiveCfg = Release|Any CPU
		{66D4BA8D-2630-4EEF-ADA5-CC3D6EC3FC88}.Release|iPhone.Build.0 = Release|Any CPU
		{66D4BA8D-2630-4EEF-ADA5-CC3D6EC3FC88}.Release|iPhoneSimulator.ActiveCfg = Release|Any CPU
		{66D4BA8D-2630-4EEF-ADA5-CC3D6EC3FC88}.Release|iPhoneSimulator.Build.0 = Release|Any CPU
		{66D4BA8D-2630-4EEF-ADA5-CC3D6EC3FC88}.Release|x64.ActiveCfg = Release|Any CPU
		{66D4BA8D-2630-4EEF-ADA5-CC3D6EC3FC88}.Release|x64.Build.0 = Release|Any CPU
		{66D4BA8D-2630-4EEF-ADA5-CC3D6EC3FC88}.Release|x86.ActiveCfg = Release|Any CPU
		{66D4BA8D-2630-4EEF-ADA5-CC3D6EC3FC88}.Release|x86.Build.0 = Release|Any CPU
	EndGlobalSection
	GlobalSection(SolutionProperties) = preSolution
		HideSolutionNode = FALSE
	EndGlobalSection
	GlobalSection(ExtensibilityGlobals) = postSolution
		SolutionGuid = {6B914F72-E62C-4999-9343-289A27BDF8B2}
	EndGlobalSection
EndGlobal
