
Microsoft Visual Studio Solution File, Format Version 12.00
# Visual Studio Version 16
VisualStudioVersion = 16.0.31313.79
MinimumVisualStudioVersion = 10.0.40219.1
Project("{FAE04EC0-301F-11D3-BF4B-00C04F79EFBC}") = "SecondApp.UWP", "SecondApp\SecondApp.UWP\SecondApp.UWP.csproj", "{5AA6F4C7-319A-438B-B710-86E82208DB6C}"
EndProject
Project("{FAE04EC0-301F-11D3-BF4B-00C04F79EFBC}") = "SecondApp.Android", "SecondApp\SecondApp.Android\SecondApp.Android.csproj", "{5EC87EF6-3B27-441F-8136-91E35F50517E}"
EndProject
Project("{FAE04EC0-301F-11D3-BF4B-00C04F79EFBC}") = "SecondApp.iOS", "SecondApp\SecondApp.iOS\SecondApp.iOS.csproj", "{668FE3B5-2430-44CA-97E0-105D54C8A4A9}"
EndProject
Project("{FAE04EC0-301F-11D3-BF4B-00C04F79EFBC}") = "SecondApp", "SecondApp\SecondApp\SecondApp.csproj", "{BA858008-ACAA-448F-8A51-B98E9DC258CB}"
EndProject
Global
	GlobalSection(SolutionConfigurationPlatforms) = preSolution
		Debug|Any CPU = Debug|Any CPU
		Debug|ARM = Debug|ARM
		Debug|iPhone = Debug|iPhone
		Debug|iPhoneSimulator = Debug|iPhoneSimulator
		Debug|x64 = Debug|x64
		Debug|x86 = Debug|x86
		Release|Any CPU = Release|Any CPU
		Release|ARM = Release|ARM
		Release|iPhone = Release|iPhone
		Release|iPhoneSimulator = Release|iPhoneSimulator
		Release|x64 = Release|x64
		Release|x86 = Release|x86
	EndGlobalSection
	GlobalSection(ProjectConfigurationPlatforms) = postSolution
		{5AA6F4C7-319A-438B-B710-86E82208DB6C}.Debug|Any CPU.ActiveCfg = Debug|x86
		{5AA6F4C7-319A-438B-B710-86E82208DB6C}.Debug|Any CPU.Build.0 = Debug|x86
		{5AA6F4C7-319A-438B-B710-86E82208DB6C}.Debug|Any CPU.Deploy.0 = Debug|x86
		{5AA6F4C7-319A-438B-B710-86E82208DB6C}.Debug|ARM.ActiveCfg = Debug|ARM
		{5AA6F4C7-319A-438B-B710-86E82208DB6C}.Debug|ARM.Build.0 = Debug|ARM
		{5AA6F4C7-319A-438B-B710-86E82208DB6C}.Debug|ARM.Deploy.0 = Debug|ARM
		{5AA6F4C7-319A-438B-B710-86E82208DB6C}.Debug|iPhone.ActiveCfg = Debug|x86
		{5AA6F4C7-319A-438B-B710-86E82208DB6C}.Debug|iPhone.Build.0 = Debug|x86
		{5AA6F4C7-319A-438B-B710-86E82208DB6C}.Debug|iPhone.Deploy.0 = Debug|x86
		{5AA6F4C7-319A-438B-B710-86E82208DB6C}.Debug|iPhoneSimulator.ActiveCfg = Debug|x86
		{5AA6F4C7-319A-438B-B710-86E82208DB6C}.Debug|iPhoneSimulator.Build.0 = Debug|x86
		{5AA6F4C7-319A-438B-B710-86E82208DB6C}.Debug|iPhoneSimulator.Deploy.0 = Debug|x86
		{5AA6F4C7-319A-438B-B710-86E82208DB6C}.Debug|x64.ActiveCfg = Debug|x64
		{5AA6F4C7-319A-438B-B710-86E82208DB6C}.Debug|x64.Build.0 = Debug|x64
		{5AA6F4C7-319A-438B-B710-86E82208DB6C}.Debug|x64.Deploy.0 = Debug|x64
		{5AA6F4C7-319A-438B-B710-86E82208DB6C}.Debug|x86.ActiveCfg = Debug|x86
		{5AA6F4C7-319A-438B-B710-86E82208DB6C}.Debug|x86.Build.0 = Debug|x86
		{5AA6F4C7-319A-438B-B710-86E82208DB6C}.Debug|x86.Deploy.0 = Debug|x86
		{5AA6F4C7-319A-438B-B710-86E82208DB6C}.Release|Any CPU.ActiveCfg = Release|x86
		{5AA6F4C7-319A-438B-B710-86E82208DB6C}.Release|Any CPU.Build.0 = Release|x86
		{5AA6F4C7-319A-438B-B710-86E82208DB6C}.Release|Any CPU.Deploy.0 = Release|x86
		{5AA6F4C7-319A-438B-B710-86E82208DB6C}.Release|ARM.ActiveCfg = Release|ARM
		{5AA6F4C7-319A-438B-B710-86E82208DB6C}.Release|ARM.Build.0 = Release|ARM
		{5AA6F4C7-319A-438B-B710-86E82208DB6C}.Release|ARM.Deploy.0 = Release|ARM
		{5AA6F4C7-319A-438B-B710-86E82208DB6C}.Release|iPhone.ActiveCfg = Release|x86
		{5AA6F4C7-319A-438B-B710-86E82208DB6C}.Release|iPhone.Build.0 = Release|x86
		{5AA6F4C7-319A-438B-B710-86E82208DB6C}.Release|iPhone.Deploy.0 = Release|x86
		{5AA6F4C7-319A-438B-B710-86E82208DB6C}.Release|iPhoneSimulator.ActiveCfg = Release|x86
		{5AA6F4C7-319A-438B-B710-86E82208DB6C}.Release|iPhoneSimulator.Build.0 = Release|x86
		{5AA6F4C7-319A-438B-B710-86E82208DB6C}.Release|iPhoneSimulator.Deploy.0 = Release|x86
		{5AA6F4C7-319A-438B-B710-86E82208DB6C}.Release|x64.ActiveCfg = Release|x64
		{5AA6F4C7-319A-438B-B710-86E82208DB6C}.Release|x64.Build.0 = Release|x64
		{5AA6F4C7-319A-438B-B710-86E82208DB6C}.Release|x64.Deploy.0 = Release|x64
		{5AA6F4C7-319A-438B-B710-86E82208DB6C}.Release|x86.ActiveCfg = Release|x86
		{5AA6F4C7-319A-438B-B710-86E82208DB6C}.Release|x86.Build.0 = Release|x86
		{5AA6F4C7-319A-438B-B710-86E82208DB6C}.Release|x86.Deploy.0 = Release|x86
		{5EC87EF6-3B27-441F-8136-91E35F50517E}.Debug|Any CPU.ActiveCfg = Debug|Any CPU
		{5EC87EF6-3B27-441F-8136-91E35F50517E}.Debug|Any CPU.Build.0 = Debug|Any CPU
		{5EC87EF6-3B27-441F-8136-91E35F50517E}.Debug|Any CPU.Deploy.0 = Debug|Any CPU
		{5EC87EF6-3B27-441F-8136-91E35F50517E}.Debug|ARM.ActiveCfg = Debug|Any CPU
		{5EC87EF6-3B27-441F-8136-91E35F50517E}.Debug|ARM.Build.0 = Debug|Any CPU
		{5EC87EF6-3B27-441F-8136-91E35F50517E}.Debug|ARM.Deploy.0 = Debug|Any CPU
		{5EC87EF6-3B27-441F-8136-91E35F50517E}.Debug|iPhone.ActiveCfg = Debug|Any CPU
		{5EC87EF6-3B27-441F-8136-91E35F50517E}.Debug|iPhone.Build.0 = Debug|Any CPU
		{5EC87EF6-3B27-441F-8136-91E35F50517E}.Debug|iPhone.Deploy.0 = Debug|Any CPU
		{5EC87EF6-3B27-441F-8136-91E35F50517E}.Debug|iPhoneSimulator.ActiveCfg = Debug|Any CPU
		{5EC87EF6-3B27-441F-8136-91E35F50517E}.Debug|iPhoneSimulator.Build.0 = Debug|Any CPU
		{5EC87EF6-3B27-441F-8136-91E35F50517E}.Debug|iPhoneSimulator.Deploy.0 = Debug|Any CPU
		{5EC87EF6-3B27-441F-8136-91E35F50517E}.Debug|x64.ActiveCfg = Debug|Any CPU
		{5EC87EF6-3B27-441F-8136-91E35F50517E}.Debug|x64.Build.0 = Debug|Any CPU
		{5EC87EF6-3B27-441F-8136-91E35F50517E}.Debug|x64.Deploy.0 = Debug|Any CPU
		{5EC87EF6-3B27-441F-8136-91E35F50517E}.Debug|x86.ActiveCfg = Debug|Any CPU
		{5EC87EF6-3B27-441F-8136-91E35F50517E}.Debug|x86.Build.0 = Debug|Any CPU
		{5EC87EF6-3B27-441F-8136-91E35F50517E}.Debug|x86.Deploy.0 = Debug|Any CPU
		{5EC87EF6-3B27-441F-8136-91E35F50517E}.Release|Any CPU.ActiveCfg = Release|Any CPU
		{5EC87EF6-3B27-441F-8136-91E35F50517E}.Release|Any CPU.Build.0 = Release|Any CPU
		{5EC87EF6-3B27-441F-8136-91E35F50517E}.Release|Any CPU.Deploy.0 = Release|Any CPU
		{5EC87EF6-3B27-441F-8136-91E35F50517E}.Release|ARM.ActiveCfg = Release|Any CPU
		{5EC87EF6-3B27-441F-8136-91E35F50517E}.Release|ARM.Build.0 = Release|Any CPU
		{5EC87EF6-3B27-441F-8136-91E35F50517E}.Release|ARM.Deploy.0 = Release|Any CPU
		{5EC87EF6-3B27-441F-8136-91E35F50517E}.Release|iPhone.ActiveCfg = Release|Any CPU
		{5EC87EF6-3B27-441F-8136-91E35F50517E}.Release|iPhone.Build.0 = Release|Any CPU
		{5EC87EF6-3B27-441F-8136-91E35F50517E}.Release|iPhone.Deploy.0 = Release|Any CPU
		{5EC87EF6-3B27-441F-8136-91E35F50517E}.Release|iPhoneSimulator.ActiveCfg = Release|Any CPU
		{5EC87EF6-3B27-441F-8136-91E35F50517E}.Release|iPhoneSimulator.Build.0 = Release|Any CPU
		{5EC87EF6-3B27-441F-8136-91E35F50517E}.Release|iPhoneSimulator.Deploy.0 = Release|Any CPU
		{5EC87EF6-3B27-441F-8136-91E35F50517E}.Release|x64.ActiveCfg = Release|Any CPU
		{5EC87EF6-3B27-441F-8136-91E35F50517E}.Release|x64.Build.0 = Release|Any CPU
		{5EC87EF6-3B27-441F-8136-91E35F50517E}.Release|x64.Deploy.0 = Release|Any CPU
		{5EC87EF6-3B27-441F-8136-91E35F50517E}.Release|x86.ActiveCfg = Release|Any CPU
		{5EC87EF6-3B27-441F-8136-91E35F50517E}.Release|x86.Build.0 = Release|Any CPU
		{5EC87EF6-3B27-441F-8136-91E35F50517E}.Release|x86.Deploy.0 = Release|Any CPU
		{668FE3B5-2430-44CA-97E0-105D54C8A4A9}.Debug|Any CPU.ActiveCfg = Debug|iPhoneSimulator
		{668FE3B5-2430-44CA-97E0-105D54C8A4A9}.Debug|Any CPU.Build.0 = Debug|iPhoneSimulator
		{668FE3B5-2430-44CA-97E0-105D54C8A4A9}.Debug|Any CPU.Deploy.0 = Debug|iPhoneSimulator
		{668FE3B5-2430-44CA-97E0-105D54C8A4A9}.Debug|ARM.ActiveCfg = Debug|iPhone
		{668FE3B5-2430-44CA-97E0-105D54C8A4A9}.Debug|ARM.Build.0 = Debug|iPhone
		{668FE3B5-2430-44CA-97E0-105D54C8A4A9}.Debug|ARM.Deploy.0 = Debug|iPhone
		{668FE3B5-2430-44CA-97E0-105D54C8A4A9}.Debug|iPhone.ActiveCfg = Debug|iPhone
		{668FE3B5-2430-44CA-97E0-105D54C8A4A9}.Debug|iPhone.Build.0 = Debug|iPhone
		{668FE3B5-2430-44CA-97E0-105D54C8A4A9}.Debug|iPhone.Deploy.0 = Debug|iPhone
		{668FE3B5-2430-44CA-97E0-105D54C8A4A9}.Debug|iPhoneSimulator.ActiveCfg = Debug|iPhoneSimulator
		{668FE3B5-2430-44CA-97E0-105D54C8A4A9}.Debug|iPhoneSimulator.Build.0 = Debug|iPhoneSimulator
		{668FE3B5-2430-44CA-97E0-105D54C8A4A9}.Debug|iPhoneSimulator.Deploy.0 = Debug|iPhoneSimulator
		{668FE3B5-2430-44CA-97E0-105D54C8A4A9}.Debug|x64.ActiveCfg = Debug|iPhoneSimulator
		{668FE3B5-2430-44CA-97E0-105D54C8A4A9}.Debug|x64.Build.0 = Debug|iPhoneSimulator
		{668FE3B5-2430-44CA-97E0-105D54C8A4A9}.Debug|x64.Deploy.0 = Debug|iPhoneSimulator
		{668FE3B5-2430-44CA-97E0-105D54C8A4A9}.Debug|x86.ActiveCfg = Debug|iPhoneSimulator
		{668FE3B5-2430-44CA-97E0-105D54C8A4A9}.Debug|x86.Build.0 = Debug|iPhoneSimulator
		{668FE3B5-2430-44CA-97E0-105D54C8A4A9}.Debug|x86.Deploy.0 = Debug|iPhoneSimulator
		{668FE3B5-2430-44CA-97E0-105D54C8A4A9}.Release|Any CPU.ActiveCfg = Release|iPhoneSimulator
		{668FE3B5-2430-44CA-97E0-105D54C8A4A9}.Release|Any CPU.Build.0 = Release|iPhoneSimulator
		{668FE3B5-2430-44CA-97E0-105D54C8A4A9}.Release|Any CPU.Deploy.0 = Release|iPhoneSimulator
		{668FE3B5-2430-44CA-97E0-105D54C8A4A9}.Release|ARM.ActiveCfg = Release|iPhoneSimulator
		{668FE3B5-2430-44CA-97E0-105D54C8A4A9}.Release|ARM.Build.0 = Release|iPhoneSimulator
		{668FE3B5-2430-44CA-97E0-105D54C8A4A9}.Release|ARM.Deploy.0 = Release|iPhoneSimulator
		{668FE3B5-2430-44CA-97E0-105D54C8A4A9}.Release|iPhone.ActiveCfg = Release|iPhone
		{668FE3B5-2430-44CA-97E0-105D54C8A4A9}.Release|iPhone.Build.0 = Release|iPhone
		{668FE3B5-2430-44CA-97E0-105D54C8A4A9}.Release|iPhone.Deploy.0 = Release|iPhone
		{668FE3B5-2430-44CA-97E0-105D54C8A4A9}.Release|iPhoneSimulator.ActiveCfg = Release|iPhoneSimulator
		{668FE3B5-2430-44CA-97E0-105D54C8A4A9}.Release|iPhoneSimulator.Build.0 = Release|iPhoneSimulator
		{668FE3B5-2430-44CA-97E0-105D54C8A4A9}.Release|iPhoneSimulator.Deploy.0 = Release|iPhoneSimulator
		{668FE3B5-2430-44CA-97E0-105D54C8A4A9}.Release|x64.ActiveCfg = Release|iPhoneSimulator
		{668FE3B5-2430-44CA-97E0-105D54C8A4A9}.Release|x64.Build.0 = Release|iPhoneSimulator
		{668FE3B5-2430-44CA-97E0-105D54C8A4A9}.Release|x64.Deploy.0 = Release|iPhoneSimulator
		{668FE3B5-2430-44CA-97E0-105D54C8A4A9}.Release|x86.ActiveCfg = Release|iPhoneSimulator
		{668FE3B5-2430-44CA-97E0-105D54C8A4A9}.Release|x86.Build.0 = Release|iPhoneSimulator
		{668FE3B5-2430-44CA-97E0-105D54C8A4A9}.Release|x86.Deploy.0 = Release|iPhoneSimulator
		{BA858008-ACAA-448F-8A51-B98E9DC258CB}.Debug|Any CPU.ActiveCfg = Debug|Any CPU
		{BA858008-ACAA-448F-8A51-B98E9DC258CB}.Debug|Any CPU.Build.0 = Debug|Any CPU
		{BA858008-ACAA-448F-8A51-B98E9DC258CB}.Debug|Any CPU.Deploy.0 = Debug|Any CPU
		{BA858008-ACAA-448F-8A51-B98E9DC258CB}.Debug|ARM.ActiveCfg = Debug|Any CPU
		{BA858008-ACAA-448F-8A51-B98E9DC258CB}.Debug|ARM.Build.0 = Debug|Any CPU
		{BA858008-ACAA-448F-8A51-B98E9DC258CB}.Debug|ARM.Deploy.0 = Debug|Any CPU
		{BA858008-ACAA-448F-8A51-B98E9DC258CB}.Debug|iPhone.ActiveCfg = Debug|Any CPU
		{BA858008-ACAA-448F-8A51-B98E9DC258CB}.Debug|iPhone.Build.0 = Debug|Any CPU
		{BA858008-ACAA-448F-8A51-B98E9DC258CB}.Debug|iPhone.Deploy.0 = Debug|Any CPU
		{BA858008-ACAA-448F-8A51-B98E9DC258CB}.Debug|iPhoneSimulator.ActiveCfg = Debug|Any CPU
		{BA858008-ACAA-448F-8A51-B98E9DC258CB}.Debug|iPhoneSimulator.Build.0 = Debug|Any CPU
		{BA858008-ACAA-448F-8A51-B98E9DC258CB}.Debug|iPhoneSimulator.Deploy.0 = Debug|Any CPU
		{BA858008-ACAA-448F-8A51-B98E9DC258CB}.Debug|x64.ActiveCfg = Debug|Any CPU
		{BA858008-ACAA-448F-8A51-B98E9DC258CB}.Debug|x64.Build.0 = Debug|Any CPU
		{BA858008-ACAA-448F-8A51-B98E9DC258CB}.Debug|x64.Deploy.0 = Debug|Any CPU
		{BA858008-ACAA-448F-8A51-B98E9DC258CB}.Debug|x86.ActiveCfg = Debug|Any CPU
		{BA858008-ACAA-448F-8A51-B98E9DC258CB}.Debug|x86.Build.0 = Debug|Any CPU
		{BA858008-ACAA-448F-8A51-B98E9DC258CB}.Debug|x86.Deploy.0 = Debug|Any CPU
		{BA858008-ACAA-448F-8A51-B98E9DC258CB}.Release|Any CPU.ActiveCfg = Release|Any CPU
		{BA858008-ACAA-448F-8A51-B98E9DC258CB}.Release|Any CPU.Build.0 = Release|Any CPU
		{BA858008-ACAA-448F-8A51-B98E9DC258CB}.Release|Any CPU.Deploy.0 = Release|Any CPU
		{BA858008-ACAA-448F-8A51-B98E9DC258CB}.Release|ARM.ActiveCfg = Release|Any CPU
		{BA858008-ACAA-448F-8A51-B98E9DC258CB}.Release|ARM.Build.0 = Release|Any CPU
		{BA858008-ACAA-448F-8A51-B98E9DC258CB}.Release|ARM.Deploy.0 = Release|Any CPU
		{BA858008-ACAA-448F-8A51-B98E9DC258CB}.Release|iPhone.ActiveCfg = Release|Any CPU
		{BA858008-ACAA-448F-8A51-B98E9DC258CB}.Release|iPhone.Build.0 = Release|Any CPU
		{BA858008-ACAA-448F-8A51-B98E9DC258CB}.Release|iPhone.Deploy.0 = Release|Any CPU
		{BA858008-ACAA-448F-8A51-B98E9DC258CB}.Release|iPhoneSimulator.ActiveCfg = Release|Any CPU
		{BA858008-ACAA-448F-8A51-B98E9DC258CB}.Release|iPhoneSimulator.Build.0 = Release|Any CPU
		{BA858008-ACAA-448F-8A51-B98E9DC258CB}.Release|iPhoneSimulator.Deploy.0 = Release|Any CPU
		{BA858008-ACAA-448F-8A51-B98E9DC258CB}.Release|x64.ActiveCfg = Release|Any CPU
		{BA858008-ACAA-448F-8A51-B98E9DC258CB}.Release|x64.Build.0 = Release|Any CPU
		{BA858008-ACAA-448F-8A51-B98E9DC258CB}.Release|x64.Deploy.0 = Release|Any CPU
		{BA858008-ACAA-448F-8A51-B98E9DC258CB}.Release|x86.ActiveCfg = Release|Any CPU
		{BA858008-ACAA-448F-8A51-B98E9DC258CB}.Release|x86.Build.0 = Release|Any CPU
		{BA858008-ACAA-448F-8A51-B98E9DC258CB}.Release|x86.Deploy.0 = Release|Any CPU
	EndGlobalSection
	GlobalSection(SolutionProperties) = preSolution
		HideSolutionNode = FALSE
	EndGlobalSection
	GlobalSection(ExtensibilityGlobals) = postSolution
		SolutionGuid = {309DD7C3-096B-4777-86A6-0F776F4A90DB}
	EndGlobalSection
EndGlobal
